# This is a Gradle generated file for dependency locking.
# Manual edits can break the build and are not advised.
# This file is expected to be part of source control.
com.fasterxml.jackson.core:jackson-annotations:2.15.2=compileClasspath,runtimeClasspath
com.fasterxml.jackson.core:jackson-core:2.15.2=compileClasspath,runtimeClasspath
com.fasterxml.jackson.core:jackson-databind:2.15.2=compileClasspath,runtimeClasspath
com.fasterxml.jackson:jackson-bom:2.15.2=compileClasspath,runtimeClasspath
io.github.astonbitecode:j4rs:0.18.0=compileClasspath,runtimeClasspath
org.jetbrains.kotlin:kotlin-stdlib:2.0.0=compileClasspath,runtimeClasspath
org.jetbrains:annotations:13.0=compileClasspath,runtimeClasspath
empty=
