# This is a Gradle generated file for dependency locking.
# Manual edits can break the build and are not advised.
# This file is expected to be part of source control.
aopalliance:aopalliance:1.0=classpath
ch.randelshofer:fastdoubleparser:0.8.0=classpath
com.adarshr:gradle-test-logger-plugin:3.2.0=classpath
com.asarkar.gradle.build-time-tracker:com.asarkar.gradle.build-time-tracker.gradle.plugin:4.3.0=classpath
com.asarkar.gradle:build-time-tracker:4.3.0=classpath
com.autonomousapps.dependency-analysis:com.autonomousapps.dependency-analysis.gradle.plugin:1.22.0=classpath
com.autonomousapps:antlr:4.10.1.4=classpath
com.autonomousapps:asm-relocated:9.4.0.1=classpath
com.autonomousapps:dependency-analysis-gradle-plugin:1.22.0=classpath
com.autonomousapps:graph-support:0.1=classpath
com.bmuschko:gradle-docker-plugin:9.4.0=classpath
com.diffplug.durian:durian-collect:1.2.0=classpath
com.diffplug.durian:durian-core:1.2.0=classpath
com.diffplug.durian:durian-io:1.2.0=classpath
com.diffplug.spotless:spotless-lib-extra:2.30.0=classpath
com.diffplug.spotless:spotless-lib:2.30.0=classpath
com.diffplug.spotless:spotless-plugin-gradle:6.11.0=classpath
com.ethlo.time:itu:1.7.0=classpath
com.fasterxml.jackson.core:jackson-annotations:2.15.0=classpath
com.fasterxml.jackson.core:jackson-core:2.15.0=classpath
com.fasterxml.jackson.core:jackson-databind:2.15.0=classpath
com.fasterxml.jackson.dataformat:jackson-dataformat-xml:2.15.0=classpath
com.fasterxml.jackson.dataformat:jackson-dataformat-yaml:2.15.0=classpath
com.fasterxml.jackson.module:jackson-module-kotlin:2.15.0=classpath
com.fasterxml.jackson:jackson-bom:2.15.0=classpath
com.fasterxml.woodstox:woodstox-core:6.5.1=classpath
com.github.ben-manes.caffeine:caffeine:3.1.0=classpath
com.github.ben-manes:gradle-versions-plugin:0.48.0=classpath
com.github.johnrengelman.shadow:com.github.johnrengelman.shadow.gradle.plugin:8.1.1=classpath
com.github.johnrengelman:shadow:8.1.1=classpath
com.github.package-url:packageurl-java:1.4.1=classpath
com.google.code.findbugs:jsr305:3.0.2=classpath
com.google.code.gson:gson:2.8.9=classpath
com.google.devtools.ksp:symbol-processing-api:1.9.21-1.0.15=classpath
com.google.devtools.ksp:symbol-processing-common-deps:1.9.21-1.0.15=classpath
com.google.devtools.ksp:symbol-processing-gradle-plugin:1.9.21-1.0.15=classpath
com.google.errorprone:error_prone_annotations:2.21.1=classpath
com.google.guava:failureaccess:1.0.1=classpath
com.google.guava:guava:32.1.3-jre=classpath
com.google.guava:listenablefuture:9999.0-empty-to-avoid-conflict-with-guava=classpath
com.google.inject:guice:5.1.0=classpath
com.googlecode.concurrent-trees:concurrent-trees:2.6.1=classpath
com.googlecode.java-diff-utils:diffutils:1.3.0=classpath
com.googlecode.javaewah:JavaEWAH:1.1.13=classpath
com.networknt:json-schema-validator:1.0.76=classpath
com.squareup.moshi:moshi-adapters:1.14.0=classpath
com.squareup.moshi:moshi-kotlin:1.14.0=classpath
com.squareup.moshi:moshi:1.14.0=classpath
com.squareup.okhttp3:okhttp:4.11.0=classpath
com.squareup.okio:okio-jvm:3.2.0=classpath
com.squareup.okio:okio:3.2.0=classpath
com.squareup:kotlinpoet:1.12.0=classpath
com.thoughtworks.xstream:xstream:1.4.20=classpath
commons-codec:commons-codec:1.15=classpath
commons-io:commons-io:2.11.0=classpath
dev.sigstore:sigstore-gradle-sign-base-plugin:0.5.0=classpath
dev.sigstore:sigstore-gradle-sign-plugin:0.5.0=classpath
dev.zacsweers.moshix:moshi-sealed-reflect:0.19.0=classpath
dev.zacsweers.moshix:moshi-sealed-runtime:0.19.0=classpath
dev.zacsweers.redacted:redacted-compiler-plugin-gradle:1.6.1=classpath
gradle.plugin.org.gradle.crypto:checksum:1.4.0=classpath
io.freefair.gradle:lombok-plugin:8.3=classpath
io.freefair.lombok:io.freefair.lombok.gradle.plugin:8.3=classpath
io.github.gradle-nexus.publish-plugin:io.github.gradle-nexus.publish-plugin.gradle.plugin:1.3.0=classpath
io.github.gradle-nexus:publish-plugin:1.3.0=classpath
io.github.x-stream:mxparser:1.2.2=classpath
io.gitlab.arturbosch.detekt:detekt-gradle-plugin:1.23.1=classpath
io.gitlab.arturbosch.detekt:io.gitlab.arturbosch.detekt.gradle.plugin:1.23.1=classpath
io.micronaut.gradle:micronaut-docker-plugin:4.2.1=classpath
io.micronaut.gradle:micronaut-minimal-plugin:4.2.1=classpath
javax.annotation:javax.annotation-api:1.2=classpath
javax.inject:javax.inject:1=classpath
nl.littlerobots.vcu:plugin:0.8.1=classpath
nl.littlerobots.version-catalog-update:nl.littlerobots.version-catalog-update.gradle.plugin:0.8.1=classpath
org.apache.ant:ant-launcher:1.10.13=classpath
org.apache.ant:ant:1.10.13=classpath
org.apache.commons:commons-lang3:3.12.0=classpath
org.apache.logging.log4j:log4j-api:2.20.0=classpath
org.apache.logging.log4j:log4j-core:2.20.0=classpath
org.apache.maven.resolver:maven-resolver-api:1.9.4=classpath
org.apache.maven.resolver:maven-resolver-impl:1.9.4=classpath
org.apache.maven.resolver:maven-resolver-named-locks:1.9.4=classpath
org.apache.maven.resolver:maven-resolver-spi:1.9.4=classpath
org.apache.maven.resolver:maven-resolver-util:1.9.4=classpath
org.apache.maven.shared:maven-shared-utils:3.3.4=classpath
org.apache.maven:maven-artifact:3.9.6=classpath
org.apache.maven:maven-builder-support:3.9.6=classpath
org.apache.maven:maven-core:3.9.0=classpath
org.apache.maven:maven-model-builder:3.9.6=classpath
org.apache.maven:maven-model:3.9.6=classpath
org.apache.maven:maven-plugin-api:3.9.0=classpath
org.apache.maven:maven-repository-metadata:3.9.0=classpath
org.apache.maven:maven-resolver-provider:3.9.0=classpath
org.apache.maven:maven-settings-builder:3.9.0=classpath
org.apache.maven:maven-settings:3.9.0=classpath
org.checkerframework:checker-qual:3.37.0=classpath
org.codehaus.groovy:groovy-xml:3.0.10=classpath
org.codehaus.groovy:groovy:3.0.10=classpath
org.codehaus.plexus:plexus-cipher:2.0=classpath
org.codehaus.plexus:plexus-classworlds:2.6.0=classpath
org.codehaus.plexus:plexus-component-annotations:2.1.0=classpath
org.codehaus.plexus:plexus-interpolation:1.26=classpath
org.codehaus.plexus:plexus-sec-dispatcher:2.0=classpath
org.codehaus.plexus:plexus-utils:3.5.1=classpath
org.codehaus.woodstox:stax2-api:4.2.1=classpath
org.cyclonedx.bom:org.cyclonedx.bom.gradle.plugin:1.7.4=classpath
org.cyclonedx:cyclonedx-core-java:7.3.1=classpath
org.cyclonedx:cyclonedx-gradle-plugin:1.7.4=classpath
org.eclipse.jgit:org.eclipse.jgit:5.13.1.202206130422-r=classpath
org.eclipse.sisu:org.eclipse.sisu.inject:0.9.0.M2=classpath
org.eclipse.sisu:org.eclipse.sisu.plexus:0.3.5=classpath
org.freemarker:freemarker:2.3.31=classpath
org.fusesource.jansi:jansi:2.4.0=classpath
org.graalvm.buildtools.native:org.graalvm.buildtools.native.gradle.plugin:0.9.27=classpath
org.graalvm.buildtools:graalvm-reachability-metadata:0.9.27=classpath
org.graalvm.buildtools:native-gradle-plugin:0.9.27=classpath
org.graalvm.buildtools:utils:0.9.27=classpath
org.gradle.crypto.checksum:org.gradle.crypto.checksum.gradle.plugin:1.4.0=classpath
org.gradle.test-retry:org.gradle.test-retry.gradle.plugin:1.5.5=classpath
org.gradle:test-retry-gradle-plugin:1.5.5=classpath
org.jdom:jdom2:2.0.6.1=classpath
org.jetbrains.dokka:dokka-base:1.8.10=classpath
org.jetbrains.dokka:dokka-core:1.9.10=classpath
org.jetbrains.dokka:dokka-gradle-plugin:1.9.10=classpath
org.jetbrains.dokka:org.jetbrains.dokka.gradle.plugin:1.9.10=classpath
org.jetbrains.dokka:templating-plugin:1.8.10=classpath
org.jetbrains.intellij.deps:trove4j:1.0.20200330=classpath
org.jetbrains.kotlin.multiplatform:org.jetbrains.kotlin.multiplatform.gradle.plugin:1.9.21=classpath
org.jetbrains.kotlin:kotlin-allopen:1.9.21=classpath
org.jetbrains.kotlin:kotlin-android-extensions:1.9.21=classpath
org.jetbrains.kotlin:kotlin-bom:1.9.10=classpath
org.jetbrains.kotlin:kotlin-build-tools-api:1.9.21=classpath
org.jetbrains.kotlin:kotlin-compiler-embeddable:1.9.21=classpath
org.jetbrains.kotlin:kotlin-compiler-runner:1.9.21=classpath
org.jetbrains.kotlin:kotlin-daemon-client:1.9.21=classpath
org.jetbrains.kotlin:kotlin-daemon-embeddable:1.9.21=classpath
org.jetbrains.kotlin:kotlin-gradle-plugin-annotations:1.9.21=classpath
org.jetbrains.kotlin:kotlin-gradle-plugin-api:1.9.21=classpath
org.jetbrains.kotlin:kotlin-gradle-plugin-idea-proto:1.9.21=classpath
org.jetbrains.kotlin:kotlin-gradle-plugin-idea:1.9.21=classpath
org.jetbrains.kotlin:kotlin-gradle-plugin-model:1.9.21=classpath
org.jetbrains.kotlin:kotlin-gradle-plugin:1.9.21=classpath
org.jetbrains.kotlin:kotlin-gradle-plugins-bom:1.9.21=classpath
org.jetbrains.kotlin:kotlin-klib-commonizer-api:1.9.21=classpath
org.jetbrains.kotlin:kotlin-native-utils:1.9.21=classpath
org.jetbrains.kotlin:kotlin-noarg:1.9.21=classpath
org.jetbrains.kotlin:kotlin-project-model:1.9.21=classpath
org.jetbrains.kotlin:kotlin-reflect:1.9.20=classpath
org.jetbrains.kotlin:kotlin-scripting-common:1.9.21=classpath
org.jetbrains.kotlin:kotlin-scripting-compiler-embeddable:1.9.21=classpath
org.jetbrains.kotlin:kotlin-scripting-compiler-impl-embeddable:1.9.21=classpath
org.jetbrains.kotlin:kotlin-scripting-jvm:1.9.21=classpath
org.jetbrains.kotlin:kotlin-serialization:1.9.21=classpath
org.jetbrains.kotlin:kotlin-stdlib-common:1.9.20=classpath
org.jetbrains.kotlin:kotlin-stdlib-jdk7:1.9.10=classpath
org.jetbrains.kotlin:kotlin-stdlib-jdk8:1.9.10=classpath
org.jetbrains.kotlin:kotlin-stdlib:1.9.20=classpath
org.jetbrains.kotlin:kotlin-tooling-core:1.9.21=classpath
org.jetbrains.kotlin:kotlin-util-io:1.9.21=classpath
org.jetbrains.kotlin:kotlin-util-klib:1.9.21=classpath
org.jetbrains.kotlinx.binary-compatibility-validator:org.jetbrains.kotlinx.binary-compatibility-validator.gradle.plugin:0.13.2=classpath
org.jetbrains.kotlinx.kover:org.jetbrains.kotlinx.kover.gradle.plugin:0.7.5=classpath
org.jetbrains.kotlinx:binary-compatibility-validator:0.13.2=classpath
org.jetbrains.kotlinx:dokka-pathsaver-plugin:0.5.0-Beta=classpath
org.jetbrains.kotlinx:kotlinx-coroutines-bom:1.6.3=classpath
org.jetbrains.kotlinx:kotlinx-coroutines-core-jvm:1.6.3=classpath
org.jetbrains.kotlinx:kotlinx-coroutines-core:1.6.3=classpath
org.jetbrains.kotlinx:kotlinx-html-jvm:0.7.5=classpath
org.jetbrains.kotlinx:kotlinx-knit-test:0.5.0-Beta=classpath
org.jetbrains.kotlinx:kotlinx-knit:0.5.0-Beta=classpath
org.jetbrains.kotlinx:kotlinx-metadata-jvm:0.6.2=classpath
org.jetbrains.kotlinx:kover-gradle-plugin:0.7.5=classpath
org.jetbrains:annotations:13.0=classpath
org.jlleitschuh.gradle.ktlint:org.jlleitschuh.gradle.ktlint.gradle.plugin:11.6.0=classpath
org.jlleitschuh.gradle:ktlint-gradle:11.6.0=classpath
org.json:json:20230227=classpath
org.jsoup:jsoup:1.15.3=classpath
org.openrewrite.rewrite:org.openrewrite.rewrite.gradle.plugin:6.3.7=classpath
org.openrewrite:plugin:6.3.7=classpath
org.openrewrite:rewrite-bom:8.5.1=classpath
org.ow2.asm:asm-commons:9.4=classpath
org.ow2.asm:asm-tree:9.4=classpath
org.ow2.asm:asm:9.4=classpath
org.slf4j:slf4j-api:2.0.7=classpath
org.sonarqube:org.sonarqube.gradle.plugin:4.4.1.3373=classpath
org.sonarsource.scanner.api:sonar-scanner-api:2.16.2.588=classpath
org.sonarsource.scanner.gradle:sonarqube-gradle-plugin:4.4.1.3373=classpath
org.spdx.sbom:org.spdx.sbom.gradle.plugin:0.4.0=classpath
org.spdx:java-spdx-library:1.1.8=classpath
org.spdx:spdx-gradle-plugin:0.4.0=classpath
org.spdx:spdx-jackson-store:1.1.7=classpath
org.vafer:jdependency:2.8.0=classpath
org.yaml:snakeyaml:2.0=classpath
xmlpull:xmlpull:1.1.3.1=classpath
empty=
