# This is a Gradle generated file for dependency locking.
# Manual edits can break the build and are not advised.
# This file is expected to be part of source control.
aopalliance:aopalliance:1.0=compileClasspath,runtimeClasspath
com.akuleshov7:ktoml-core-jvm:0.7.1=runtimeClasspath
com.akuleshov7:ktoml-core:0.7.1=runtimeClasspath
com.amazonaws:aws-java-sdk-bom:1.12.787=compileClasspath,runtimeClasspath
com.azure:azure-sdk-bom:1.2.35=compileClasspath,runtimeClasspath
com.fasterxml.jackson:jackson-bom:2.19.1=compileClasspath,runtimeClasspath
com.github.package-url:packageurl-java:1.5.0=runtimeClasspath
com.google.errorprone:error_prone_annotations:2.41.0=compileClasspath,runtimeClasspath
com.google.guava:failureaccess:1.0.3=compileClasspath,runtimeClasspath
com.google.guava:guava:33.5.0-jre=compileClasspath,runtimeClasspath
com.google.guava:listenablefuture:9999.0-empty-to-avoid-conflict-with-guava=compileClasspath,runtimeClasspath
com.google.inject:guice:7.0.0=compileClasspath,runtimeClasspath
com.google.j2objc:j2objc-annotations:3.1=compileClasspath,runtimeClasspath
com.google.protobuf:protobuf-bom:3.25.8=compileClasspath,runtimeClasspath
com.oracle.coherence.ce:coherence-bom:25.03.1=compileClasspath,runtimeClasspath
com.typesafe:config:1.4.4=runtimeClasspath
commons-codec:commons-codec:1.19.0=compileClasspath,runtimeClasspath
commons-io:commons-io:2.20.0=compileClasspath,runtimeClasspath
io.github.oshai:kotlin-logging-jvm:7.0.13=runtimeClasspath
io.github.oshai:kotlin-logging:7.0.13=runtimeClasspath
io.grpc:grpc-bom:1.62.2=compileClasspath,runtimeClasspath
io.kotest:kotest-bom:5.9.1=compileClasspath,runtimeClasspath
io.ktor:ktor-bom:2.3.13=compileClasspath,runtimeClasspath
io.ktor:ktor-client-core-jvm:3.3.0=runtimeClasspath
io.ktor:ktor-client-core:3.3.0=runtimeClasspath
io.ktor:ktor-events-jvm:3.3.0=runtimeClasspath
io.ktor:ktor-events:3.3.0=runtimeClasspath
io.ktor:ktor-http-cio-jvm:3.3.0=runtimeClasspath
io.ktor:ktor-http-cio:3.3.0=runtimeClasspath
io.ktor:ktor-http-jvm:3.3.0=runtimeClasspath
io.ktor:ktor-http:3.3.0=runtimeClasspath
io.ktor:ktor-io-jvm:3.3.0=runtimeClasspath
io.ktor:ktor-io:3.3.0=runtimeClasspath
io.ktor:ktor-network-jvm:3.3.0=runtimeClasspath
io.ktor:ktor-network:3.3.0=runtimeClasspath
io.ktor:ktor-serialization-jvm:3.3.0=runtimeClasspath
io.ktor:ktor-serialization:3.3.0=runtimeClasspath
io.ktor:ktor-server-caching-headers-jvm:3.3.0=runtimeClasspath
io.ktor:ktor-server-caching-headers:3.3.0=runtimeClasspath
io.ktor:ktor-server-call-logging-jvm:3.3.0=runtimeClasspath
io.ktor:ktor-server-call-logging:3.3.0=runtimeClasspath
io.ktor:ktor-server-cio-jvm:3.3.0=runtimeClasspath
io.ktor:ktor-server-cio:3.3.0=runtimeClasspath
io.ktor:ktor-server-compression-jvm:3.3.0=runtimeClasspath
io.ktor:ktor-server-compression:3.3.0=runtimeClasspath
io.ktor:ktor-server-conditional-headers-jvm:3.3.0=runtimeClasspath
io.ktor:ktor-server-conditional-headers:3.3.0=runtimeClasspath
io.ktor:ktor-server-content-negotiation-jvm:3.3.0=runtimeClasspath
io.ktor:ktor-server-content-negotiation:3.3.0=runtimeClasspath
io.ktor:ktor-server-core-jvm:3.3.0=runtimeClasspath
io.ktor:ktor-server-core:3.3.0=runtimeClasspath
io.ktor:ktor-server-default-headers-jvm:3.3.0=runtimeClasspath
io.ktor:ktor-server-default-headers:3.3.0=runtimeClasspath
io.ktor:ktor-server-hsts-jvm:3.3.0=runtimeClasspath
io.ktor:ktor-server-hsts:3.3.0=runtimeClasspath
io.ktor:ktor-server-html-builder-jvm:3.3.0=runtimeClasspath
io.ktor:ktor-server-html-builder:3.3.0=runtimeClasspath
io.ktor:ktor-server-sessions-jvm:3.3.0=runtimeClasspath
io.ktor:ktor-server-sessions:3.3.0=runtimeClasspath
io.ktor:ktor-server-sse-jvm:3.3.0=runtimeClasspath
io.ktor:ktor-server-sse:3.3.0=runtimeClasspath
io.ktor:ktor-server-websockets-jvm:3.3.0=runtimeClasspath
io.ktor:ktor-server-websockets:3.3.0=runtimeClasspath
io.ktor:ktor-sse-jvm:3.3.0=runtimeClasspath
io.ktor:ktor-sse:3.3.0=runtimeClasspath
io.ktor:ktor-utils-jvm:3.3.0=runtimeClasspath
io.ktor:ktor-utils:3.3.0=runtimeClasspath
io.ktor:ktor-websocket-serialization-jvm:3.3.0=runtimeClasspath
io.ktor:ktor-websocket-serialization:3.3.0=runtimeClasspath
io.ktor:ktor-websockets-jvm:3.3.0=runtimeClasspath
io.ktor:ktor-websockets:3.3.0=runtimeClasspath
io.leangen.geantyref:geantyref:1.3.16=runtimeClasspath
io.micrometer:micrometer-bom:1.15.0=compileClasspath,runtimeClasspath
io.micronaut.acme:micronaut-acme-bom:5.5.0=compileClasspath,runtimeClasspath
io.micronaut.aot:micronaut-aot-bom:2.8.1=compileClasspath,runtimeClasspath
io.micronaut.aws:micronaut-aws-bom:4.11.0=compileClasspath,runtimeClasspath
io.micronaut.azure:micronaut-azure-bom:5.11.0=compileClasspath,runtimeClasspath
io.micronaut.beanvalidation:micronaut-hibernate-validator-bom:4.8.0=compileClasspath,runtimeClasspath
io.micronaut.cache:micronaut-cache-bom:5.3.0=compileClasspath,runtimeClasspath
io.micronaut.cassandra:micronaut-cassandra-bom:6.7.0=compileClasspath,runtimeClasspath
io.micronaut.chatbots:micronaut-chatbots-bom:1.5.0=compileClasspath,runtimeClasspath
io.micronaut.coherence:micronaut-coherence-bom:5.0.6=compileClasspath,runtimeClasspath
io.micronaut.controlpanel:micronaut-control-panel-bom:1.8.0=compileClasspath,runtimeClasspath
io.micronaut.crac:micronaut-crac-bom:2.7.0=compileClasspath,runtimeClasspath
io.micronaut.data:micronaut-data-bom:4.13.4=compileClasspath,runtimeClasspath
io.micronaut.discovery:micronaut-discovery-client-bom:4.7.1=compileClasspath,runtimeClasspath
io.micronaut.eclipsestore:micronaut-eclipsestore-bom:1.10.0=compileClasspath,runtimeClasspath
io.micronaut.elasticsearch:micronaut-elasticsearch-bom:5.9.0=compileClasspath,runtimeClasspath
io.micronaut.email:micronaut-email-bom:2.9.0=compileClasspath,runtimeClasspath
io.micronaut.flyway:micronaut-flyway-bom:7.8.0=compileClasspath,runtimeClasspath
io.micronaut.gcp:micronaut-gcp-bom:5.12.0=compileClasspath,runtimeClasspath
io.micronaut.graal-languages:micronaut-graal-languages-bom:1.2.0=compileClasspath,runtimeClasspath
io.micronaut.graphql:micronaut-graphql-bom:4.8.0=compileClasspath,runtimeClasspath
io.micronaut.groovy:micronaut-groovy-bom:4.7.0=compileClasspath,runtimeClasspath
io.micronaut.grpc:micronaut-grpc-bom:4.11.0=compileClasspath,runtimeClasspath
io.micronaut.guice:micronaut-guice-bom:1.2.0=compileClasspath,runtimeClasspath
io.micronaut.guides:micronaut-guides-bom:0.1.0=compileClasspath,runtimeClasspath
io.micronaut.jaxrs:micronaut-jaxrs-bom:4.9.2=compileClasspath,runtimeClasspath
io.micronaut.jms:micronaut-jms-bom:4.3.0=compileClasspath,runtimeClasspath
io.micronaut.jmx:micronaut-jmx-bom:4.7.0=compileClasspath,runtimeClasspath
io.micronaut.jsonschema:micronaut-json-schema-bom:1.6.0=compileClasspath,runtimeClasspath
io.micronaut.kafka:micronaut-kafka-bom:5.9.0=compileClasspath,runtimeClasspath
io.micronaut.kotlin:micronaut-kotlin-bom:4.7.0=compileClasspath,runtimeClasspath
io.micronaut.kubernetes:micronaut-kubernetes-bom:7.1.1=compileClasspath,runtimeClasspath
io.micronaut.langchain4j:micronaut-langchain4j-bom:1.0.0=compileClasspath,runtimeClasspath
io.micronaut.liquibase:micronaut-liquibase-bom:6.8.0=compileClasspath,runtimeClasspath
io.micronaut.logging:micronaut-logging-bom:1.7.0=compileClasspath,runtimeClasspath
io.micronaut.micrometer:micronaut-micrometer-bom:5.12.0=compileClasspath,runtimeClasspath
io.micronaut.microstream:micronaut-microstream-bom:2.9.0=compileClasspath,runtimeClasspath
io.micronaut.mongodb:micronaut-mongo-bom:5.7.0=compileClasspath,runtimeClasspath
io.micronaut.mqtt:micronaut-mqtt-bom:3.7.0=compileClasspath,runtimeClasspath
io.micronaut.multitenancy:micronaut-multitenancy-bom:5.7.0=compileClasspath,runtimeClasspath
io.micronaut.nats:micronaut-nats-bom:4.8.0=compileClasspath,runtimeClasspath
io.micronaut.neo4j:micronaut-neo4j-bom:6.10.0=compileClasspath,runtimeClasspath
io.micronaut.objectstorage:micronaut-object-storage-bom:2.9.0=compileClasspath,runtimeClasspath
io.micronaut.openapi:micronaut-openapi-bom:6.17.3=compileClasspath,runtimeClasspath
io.micronaut.opensearch:micronaut-opensearch-bom:1.6.0=compileClasspath,runtimeClasspath
io.micronaut.oraclecloud:micronaut-oraclecloud-bom:5.2.4=compileClasspath,runtimeClasspath
io.micronaut.picocli:micronaut-picocli-bom:5.8.0=compileClasspath,runtimeClasspath
io.micronaut.platform:micronaut-platform:4.9.3=compileClasspath,runtimeClasspath
io.micronaut.problem:micronaut-problem-json-bom:3.8.0=compileClasspath,runtimeClasspath
io.micronaut.pulsar:micronaut-pulsar-bom:2.6.0=compileClasspath,runtimeClasspath
io.micronaut.r2dbc:micronaut-r2dbc-bom:6.1.0=compileClasspath,runtimeClasspath
io.micronaut.rabbitmq:micronaut-rabbitmq-bom:4.8.0=compileClasspath,runtimeClasspath
io.micronaut.reactor:micronaut-reactor-bom:3.8.0=compileClasspath,runtimeClasspath
io.micronaut.redis:micronaut-redis-bom:6.8.0=compileClasspath,runtimeClasspath
io.micronaut.rss:micronaut-rss-bom:4.7.0=compileClasspath,runtimeClasspath
io.micronaut.rxjava2:micronaut-rxjava2-bom:2.8.0=compileClasspath,runtimeClasspath
io.micronaut.rxjava3:micronaut-rxjava3-bom:3.8.0=compileClasspath,runtimeClasspath
io.micronaut.security:micronaut-security-bom:4.13.1=compileClasspath,runtimeClasspath
io.micronaut.serde:micronaut-serde-bom:2.15.1=compileClasspath,runtimeClasspath
io.micronaut.servlet:micronaut-servlet-bom:5.4.0=compileClasspath,runtimeClasspath
io.micronaut.session:micronaut-session-bom:4.7.0=compileClasspath,runtimeClasspath
io.micronaut.sourcegen:micronaut-sourcegen-bom:1.8.2=compileClasspath,runtimeClasspath
io.micronaut.spring:micronaut-spring-bom:5.11.1=compileClasspath,runtimeClasspath
io.micronaut.sql:micronaut-sql-bom:6.2.1=compileClasspath,runtimeClasspath
io.micronaut.test:micronaut-test-bom:4.8.1=compileClasspath,runtimeClasspath
io.micronaut.testresources:micronaut-test-resources-bom:2.9.0=compileClasspath,runtimeClasspath
io.micronaut.toml:micronaut-toml-bom:2.7.0=compileClasspath,runtimeClasspath
io.micronaut.tracing:micronaut-tracing-bom:7.1.4=compileClasspath,runtimeClasspath
io.micronaut.validation:micronaut-validation-bom:4.10.0=compileClasspath,runtimeClasspath
io.micronaut.views:micronaut-views-bom:5.8.0=compileClasspath,runtimeClasspath
io.micronaut.xml:micronaut-jackson-xml-bom:4.7.0=compileClasspath,runtimeClasspath
io.micronaut:micronaut-aop:4.9.10=compileClasspath,runtimeClasspath
io.micronaut:micronaut-context:4.9.10=compileClasspath,runtimeClasspath
io.micronaut:micronaut-core-bom:4.9.10=compileClasspath,runtimeClasspath
io.micronaut:micronaut-core:4.9.10=compileClasspath,runtimeClasspath
io.micronaut:micronaut-inject:4.9.10=compileClasspath,runtimeClasspath
io.modelcontextprotocol:kotlin-sdk-client-jvm:0.7.2=runtimeClasspath
io.modelcontextprotocol:kotlin-sdk-client:0.7.2=runtimeClasspath
io.modelcontextprotocol:kotlin-sdk-core-jvm:0.7.2=runtimeClasspath
io.modelcontextprotocol:kotlin-sdk-core:0.7.2=runtimeClasspath
io.modelcontextprotocol:kotlin-sdk-jvm:0.7.2=runtimeClasspath
io.modelcontextprotocol:kotlin-sdk-server-jvm:0.7.2=runtimeClasspath
io.modelcontextprotocol:kotlin-sdk-server:0.7.2=runtimeClasspath
io.modelcontextprotocol:kotlin-sdk:0.7.2=runtimeClasspath
io.netty:netty-bom:4.2.6.Final=compileClasspath,runtimeClasspath
io.opentelemetry.instrumentation:opentelemetry-instrumentation-bom-alpha:2.16.0-alpha=compileClasspath,runtimeClasspath
io.opentelemetry.instrumentation:opentelemetry-instrumentation-bom:2.16.0=compileClasspath,runtimeClasspath
io.opentelemetry:opentelemetry-bom-alpha:1.51.0-alpha=compileClasspath,runtimeClasspath
io.opentelemetry:opentelemetry-bom:1.32.0=compileClasspath,runtimeClasspath
io.projectreactor:reactor-bom:2024.0.7=compileClasspath,runtimeClasspath
io.rest-assured:rest-assured-bom:5.5.5=compileClasspath,runtimeClasspath
io.zipkin.brave:brave-bom:6.3.0=compileClasspath,runtimeClasspath
io.zipkin.reporter2:zipkin-reporter-bom:3.5.1=compileClasspath,runtimeClasspath
jakarta.annotation:jakarta.annotation-api:2.1.1=compileClasspath,runtimeClasspath
jakarta.inject:jakarta.inject-api:2.0.1=compileClasspath,runtimeClasspath
javax.inject:javax.inject:1=compileClasspath,runtimeClasspath
org.apache.commons:commons-compress:1.28.0=compileClasspath,runtimeClasspath
org.apache.commons:commons-lang3:3.18.0=compileClasspath,runtimeClasspath
org.apache.groovy:groovy-bom:4.0.18=compileClasspath,runtimeClasspath
org.apache.logging.log4j:log4j-bom:2.24.3=compileClasspath,runtimeClasspath
org.apache.maven.resolver:maven-resolver-api:1.9.22=compileClasspath,runtimeClasspath
org.apache.maven.resolver:maven-resolver-impl:1.9.22=compileClasspath,runtimeClasspath
org.apache.maven.resolver:maven-resolver-named-locks:1.9.22=compileClasspath,runtimeClasspath
org.apache.maven.resolver:maven-resolver-spi:1.9.22=compileClasspath,runtimeClasspath
org.apache.maven.resolver:maven-resolver-util:1.9.22=compileClasspath,runtimeClasspath
org.apache.maven.shared:maven-shared-utils:3.4.2=compileClasspath,runtimeClasspath
org.apache.maven:maven-artifact:3.9.9=compileClasspath,runtimeClasspath
org.apache.maven:maven-builder-support:3.9.9=compileClasspath,runtimeClasspath
org.apache.maven:maven-core:3.9.9=compileClasspath,runtimeClasspath
org.apache.maven:maven-model-builder:3.9.9=compileClasspath,runtimeClasspath
org.apache.maven:maven-model:3.9.9=compileClasspath,runtimeClasspath
org.apache.maven:maven-plugin-api:3.9.9=compileClasspath,runtimeClasspath
org.apache.maven:maven-repository-metadata:3.9.9=compileClasspath,runtimeClasspath
org.apache.maven:maven-resolver-provider:3.9.9=compileClasspath,runtimeClasspath
org.apache.maven:maven-settings-builder:3.9.9=compileClasspath,runtimeClasspath
org.apache.maven:maven-settings:3.9.9=compileClasspath,runtimeClasspath
org.codehaus.plexus:plexus-cipher:2.0=compileClasspath,runtimeClasspath
org.codehaus.plexus:plexus-classworlds:2.8.0=compileClasspath,runtimeClasspath
org.codehaus.plexus:plexus-component-annotations:2.1.0=compileClasspath,runtimeClasspath
org.codehaus.plexus:plexus-interpolation:1.27=compileClasspath,runtimeClasspath
org.codehaus.plexus:plexus-sec-dispatcher:2.0=compileClasspath,runtimeClasspath
org.codehaus.plexus:plexus-utils:3.5.1=compileClasspath,runtimeClasspath
org.codehaus.plexus:plexus-xml:3.0.0=compileClasspath,runtimeClasspath
org.eclipse.jetty:jetty-bom:12.0.21=compileClasspath,runtimeClasspath
org.eclipse.sisu:org.eclipse.sisu.inject:0.9.0.M3=compileClasspath,runtimeClasspath
org.eclipse.sisu:org.eclipse.sisu.plexus:0.9.0.M3=compileClasspath,runtimeClasspath
org.fusesource.jansi:jansi:2.4.2=runtimeClasspath
org.graalvm.compiler:compiler:24.2.2=compileClasspath
org.graalvm.llvm:llvm-api:24.2.2=compileClasspath,runtimeClasspath
org.graalvm.llvm:llvm-language-native-resources:24.2.2=compileClasspath
org.graalvm.llvm:llvm-language-native:24.2.2=compileClasspath,runtimeClasspath
org.graalvm.llvm:llvm-language-nfi:24.2.2=compileClasspath,runtimeClasspath
org.graalvm.llvm:llvm-language:24.2.2=compileClasspath,runtimeClasspath
org.graalvm.nativeimage:native-image-base:24.2.2=compileClasspath
org.graalvm.nativeimage:objectfile:24.2.2=compileClasspath
org.graalvm.nativeimage:pointsto:24.2.2=compileClasspath
org.graalvm.nativeimage:svm:24.2.2=compileClasspath
org.graalvm.polyglot:polyglot:24.2.2=compileClasspath,runtimeClasspath
org.graalvm.sdk:collections:24.2.2=compileClasspath,runtimeClasspath
org.graalvm.sdk:graal-sdk:24.2.2=runtimeClasspath
org.graalvm.sdk:nativeimage:24.2.2=compileClasspath,runtimeClasspath
org.graalvm.sdk:word:24.2.2=compileClasspath,runtimeClasspath
org.graalvm.shadowed:antlr4:24.2.2=compileClasspath,runtimeClasspath
org.graalvm.truffle:truffle-api:24.2.2=compileClasspath,runtimeClasspath
org.graalvm.truffle:truffle-compiler:24.2.2=compileClasspath
org.graalvm.truffle:truffle-nfi-libffi:24.2.2=compileClasspath,runtimeClasspath
org.graalvm.truffle:truffle-nfi:24.2.2=compileClasspath,runtimeClasspath
org.jdbi:jdbi3-bom:3.49.5=compileClasspath,runtimeClasspath
org.jetbrains.kotlin:kotlin-bom:1.9.25=compileClasspath,runtimeClasspath
org.jetbrains.kotlin:kotlin-reflect:2.2.20=runtimeClasspath
org.jetbrains.kotlin:kotlin-stdlib-jdk7:2.2.20=compileClasspath,runtimeClasspath
org.jetbrains.kotlin:kotlin-stdlib-jdk8:2.2.20=compileClasspath,runtimeClasspath
org.jetbrains.kotlin:kotlin-stdlib:2.2.20=compileClasspath,runtimeClasspath
org.jetbrains.kotlinx:atomicfu-jvm:0.29.0=compileClasspath,runtimeClasspath
org.jetbrains.kotlinx:atomicfu:0.29.0=compileClasspath,runtimeClasspath
org.jetbrains.kotlinx:kotlinx-collections-immutable-jvm:0.4.0=compileClasspath,runtimeClasspath
org.jetbrains.kotlinx:kotlinx-collections-immutable:0.4.0=compileClasspath,runtimeClasspath
org.jetbrains.kotlinx:kotlinx-coroutines-bom:1.10.2=compileClasspath,runtimeClasspath
org.jetbrains.kotlinx:kotlinx-coroutines-core-jvm:1.10.2=compileClasspath,runtimeClasspath
org.jetbrains.kotlinx:kotlinx-coroutines-core:1.10.2=compileClasspath,runtimeClasspath
org.jetbrains.kotlinx:kotlinx-coroutines-guava:1.10.2=compileClasspath,runtimeClasspath
org.jetbrains.kotlinx:kotlinx-coroutines-jdk8:1.10.2=compileClasspath,runtimeClasspath
org.jetbrains.kotlinx:kotlinx-coroutines-jdk9:1.10.2=runtimeClasspath
org.jetbrains.kotlinx:kotlinx-coroutines-reactive:1.10.2=runtimeClasspath
org.jetbrains.kotlinx:kotlinx-coroutines-slf4j:1.10.2=runtimeClasspath
org.jetbrains.kotlinx:kotlinx-datetime-jvm:0.7.1-0.6.x-compat=runtimeClasspath
org.jetbrains.kotlinx:kotlinx-datetime:0.7.1-0.6.x-compat=runtimeClasspath
org.jetbrains.kotlinx:kotlinx-html-jvm:0.12.0=runtimeClasspath
org.jetbrains.kotlinx:kotlinx-html:0.12.0=runtimeClasspath
org.jetbrains.kotlinx:kotlinx-io-bytestring-jvm:0.8.0=runtimeClasspath
org.jetbrains.kotlinx:kotlinx-io-bytestring:0.8.0=runtimeClasspath
org.jetbrains.kotlinx:kotlinx-io-core-jvm:0.8.0=runtimeClasspath
org.jetbrains.kotlinx:kotlinx-io-core:0.8.0=runtimeClasspath
org.jetbrains.kotlinx:kotlinx-serialization-bom:1.9.0=compileClasspath,runtimeClasspath
org.jetbrains.kotlinx:kotlinx-serialization-core-jvm:1.9.0=compileClasspath,runtimeClasspath
org.jetbrains.kotlinx:kotlinx-serialization-core:1.9.0=compileClasspath,runtimeClasspath
org.jetbrains.kotlinx:kotlinx-serialization-json-jvm:1.9.0=runtimeClasspath
org.jetbrains.kotlinx:kotlinx-serialization-json:1.9.0=runtimeClasspath
org.jetbrains.kotlinx:kotlinx-serialization-protobuf-jvm:1.9.0=runtimeClasspath
org.jetbrains.kotlinx:kotlinx-serialization-protobuf:1.9.0=runtimeClasspath
org.jetbrains:annotations:26.0.2-1=compileClasspath,runtimeClasspath
org.jline:jline-builtins:3.28.0=compileClasspath,runtimeClasspath
org.jline:jline-native:3.28.0=compileClasspath,runtimeClasspath
org.jline:jline-reader:3.28.0=compileClasspath,runtimeClasspath
org.jline:jline-style:3.28.0=compileClasspath,runtimeClasspath
org.jline:jline-terminal:3.28.0=compileClasspath,runtimeClasspath
org.jspecify:jspecify:1.0.0=compileClasspath,runtimeClasspath
org.junit:junit-bom:5.12.2=compileClasspath,runtimeClasspath
org.msgpack:msgpack-core:0.9.8=runtimeClasspath
org.organicdesign:Paguro:3.10.3=runtimeClasspath
org.pkl-lang:pkl-config-java:0.28.2=compileClasspath,runtimeClasspath
org.pkl-lang:pkl-config-kotlin:0.28.2=compileClasspath,runtimeClasspath
org.pkl-lang:pkl-core:0.28.2=compileClasspath,runtimeClasspath
org.reactivestreams:reactive-streams:1.0.4=runtimeClasspath
org.semver4j:semver4j:6.0.0=runtimeClasspath
org.slf4j:slf4j-api:2.0.17=compileClasspath,runtimeClasspath
org.snakeyaml:snakeyaml-engine:2.9=runtimeClasspath
org.spockframework:spock-bom:2.3-groovy-4.0=compileClasspath,runtimeClasspath
org.springframework:spring-framework-bom:6.2.10=compileClasspath,runtimeClasspath
org.testcontainers:testcontainers-bom:1.20.6=compileClasspath,runtimeClasspath
software.amazon.awssdk:bom:2.31.66=compileClasspath,runtimeClasspath
empty=
