# This is a Gradle generated file for dependency locking.
# Manual edits can break the build and are not advised.
# This file is expected to be part of source control.
aopalliance:aopalliance:1.0=compileClasspath,runtimeClasspath
com.akuleshov7:ktoml-core-jvm:0.7.1=compileClasspath,runtimeClasspath
com.akuleshov7:ktoml-core:0.7.1=compileClasspath,runtimeClasspath
com.github.package-url:packageurl-java:1.5.0=compileClasspath,runtimeClasspath
com.google.guava:failureaccess:1.0.2=compileClasspath,runtimeClasspath
com.google.guava:guava:33.5.0-jre=compileClasspath,runtimeClasspath
com.google.inject:guice:5.1.0=compileClasspath,runtimeClasspath
com.typesafe:config:1.4.4=compileClasspath,runtimeClasspath
commons-codec:commons-codec:1.19.0=compileClasspath,runtimeClasspath
commons-io:commons-io:2.20.0=compileClasspath,runtimeClasspath
io.github.oshai:kotlin-logging-jvm:7.0.13=runtimeClasspath
io.github.oshai:kotlin-logging:7.0.13=runtimeClasspath
io.ktor:ktor-client-core-jvm:3.3.0=compileClasspath,runtimeClasspath
io.ktor:ktor-client-core:3.3.0=compileClasspath,runtimeClasspath
io.ktor:ktor-events-jvm:3.3.1=compileClasspath,runtimeClasspath
io.ktor:ktor-events:3.3.1=compileClasspath,runtimeClasspath
io.ktor:ktor-http-cio-jvm:3.3.1=compileClasspath,runtimeClasspath
io.ktor:ktor-http-cio:3.3.1=compileClasspath,runtimeClasspath
io.ktor:ktor-http-jvm:3.3.1=compileClasspath,runtimeClasspath
io.ktor:ktor-http:3.3.1=compileClasspath,runtimeClasspath
io.ktor:ktor-io-jvm:3.3.1=compileClasspath,runtimeClasspath
io.ktor:ktor-io:3.3.1=compileClasspath,runtimeClasspath
io.ktor:ktor-network-jvm:3.3.1=compileClasspath,runtimeClasspath
io.ktor:ktor-network:3.3.1=compileClasspath,runtimeClasspath
io.ktor:ktor-serialization-jvm:3.3.1=compileClasspath,runtimeClasspath
io.ktor:ktor-serialization:3.3.1=compileClasspath,runtimeClasspath
io.ktor:ktor-server-caching-headers-jvm:3.3.1=compileClasspath,runtimeClasspath
io.ktor:ktor-server-caching-headers:3.3.1=compileClasspath,runtimeClasspath
io.ktor:ktor-server-call-logging-jvm:3.3.1=compileClasspath,runtimeClasspath
io.ktor:ktor-server-call-logging:3.3.1=compileClasspath,runtimeClasspath
io.ktor:ktor-server-cio-jvm:3.3.1=compileClasspath,runtimeClasspath
io.ktor:ktor-server-cio:3.3.1=compileClasspath,runtimeClasspath
io.ktor:ktor-server-compression-jvm:3.3.1=compileClasspath,runtimeClasspath
io.ktor:ktor-server-compression:3.3.1=compileClasspath,runtimeClasspath
io.ktor:ktor-server-conditional-headers-jvm:3.3.1=compileClasspath,runtimeClasspath
io.ktor:ktor-server-conditional-headers:3.3.1=compileClasspath,runtimeClasspath
io.ktor:ktor-server-content-negotiation-jvm:3.3.1=compileClasspath,runtimeClasspath
io.ktor:ktor-server-content-negotiation:3.3.1=compileClasspath,runtimeClasspath
io.ktor:ktor-server-core-jvm:3.3.1=compileClasspath,runtimeClasspath
io.ktor:ktor-server-core:3.3.1=compileClasspath,runtimeClasspath
io.ktor:ktor-server-default-headers-jvm:3.3.1=compileClasspath,runtimeClasspath
io.ktor:ktor-server-default-headers:3.3.1=compileClasspath,runtimeClasspath
io.ktor:ktor-server-hsts-jvm:3.3.1=compileClasspath,runtimeClasspath
io.ktor:ktor-server-hsts:3.3.1=compileClasspath,runtimeClasspath
io.ktor:ktor-server-html-builder-jvm:3.3.1=compileClasspath,runtimeClasspath
io.ktor:ktor-server-html-builder:3.3.1=compileClasspath,runtimeClasspath
io.ktor:ktor-server-sessions-jvm:3.3.1=compileClasspath,runtimeClasspath
io.ktor:ktor-server-sessions:3.3.1=compileClasspath,runtimeClasspath
io.ktor:ktor-server-sse-jvm:3.3.1=compileClasspath,runtimeClasspath
io.ktor:ktor-server-sse:3.3.1=compileClasspath,runtimeClasspath
io.ktor:ktor-server-websockets-jvm:3.3.1=compileClasspath,runtimeClasspath
io.ktor:ktor-server-websockets:3.3.1=compileClasspath,runtimeClasspath
io.ktor:ktor-sse-jvm:3.3.1=compileClasspath,runtimeClasspath
io.ktor:ktor-sse:3.3.1=compileClasspath,runtimeClasspath
io.ktor:ktor-utils-jvm:3.3.1=compileClasspath,runtimeClasspath
io.ktor:ktor-utils:3.3.1=compileClasspath,runtimeClasspath
io.ktor:ktor-websocket-serialization-jvm:3.3.1=compileClasspath,runtimeClasspath
io.ktor:ktor-websocket-serialization:3.3.1=compileClasspath,runtimeClasspath
io.ktor:ktor-websockets-jvm:3.3.1=compileClasspath,runtimeClasspath
io.ktor:ktor-websockets:3.3.1=compileClasspath,runtimeClasspath
io.leangen.geantyref:geantyref:1.3.16=runtimeClasspath
io.micronaut:micronaut-aop:4.9.12=compileClasspath,runtimeClasspath
io.micronaut:micronaut-context:4.9.12=compileClasspath,runtimeClasspath
io.micronaut:micronaut-core:4.9.12=compileClasspath,runtimeClasspath
io.micronaut:micronaut-inject:4.9.12=compileClasspath,runtimeClasspath
io.modelcontextprotocol:kotlin-sdk-client-jvm:0.7.2=compileClasspath,runtimeClasspath
io.modelcontextprotocol:kotlin-sdk-client:0.7.2=compileClasspath,runtimeClasspath
io.modelcontextprotocol:kotlin-sdk-core-jvm:0.7.2=compileClasspath,runtimeClasspath
io.modelcontextprotocol:kotlin-sdk-core:0.7.2=compileClasspath,runtimeClasspath
io.modelcontextprotocol:kotlin-sdk-jvm:0.7.2=compileClasspath,runtimeClasspath
io.modelcontextprotocol:kotlin-sdk-server-jvm:0.7.2=compileClasspath,runtimeClasspath
io.modelcontextprotocol:kotlin-sdk-server:0.7.2=compileClasspath,runtimeClasspath
io.modelcontextprotocol:kotlin-sdk:0.7.2=compileClasspath,runtimeClasspath
jakarta.annotation:jakarta.annotation-api:2.1.1=compileClasspath,runtimeClasspath
jakarta.inject:jakarta.inject-api:2.0.1=compileClasspath,runtimeClasspath
javax.inject:javax.inject:1=compileClasspath,runtimeClasspath
org.apache.commons:commons-compress:1.28.0=compileClasspath,runtimeClasspath
org.apache.commons:commons-lang3:3.18.0=compileClasspath,runtimeClasspath
org.apache.maven.resolver:maven-resolver-api:1.9.22=compileClasspath,runtimeClasspath
org.apache.maven.resolver:maven-resolver-impl:1.9.22=compileClasspath,runtimeClasspath
org.apache.maven.resolver:maven-resolver-named-locks:1.9.22=compileClasspath,runtimeClasspath
org.apache.maven.resolver:maven-resolver-spi:1.9.22=compileClasspath,runtimeClasspath
org.apache.maven.resolver:maven-resolver-util:1.9.22=compileClasspath,runtimeClasspath
org.apache.maven.shared:maven-shared-utils:3.4.2=compileClasspath,runtimeClasspath
org.apache.maven:maven-artifact:3.9.9=compileClasspath,runtimeClasspath
org.apache.maven:maven-builder-support:3.9.9=compileClasspath,runtimeClasspath
org.apache.maven:maven-core:3.9.9=compileClasspath,runtimeClasspath
org.apache.maven:maven-model-builder:3.9.9=compileClasspath,runtimeClasspath
org.apache.maven:maven-model:3.9.9=compileClasspath,runtimeClasspath
org.apache.maven:maven-plugin-api:3.9.9=compileClasspath,runtimeClasspath
org.apache.maven:maven-repository-metadata:3.9.9=compileClasspath,runtimeClasspath
org.apache.maven:maven-resolver-provider:3.9.9=compileClasspath,runtimeClasspath
org.apache.maven:maven-settings-builder:3.9.9=compileClasspath,runtimeClasspath
org.apache.maven:maven-settings:3.9.9=compileClasspath,runtimeClasspath
org.codehaus.plexus:plexus-cipher:2.0=compileClasspath,runtimeClasspath
org.codehaus.plexus:plexus-classworlds:2.8.0=compileClasspath,runtimeClasspath
org.codehaus.plexus:plexus-component-annotations:2.1.0=compileClasspath,runtimeClasspath
org.codehaus.plexus:plexus-interpolation:1.27=compileClasspath,runtimeClasspath
org.codehaus.plexus:plexus-sec-dispatcher:2.0=compileClasspath,runtimeClasspath
org.codehaus.plexus:plexus-utils:3.5.1=compileClasspath,runtimeClasspath
org.codehaus.plexus:plexus-xml:3.0.0=compileClasspath,runtimeClasspath
org.eclipse.sisu:org.eclipse.sisu.inject:0.9.0.M3=compileClasspath,runtimeClasspath
org.eclipse.sisu:org.eclipse.sisu.plexus:0.9.0.M3=compileClasspath,runtimeClasspath
org.fusesource.jansi:jansi:2.4.2=runtimeClasspath
org.graalvm.polyglot:polyglot:25.0.0=compileClasspath,runtimeClasspath
org.graalvm.sdk:collections:25.0.0=compileClasspath,runtimeClasspath
org.graalvm.sdk:graal-sdk:25.0.0=runtimeClasspath
org.graalvm.sdk:nativeimage:25.0.0=compileClasspath,runtimeClasspath
org.graalvm.sdk:word:25.0.0=compileClasspath,runtimeClasspath
org.graalvm.truffle:truffle-api:25.0.0=runtimeClasspath
org.jetbrains.kotlin:kotlin-reflect:2.2.21-RC2=compileClasspath,runtimeClasspath
org.jetbrains.kotlin:kotlin-stdlib-jdk7:2.2.21-RC2=compileClasspath,runtimeClasspath
org.jetbrains.kotlin:kotlin-stdlib-jdk8:2.2.21-RC2=compileClasspath,runtimeClasspath
org.jetbrains.kotlin:kotlin-stdlib:2.2.21-RC2=compileClasspath,runtimeClasspath
org.jetbrains.kotlinx:atomicfu-jvm:0.29.0=compileClasspath,runtimeClasspath
org.jetbrains.kotlinx:atomicfu:0.29.0=compileClasspath,runtimeClasspath
org.jetbrains.kotlinx:kotlinx-collections-immutable-jvm:0.4.0=compileClasspath,runtimeClasspath
org.jetbrains.kotlinx:kotlinx-collections-immutable:0.4.0=compileClasspath,runtimeClasspath
org.jetbrains.kotlinx:kotlinx-coroutines-bom:1.10.2=compileClasspath,runtimeClasspath
org.jetbrains.kotlinx:kotlinx-coroutines-core-jvm:1.10.2=compileClasspath,runtimeClasspath
org.jetbrains.kotlinx:kotlinx-coroutines-core:1.10.2=compileClasspath,runtimeClasspath
org.jetbrains.kotlinx:kotlinx-coroutines-jdk9:1.10.2=runtimeClasspath
org.jetbrains.kotlinx:kotlinx-coroutines-reactive:1.10.2=runtimeClasspath
org.jetbrains.kotlinx:kotlinx-coroutines-slf4j:1.10.2=runtimeClasspath
org.jetbrains.kotlinx:kotlinx-datetime-jvm:0.7.1-0.6.x-compat=compileClasspath,runtimeClasspath
org.jetbrains.kotlinx:kotlinx-datetime:0.7.1-0.6.x-compat=compileClasspath,runtimeClasspath
org.jetbrains.kotlinx:kotlinx-html-jvm:0.12.0=compileClasspath,runtimeClasspath
org.jetbrains.kotlinx:kotlinx-html:0.12.0=compileClasspath,runtimeClasspath
org.jetbrains.kotlinx:kotlinx-io-bytestring-jvm:0.8.0=compileClasspath,runtimeClasspath
org.jetbrains.kotlinx:kotlinx-io-bytestring:0.8.0=compileClasspath,runtimeClasspath
org.jetbrains.kotlinx:kotlinx-io-core-jvm:0.8.0=compileClasspath,runtimeClasspath
org.jetbrains.kotlinx:kotlinx-io-core:0.8.0=compileClasspath,runtimeClasspath
org.jetbrains.kotlinx:kotlinx-serialization-bom:1.9.0=compileClasspath,runtimeClasspath
org.jetbrains.kotlinx:kotlinx-serialization-core-jvm:1.9.0=compileClasspath,runtimeClasspath
org.jetbrains.kotlinx:kotlinx-serialization-core:1.9.0=compileClasspath,runtimeClasspath
org.jetbrains.kotlinx:kotlinx-serialization-json-jvm:1.9.0=compileClasspath,runtimeClasspath
org.jetbrains.kotlinx:kotlinx-serialization-json:1.9.0=compileClasspath,runtimeClasspath
org.jetbrains.kotlinx:kotlinx-serialization-protobuf-jvm:1.9.0=compileClasspath,runtimeClasspath
org.jetbrains.kotlinx:kotlinx-serialization-protobuf:1.9.0=compileClasspath,runtimeClasspath
org.jetbrains:annotations:26.0.2-1=compileClasspath,runtimeClasspath
org.jline:jline-builtins:3.28.0=compileClasspath,runtimeClasspath
org.jline:jline-native:3.28.0=compileClasspath,runtimeClasspath
org.jline:jline-reader:3.28.0=compileClasspath,runtimeClasspath
org.jline:jline-style:3.28.0=compileClasspath,runtimeClasspath
org.jline:jline-terminal:3.28.0=compileClasspath,runtimeClasspath
org.jspecify:jspecify:1.0.0=compileClasspath,runtimeClasspath
org.msgpack:msgpack-core:0.9.8=runtimeClasspath
org.organicdesign:Paguro:3.10.3=runtimeClasspath
org.pkl-lang:pkl-config-java:0.28.2=compileClasspath,runtimeClasspath
org.pkl-lang:pkl-config-kotlin:0.28.2=compileClasspath,runtimeClasspath
org.pkl-lang:pkl-core:0.28.2=compileClasspath,runtimeClasspath
org.reactivestreams:reactive-streams:1.0.3=runtimeClasspath
org.semver4j:semver4j:6.0.0=compileClasspath,runtimeClasspath
org.slf4j:slf4j-api:2.0.17=compileClasspath,runtimeClasspath
org.snakeyaml:snakeyaml-engine:2.9=runtimeClasspath
empty=
