# This is a Gradle generated file for dependency locking.
# Manual edits can break the build and are not advised.
# This file is expected to be part of source control.
ch.qos.logback:logback-classic:1.4.14=jvmTestRuntimeClasspath
ch.qos.logback:logback-core:1.4.14=jvmTestRuntimeClasspath
io.micronaut:micronaut-aop:4.3.1=compileClasspath,jvmCompileClasspath,jvmTestCompileClasspath,jvmTestRuntimeClasspath,testCompileClasspath
io.micronaut:micronaut-context:4.3.1=compileClasspath,jvmCompileClasspath,jvmTestCompileClasspath,jvmTestRuntimeClasspath,testCompileClasspath
io.micronaut:micronaut-core:4.3.1=compileClasspath,jvmCompileClasspath,jvmTestCompileClasspath,jvmTestRuntimeClasspath,testCompileClasspath
io.micronaut:micronaut-inject:4.3.1=compileClasspath,jvmCompileClasspath,jvmTestCompileClasspath,jvmTestRuntimeClasspath,testCompileClasspath
jakarta.annotation:jakarta.annotation-api:2.1.1=compileClasspath,jvmCompileClasspath,jvmTestCompileClasspath,jvmTestRuntimeClasspath,testCompileClasspath
jakarta.inject:jakarta.inject-api:2.0.1=compileClasspath,jvmCompileClasspath,jvmTestCompileClasspath,jvmTestRuntimeClasspath,testCompileClasspath
org.apiguardian:apiguardian-api:1.1.2=jvmTestCompileClasspath,testCompileClasspath
org.jetbrains.intellij.deps:intellij-coverage-agent:1.0.741=koverJvmAgent
org.jetbrains.intellij.deps:trove4j:1.0.20200330=kotlinBuildToolsApiClasspath,kotlinCompilerClasspath
org.jetbrains.kotlin:atomicfu:2.0.0-Beta3=linuxX64CompileKlibraries,linuxX64TestCompileKlibraries,macosArm64CompileKlibraries,macosArm64TestCompileKlibraries,macosX64CompileKlibraries,macosX64TestCompileKlibraries,mingwX64CompileKlibraries,mingwX64TestCompileKlibraries
org.jetbrains.kotlin:kotlin-build-common:2.0.0-Beta3=kotlinBuildToolsApiClasspath
org.jetbrains.kotlin:kotlin-build-tools-api:2.0.0-Beta3=kotlinBuildToolsApiClasspath
org.jetbrains.kotlin:kotlin-build-tools-impl:2.0.0-Beta3=kotlinBuildToolsApiClasspath
org.jetbrains.kotlin:kotlin-compiler-embeddable:2.0.0-Beta3=kotlinBuildToolsApiClasspath,kotlinCompilerClasspath
org.jetbrains.kotlin:kotlin-compiler-runner:2.0.0-Beta3=kotlinBuildToolsApiClasspath
org.jetbrains.kotlin:kotlin-daemon-client:2.0.0-Beta3=kotlinBuildToolsApiClasspath
org.jetbrains.kotlin:kotlin-daemon-embeddable:2.0.0-Beta3=kotlinBuildToolsApiClasspath,kotlinCompilerClasspath
org.jetbrains.kotlin:kotlin-dom-api-compat:2.0.0-Beta3=jsCompileClasspath,jsNpmAggregated,jsTestCompileClasspath,jsTestNpmAggregated,jsTestRuntimeClasspath
org.jetbrains.kotlin:kotlin-gradle-plugin-annotations:2.0.0-Beta3=linuxX64CompileKlibraries,linuxX64TestCompileKlibraries,macosArm64CompileKlibraries,macosArm64TestCompileKlibraries,macosX64CompileKlibraries,macosX64TestCompileKlibraries,mingwX64CompileKlibraries,mingwX64TestCompileKlibraries
org.jetbrains.kotlin:kotlin-gradle-plugin-api:2.0.0-Beta3=linuxX64CompileKlibraries,linuxX64TestCompileKlibraries,macosArm64CompileKlibraries,macosArm64TestCompileKlibraries,macosX64CompileKlibraries,macosX64TestCompileKlibraries,mingwX64CompileKlibraries,mingwX64TestCompileKlibraries
org.jetbrains.kotlin:kotlin-gradle-plugins-bom:2.0.0-Beta3=linuxX64CompileKlibraries,linuxX64TestCompileKlibraries,macosArm64CompileKlibraries,macosArm64TestCompileKlibraries,macosX64CompileKlibraries,macosX64TestCompileKlibraries,mingwX64CompileKlibraries,mingwX64TestCompileKlibraries
org.jetbrains.kotlin:kotlin-native-utils:2.0.0-Beta3=linuxX64CompileKlibraries,linuxX64TestCompileKlibraries,macosArm64CompileKlibraries,macosArm64TestCompileKlibraries,macosX64CompileKlibraries,macosX64TestCompileKlibraries,mingwX64CompileKlibraries,mingwX64TestCompileKlibraries
org.jetbrains.kotlin:kotlin-reflect:1.6.10=kotlinBuildToolsApiClasspath,kotlinCompilerClasspath
org.jetbrains.kotlin:kotlin-script-runtime:2.0.0-Beta3=kotlinBuildToolsApiClasspath,kotlinCompilerClasspath,kotlinCompilerPluginClasspathJsMain,kotlinCompilerPluginClasspathJsTest,kotlinCompilerPluginClasspathJvmMain,kotlinCompilerPluginClasspathJvmTest,kotlinCompilerPluginClasspathWasmJsMain,kotlinCompilerPluginClasspathWasmJsTest,kotlinCompilerPluginClasspathWasmWasiMain,kotlinCompilerPluginClasspathWasmWasiTest
org.jetbrains.kotlin:kotlin-scripting-common:2.0.0-Beta3=kotlinBuildToolsApiClasspath,kotlinCompilerPluginClasspathJsMain,kotlinCompilerPluginClasspathJsTest,kotlinCompilerPluginClasspathJvmMain,kotlinCompilerPluginClasspathJvmTest,kotlinCompilerPluginClasspathWasmJsMain,kotlinCompilerPluginClasspathWasmJsTest,kotlinCompilerPluginClasspathWasmWasiMain,kotlinCompilerPluginClasspathWasmWasiTest
org.jetbrains.kotlin:kotlin-scripting-compiler-embeddable:2.0.0-Beta3=kotlinBuildToolsApiClasspath,kotlinCompilerPluginClasspathJsMain,kotlinCompilerPluginClasspathJsTest,kotlinCompilerPluginClasspathJvmMain,kotlinCompilerPluginClasspathJvmTest,kotlinCompilerPluginClasspathWasmJsMain,kotlinCompilerPluginClasspathWasmJsTest,kotlinCompilerPluginClasspathWasmWasiMain,kotlinCompilerPluginClasspathWasmWasiTest
org.jetbrains.kotlin:kotlin-scripting-compiler-impl-embeddable:2.0.0-Beta3=kotlinBuildToolsApiClasspath,kotlinCompilerPluginClasspathJsMain,kotlinCompilerPluginClasspathJsTest,kotlinCompilerPluginClasspathJvmMain,kotlinCompilerPluginClasspathJvmTest,kotlinCompilerPluginClasspathWasmJsMain,kotlinCompilerPluginClasspathWasmJsTest,kotlinCompilerPluginClasspathWasmWasiMain,kotlinCompilerPluginClasspathWasmWasiTest
org.jetbrains.kotlin:kotlin-scripting-jvm:2.0.0-Beta3=kotlinBuildToolsApiClasspath,kotlinCompilerPluginClasspathJsMain,kotlinCompilerPluginClasspathJsTest,kotlinCompilerPluginClasspathJvmMain,kotlinCompilerPluginClasspathJvmTest,kotlinCompilerPluginClasspathWasmJsMain,kotlinCompilerPluginClasspathWasmJsTest,kotlinCompilerPluginClasspathWasmWasiMain,kotlinCompilerPluginClasspathWasmWasiTest
org.jetbrains.kotlin:kotlin-stdlib-common:2.0.0-Beta3=compileClasspath,jsNpmAggregated,jsTestNpmAggregated,testCompileClasspath,wasmJsNpmAggregated,wasmJsTestNpmAggregated,wasmWasiNpmAggregated,wasmWasiTestNpmAggregated
org.jetbrains.kotlin:kotlin-stdlib-jdk7:2.0.0-Beta3=compileClasspath,jvmCompileClasspath,jvmTestCompileClasspath,jvmTestRuntimeClasspath,testCompileClasspath
org.jetbrains.kotlin:kotlin-stdlib-jdk8:2.0.0-Beta3=compileClasspath,jvmCompileClasspath,jvmTestCompileClasspath,jvmTestRuntimeClasspath,testCompileClasspath
org.jetbrains.kotlin:kotlin-stdlib-js:2.0.0-Beta3=jsCompileClasspath,jsNpmAggregated,jsTestCompileClasspath,jsTestNpmAggregated,jsTestRuntimeClasspath
org.jetbrains.kotlin:kotlin-stdlib-wasm-js:2.0.0-Beta3=wasmJsCompileClasspath,wasmJsNpmAggregated,wasmJsTestCompileClasspath,wasmJsTestNpmAggregated,wasmJsTestRuntimeClasspath
org.jetbrains.kotlin:kotlin-stdlib-wasm-wasi:2.0.0-Beta3=wasmWasiCompileClasspath,wasmWasiNpmAggregated,wasmWasiTestCompileClasspath,wasmWasiTestNpmAggregated,wasmWasiTestRuntimeClasspath
org.jetbrains.kotlin:kotlin-stdlib:2.0.0-Beta3=compileClasspath,jsCompileClasspath,jsNpmAggregated,jsTestCompileClasspath,jsTestNpmAggregated,jsTestRuntimeClasspath,jvmCompileClasspath,jvmTestCompileClasspath,jvmTestRuntimeClasspath,kotlinBuildToolsApiClasspath,kotlinCompilerClasspath,kotlinCompilerPluginClasspathJsMain,kotlinCompilerPluginClasspathJsTest,kotlinCompilerPluginClasspathJvmMain,kotlinCompilerPluginClasspathJvmTest,kotlinCompilerPluginClasspathWasmJsMain,kotlinCompilerPluginClasspathWasmJsTest,kotlinCompilerPluginClasspathWasmWasiMain,kotlinCompilerPluginClasspathWasmWasiTest,linuxX64CompileKlibraries,linuxX64TestCompileKlibraries,macosArm64CompileKlibraries,macosArm64TestCompileKlibraries,macosX64CompileKlibraries,macosX64TestCompileKlibraries,mingwX64CompileKlibraries,mingwX64TestCompileKlibraries,testCompileClasspath,wasmJsCompileClasspath,wasmJsNpmAggregated,wasmJsTestCompileClasspath,wasmJsTestNpmAggregated,wasmJsTestRuntimeClasspath,wasmWasiCompileClasspath,wasmWasiNpmAggregated,wasmWasiTestCompileClasspath,wasmWasiTestNpmAggregated,wasmWasiTestRuntimeClasspath
org.jetbrains.kotlin:kotlin-test-js-runner:2.0.0-Beta3=jsNpmAggregated,jsTestNpmAggregated,wasmJsNpmAggregated,wasmJsTestNpmAggregated,wasmWasiNpmAggregated,wasmWasiTestNpmAggregated
org.jetbrains.kotlin:kotlin-test-js:2.0.0-Beta3=jsTestCompileClasspath,jsTestNpmAggregated,jsTestRuntimeClasspath
org.jetbrains.kotlin:kotlin-test-junit5:2.0.0-Beta3=jvmTestCompileClasspath,jvmTestRuntimeClasspath,testCompileClasspath
org.jetbrains.kotlin:kotlin-test-wasm-js:2.0.0-Beta3=wasmJsTestCompileClasspath,wasmJsTestNpmAggregated,wasmJsTestRuntimeClasspath
org.jetbrains.kotlin:kotlin-test-wasm-wasi:2.0.0-Beta3=wasmWasiTestCompileClasspath,wasmWasiTestNpmAggregated,wasmWasiTestRuntimeClasspath
org.jetbrains.kotlin:kotlin-test:2.0.0-Beta3=jsTestCompileClasspath,jsTestNpmAggregated,jsTestRuntimeClasspath,jvmTestCompileClasspath,jvmTestRuntimeClasspath,linuxX64TestCompileKlibraries,macosArm64TestCompileKlibraries,macosX64TestCompileKlibraries,mingwX64TestCompileKlibraries,testCompileClasspath,wasmJsTestCompileClasspath,wasmJsTestNpmAggregated,wasmJsTestRuntimeClasspath,wasmWasiTestCompileClasspath,wasmWasiTestNpmAggregated,wasmWasiTestRuntimeClasspath
org.jetbrains.kotlin:kotlin-tooling-core:2.0.0-Beta3=linuxX64CompileKlibraries,linuxX64TestCompileKlibraries,macosArm64CompileKlibraries,macosArm64TestCompileKlibraries,macosX64CompileKlibraries,macosX64TestCompileKlibraries,mingwX64CompileKlibraries,mingwX64TestCompileKlibraries
org.jetbrains.kotlin:kotlin-util-io:2.0.0-Beta3=linuxX64CompileKlibraries,linuxX64TestCompileKlibraries,macosArm64CompileKlibraries,macosArm64TestCompileKlibraries,macosX64CompileKlibraries,macosX64TestCompileKlibraries,mingwX64CompileKlibraries,mingwX64TestCompileKlibraries
org.jetbrains.kotlin:kotlin-util-klib:2.0.0-Beta3=linuxX64CompileKlibraries,linuxX64TestCompileKlibraries,macosArm64CompileKlibraries,macosArm64TestCompileKlibraries,macosX64CompileKlibraries,macosX64TestCompileKlibraries,mingwX64CompileKlibraries,mingwX64TestCompileKlibraries
org.jetbrains.kotlin:kotlinx-atomicfu-runtime:1.9.21=jsNpmAggregated,jsTestNpmAggregated,jsTestRuntimeClasspath
org.jetbrains.kotlinx:kotlinx-collections-immutable-js:0.4-wasm1=jsCompileClasspath,jsNpmAggregated,jsTestCompileClasspath,jsTestNpmAggregated,jsTestRuntimeClasspath
org.jetbrains.kotlinx:kotlinx-collections-immutable-jvm:0.4-wasm1=compileClasspath,jvmCompileClasspath,jvmTestCompileClasspath,jvmTestRuntimeClasspath,testCompileClasspath
org.jetbrains.kotlinx:kotlinx-collections-immutable-linuxx64:0.4-wasm1=linuxX64CompileKlibraries,linuxX64TestCompileKlibraries
org.jetbrains.kotlinx:kotlinx-collections-immutable-macosarm64:0.4-wasm1=macosArm64CompileKlibraries,macosArm64TestCompileKlibraries
org.jetbrains.kotlinx:kotlinx-collections-immutable-macosx64:0.4-wasm1=macosX64CompileKlibraries,macosX64TestCompileKlibraries
org.jetbrains.kotlinx:kotlinx-collections-immutable-mingwx64:0.4-wasm1=mingwX64CompileKlibraries,mingwX64TestCompileKlibraries
org.jetbrains.kotlinx:kotlinx-collections-immutable-wasm-js:0.4-wasm1=wasmJsCompileClasspath,wasmJsNpmAggregated,wasmJsTestCompileClasspath,wasmJsTestNpmAggregated,wasmJsTestRuntimeClasspath
org.jetbrains.kotlinx:kotlinx-collections-immutable-wasm-wasi:0.4-wasm1=wasmWasiCompileClasspath,wasmWasiNpmAggregated,wasmWasiTestCompileClasspath,wasmWasiTestNpmAggregated,wasmWasiTestRuntimeClasspath
org.jetbrains.kotlinx:kotlinx-collections-immutable:0.4-wasm1=compileClasspath,jsCompileClasspath,jsNpmAggregated,jsTestCompileClasspath,jsTestNpmAggregated,jsTestRuntimeClasspath,jvmCompileClasspath,jvmTestCompileClasspath,jvmTestRuntimeClasspath,linuxX64CompileKlibraries,linuxX64TestCompileKlibraries,macosArm64CompileKlibraries,macosArm64TestCompileKlibraries,macosX64CompileKlibraries,macosX64TestCompileKlibraries,mingwX64CompileKlibraries,mingwX64TestCompileKlibraries,testCompileClasspath,wasmJsCompileClasspath,wasmJsNpmAggregated,wasmJsTestCompileClasspath,wasmJsTestNpmAggregated,wasmJsTestRuntimeClasspath,wasmWasiCompileClasspath,wasmWasiNpmAggregated,wasmWasiTestCompileClasspath,wasmWasiTestNpmAggregated,wasmWasiTestRuntimeClasspath
org.jetbrains.kotlinx:kotlinx-coroutines-bom:1.8.0-RC2-wasm0=compileClasspath,jvmCompileClasspath,jvmTestCompileClasspath,jvmTestRuntimeClasspath,testCompileClasspath
org.jetbrains.kotlinx:kotlinx-coroutines-core-js:1.8.0-RC2-wasm0=jsCompileClasspath,jsNpmAggregated,jsTestCompileClasspath,jsTestNpmAggregated,jsTestRuntimeClasspath
org.jetbrains.kotlinx:kotlinx-coroutines-core-jvm:1.5.0=kotlinBuildToolsApiClasspath
org.jetbrains.kotlinx:kotlinx-coroutines-core-jvm:1.8.0-RC2-wasm0=compileClasspath,jvmCompileClasspath,jvmTestCompileClasspath,jvmTestRuntimeClasspath,testCompileClasspath
org.jetbrains.kotlinx:kotlinx-coroutines-core-linuxx64:1.8.0-RC2-wasm0=linuxX64CompileKlibraries,linuxX64TestCompileKlibraries
org.jetbrains.kotlinx:kotlinx-coroutines-core-macosarm64:1.8.0-RC2-wasm0=macosArm64CompileKlibraries,macosArm64TestCompileKlibraries
org.jetbrains.kotlinx:kotlinx-coroutines-core-macosx64:1.8.0-RC2-wasm0=macosX64CompileKlibraries,macosX64TestCompileKlibraries
org.jetbrains.kotlinx:kotlinx-coroutines-core-mingwx64:1.8.0-RC2-wasm0=mingwX64CompileKlibraries,mingwX64TestCompileKlibraries
org.jetbrains.kotlinx:kotlinx-coroutines-core-wasm-js:1.8.0-RC2-wasm0=wasmJsCompileClasspath,wasmJsNpmAggregated,wasmJsTestCompileClasspath,wasmJsTestNpmAggregated,wasmJsTestRuntimeClasspath
org.jetbrains.kotlinx:kotlinx-coroutines-core-wasm-wasi:1.8.0-RC2-wasm0=wasmWasiCompileClasspath,wasmWasiNpmAggregated,wasmWasiTestCompileClasspath,wasmWasiTestNpmAggregated,wasmWasiTestRuntimeClasspath
org.jetbrains.kotlinx:kotlinx-coroutines-core:1.8.0-RC2-wasm0=compileClasspath,jsCompileClasspath,jsNpmAggregated,jsTestCompileClasspath,jsTestNpmAggregated,jsTestRuntimeClasspath,jvmCompileClasspath,jvmTestCompileClasspath,jvmTestRuntimeClasspath,linuxX64CompileKlibraries,linuxX64TestCompileKlibraries,macosArm64CompileKlibraries,macosArm64TestCompileKlibraries,macosX64CompileKlibraries,macosX64TestCompileKlibraries,mingwX64CompileKlibraries,mingwX64TestCompileKlibraries,testCompileClasspath,wasmJsCompileClasspath,wasmJsNpmAggregated,wasmJsTestCompileClasspath,wasmJsTestNpmAggregated,wasmJsTestRuntimeClasspath,wasmWasiCompileClasspath,wasmWasiNpmAggregated,wasmWasiTestCompileClasspath,wasmWasiTestNpmAggregated,wasmWasiTestRuntimeClasspath
org.jetbrains.kotlinx:kotlinx-coroutines-jdk9:1.8.0-RC2-wasm0=compileClasspath,jvmCompileClasspath,jvmTestCompileClasspath,jvmTestRuntimeClasspath,testCompileClasspath
org.jetbrains.kotlinx:kotlinx-coroutines-reactive:1.8.0-RC2-wasm0=jvmTestRuntimeClasspath
org.jetbrains.kotlinx:kotlinx-coroutines-slf4j:1.8.0-RC2-wasm0=compileClasspath,jvmCompileClasspath,jvmTestCompileClasspath,jvmTestRuntimeClasspath,testCompileClasspath
org.jetbrains.kotlinx:kotlinx-datetime-js:0.5.0-wasm0=jsCompileClasspath,jsNpmAggregated,jsTestCompileClasspath,jsTestNpmAggregated,jsTestRuntimeClasspath
org.jetbrains.kotlinx:kotlinx-datetime-jvm:0.5.0-wasm0=compileClasspath,jvmCompileClasspath,jvmTestCompileClasspath,jvmTestRuntimeClasspath,testCompileClasspath
org.jetbrains.kotlinx:kotlinx-datetime-linuxx64:0.5.0-wasm0=linuxX64CompileKlibraries,linuxX64TestCompileKlibraries
org.jetbrains.kotlinx:kotlinx-datetime-macosarm64:0.5.0-wasm0=macosArm64CompileKlibraries,macosArm64TestCompileKlibraries
org.jetbrains.kotlinx:kotlinx-datetime-macosx64:0.5.0-wasm0=macosX64CompileKlibraries,macosX64TestCompileKlibraries
org.jetbrains.kotlinx:kotlinx-datetime-mingwx64:0.5.0-wasm0=mingwX64CompileKlibraries,mingwX64TestCompileKlibraries
org.jetbrains.kotlinx:kotlinx-datetime-wasm-js:0.5.0-wasm0=wasmJsCompileClasspath,wasmJsNpmAggregated,wasmJsTestCompileClasspath,wasmJsTestNpmAggregated,wasmJsTestRuntimeClasspath
org.jetbrains.kotlinx:kotlinx-datetime-wasm-wasi:0.5.0-wasm0=wasmWasiCompileClasspath,wasmWasiNpmAggregated,wasmWasiTestCompileClasspath,wasmWasiTestNpmAggregated,wasmWasiTestRuntimeClasspath
org.jetbrains.kotlinx:kotlinx-datetime:0.5.0-wasm0=compileClasspath,jsCompileClasspath,jsNpmAggregated,jsTestCompileClasspath,jsTestNpmAggregated,jsTestRuntimeClasspath,jvmCompileClasspath,jvmTestCompileClasspath,jvmTestRuntimeClasspath,linuxX64CompileKlibraries,linuxX64TestCompileKlibraries,macosArm64CompileKlibraries,macosArm64TestCompileKlibraries,macosX64CompileKlibraries,macosX64TestCompileKlibraries,mingwX64CompileKlibraries,mingwX64TestCompileKlibraries,testCompileClasspath,wasmJsCompileClasspath,wasmJsNpmAggregated,wasmJsTestCompileClasspath,wasmJsTestNpmAggregated,wasmJsTestRuntimeClasspath,wasmWasiCompileClasspath,wasmWasiNpmAggregated,wasmWasiTestCompileClasspath,wasmWasiTestNpmAggregated,wasmWasiTestRuntimeClasspath
org.jetbrains:annotations:13.0=kotlinBuildToolsApiClasspath,kotlinCompilerClasspath,kotlinCompilerPluginClasspathJsMain,kotlinCompilerPluginClasspathJsTest,kotlinCompilerPluginClasspathJvmMain,kotlinCompilerPluginClasspathJvmTest,kotlinCompilerPluginClasspathWasmJsMain,kotlinCompilerPluginClasspathWasmJsTest,kotlinCompilerPluginClasspathWasmWasiMain,kotlinCompilerPluginClasspathWasmWasiTest
org.jetbrains:annotations:24.1.0=compileClasspath,jvmCompileClasspath,jvmTestCompileClasspath,jvmTestRuntimeClasspath,testCompileClasspath
org.junit.jupiter:junit-jupiter-api:5.10.1=jvmTestCompileClasspath,jvmTestRuntimeClasspath,testCompileClasspath
org.junit.jupiter:junit-jupiter-engine:5.10.1=jvmTestRuntimeClasspath
org.junit.jupiter:junit-jupiter-params:5.10.1=jvmTestCompileClasspath,jvmTestRuntimeClasspath,testCompileClasspath
org.junit.jupiter:junit-jupiter:5.10.1=jvmTestCompileClasspath,jvmTestRuntimeClasspath,testCompileClasspath
org.junit.platform:junit-platform-commons:1.10.1=jvmTestCompileClasspath,jvmTestRuntimeClasspath,testCompileClasspath
org.junit.platform:junit-platform-engine:1.10.1=jvmTestRuntimeClasspath
org.junit:junit-bom:5.10.1=jvmTestCompileClasspath,jvmTestRuntimeClasspath,testCompileClasspath
org.opentest4j:opentest4j:1.3.0=jvmTestCompileClasspath,jvmTestRuntimeClasspath,testCompileClasspath
org.reactivestreams:reactive-streams:1.0.3=jvmTestRuntimeClasspath
org.slf4j:slf4j-api:2.0.11=compileClasspath,jvmCompileClasspath,jvmTestCompileClasspath,jvmTestRuntimeClasspath,testCompileClasspath
empty=annotationProcessor,kotlinCompilerPluginClasspathLinuxX64Main,kotlinCompilerPluginClasspathLinuxX64Test,kotlinCompilerPluginClasspathMacosArm64Main,kotlinCompilerPluginClasspathMacosArm64Test,kotlinCompilerPluginClasspathMacosX64Main,kotlinCompilerPluginClasspathMacosX64Test,kotlinCompilerPluginClasspathMingwX64Main,kotlinCompilerPluginClasspathMingwX64Test,kotlinScriptDefExtensions,testAnnotationProcessor,testKotlinScriptDefExtensions
