# This is a Gradle generated file for dependency locking.
# Manual edits can break the build and are not advised.
# This file is expected to be part of source control.
com.amazonaws:aws-java-sdk-bom:1.12.734=runtimeClasspath
com.azure:azure-sdk-bom:1.2.24=runtimeClasspath
com.fasterxml.jackson:jackson-bom:2.17.1=runtimeClasspath
com.google.code.findbugs:jsr305:3.0.2=runtimeClasspath
com.google.errorprone:error_prone_annotations:2.26.1=runtimeClasspath
com.google.guava:failureaccess:1.0.2=runtimeClasspath
com.google.guava:guava:33.2.1-jre=runtimeClasspath
com.google.guava:listenablefuture:9999.0-empty-to-avoid-conflict-with-guava=runtimeClasspath
com.google.protobuf:protobuf-bom:3.25.3=runtimeClasspath
com.oracle.coherence.ce:coherence-bom:23.03=runtimeClasspath
commons-codec:commons-codec:1.17.0=runtimeClasspath
commons-io:commons-io:2.16.1=runtimeClasspath
dev.elide:elide-uuid-core-jvm:2.0.0-Beta3-0.20.0-rc1=runtimeClasspath
dev.elide:elide-uuid-core:2.0.0-Beta3-0.20.0-rc1=runtimeClasspath
io.grpc:grpc-bom:1.62.2=runtimeClasspath
io.kotest:kotest-bom:5.8.1=runtimeClasspath
io.ktor:ktor-bom:2.3.9=runtimeClasspath
io.micrometer:micrometer-bom:1.12.6=runtimeClasspath
io.micronaut.acme:micronaut-acme-bom:5.1.0=runtimeClasspath
io.micronaut.aot:micronaut-aot-bom:2.4.0=runtimeClasspath
io.micronaut.aws:micronaut-aws-bom:4.6.0=runtimeClasspath
io.micronaut.azure:micronaut-azure-bom:5.5.1=runtimeClasspath
io.micronaut.beanvalidation:micronaut-hibernate-validator-bom:4.3.0=runtimeClasspath
io.micronaut.cache:micronaut-cache-bom:4.3.0=runtimeClasspath
io.micronaut.cassandra:micronaut-cassandra-bom:6.4.0=runtimeClasspath
io.micronaut.chatbots:micronaut-chatbots-bom:1.1.0=runtimeClasspath
io.micronaut.coherence:micronaut-coherence-bom:4.0.0=runtimeClasspath
io.micronaut.controlpanel:micronaut-control-panel-bom:1.4.0=runtimeClasspath
io.micronaut.crac:micronaut-crac-bom:2.3.0=runtimeClasspath
io.micronaut.data:micronaut-data-bom:4.8.1=runtimeClasspath
io.micronaut.discovery:micronaut-discovery-client-bom:4.3.0=runtimeClasspath
io.micronaut.eclipsestore:micronaut-eclipsestore-bom:1.5.0=runtimeClasspath
io.micronaut.elasticsearch:micronaut-elasticsearch-bom:5.5.0=runtimeClasspath
io.micronaut.email:micronaut-email-bom:2.5.0=runtimeClasspath
io.micronaut.flyway:micronaut-flyway-bom:7.3.0=runtimeClasspath
io.micronaut.gcp:micronaut-gcp-bom:5.6.0=runtimeClasspath
io.micronaut.graphql:micronaut-graphql-bom:4.4.0=runtimeClasspath
io.micronaut.groovy:micronaut-groovy-bom:4.3.0=runtimeClasspath
io.micronaut.grpc:micronaut-grpc-bom:4.5.0=runtimeClasspath
io.micronaut.guice:micronaut-guice-bom:1.0.0=runtimeClasspath
io.micronaut.jaxrs:micronaut-jaxrs-bom:4.5.0=runtimeClasspath
io.micronaut.jms:micronaut-jms-bom:3.4.0=runtimeClasspath
io.micronaut.jmx:micronaut-jmx-bom:4.3.0=runtimeClasspath
io.micronaut.jsonschema:micronaut-json-schema-bom:1.1.0=runtimeClasspath
io.micronaut.kafka:micronaut-kafka-bom:5.5.0=runtimeClasspath
io.micronaut.kotlin:micronaut-kotlin-bom:4.3.0=runtimeClasspath
io.micronaut.kubernetes:micronaut-kubernetes-bom:6.1.0=runtimeClasspath
io.micronaut.liquibase:micronaut-liquibase-bom:6.4.0=runtimeClasspath
io.micronaut.logging:micronaut-logging-bom:1.3.0=runtimeClasspath
io.micronaut.micrometer:micronaut-micrometer-bom:5.7.0=runtimeClasspath
io.micronaut.microstream:micronaut-microstream-bom:2.5.0=runtimeClasspath
io.micronaut.mongodb:micronaut-mongo-bom:5.3.0=runtimeClasspath
io.micronaut.mqtt:micronaut-mqtt-bom:3.3.0=runtimeClasspath
io.micronaut.multitenancy:micronaut-multitenancy-bom:5.3.0=runtimeClasspath
io.micronaut.nats:micronaut-nats-bom:4.4.0=runtimeClasspath
io.micronaut.neo4j:micronaut-neo4j-bom:6.6.0=runtimeClasspath
io.micronaut.objectstorage:micronaut-object-storage-bom:2.5.0=runtimeClasspath
io.micronaut.openapi:micronaut-openapi-bom:6.11.0=runtimeClasspath
io.micronaut.opensearch:micronaut-opensearch-bom:1.1.0=runtimeClasspath
io.micronaut.oraclecloud:micronaut-oraclecloud-bom:4.1.0=runtimeClasspath
io.micronaut.picocli:micronaut-picocli-bom:5.4.0=runtimeClasspath
io.micronaut.platform:micronaut-platform:4.5.0=runtimeClasspath
io.micronaut.problem:micronaut-problem-json-bom:3.4.0=runtimeClasspath
io.micronaut.pulsar:micronaut-pulsar-bom:2.3.0=runtimeClasspath
io.micronaut.r2dbc:micronaut-r2dbc-bom:5.5.0=runtimeClasspath
io.micronaut.rabbitmq:micronaut-rabbitmq-bom:4.4.0=runtimeClasspath
io.micronaut.reactor:micronaut-reactor-bom:3.4.0=runtimeClasspath
io.micronaut.redis:micronaut-redis-bom:6.4.0=runtimeClasspath
io.micronaut.rss:micronaut-rss-bom:4.3.0=runtimeClasspath
io.micronaut.rxjava2:micronaut-rxjava2-bom:2.4.0=runtimeClasspath
io.micronaut.rxjava3:micronaut-rxjava3-bom:3.4.0=runtimeClasspath
io.micronaut.security:micronaut-security-bom:4.9.0=runtimeClasspath
io.micronaut.serde:micronaut-serde-bom:2.10.1=runtimeClasspath
io.micronaut.servlet:micronaut-servlet-bom:4.9.1=runtimeClasspath
io.micronaut.session:micronaut-session-bom:4.3.0=runtimeClasspath
io.micronaut.sourcegen:micronaut-sourcegen-bom:1.1.0=runtimeClasspath
io.micronaut.spring:micronaut-spring-bom:5.7.0=runtimeClasspath
io.micronaut.sql:micronaut-sql-bom:5.7.0=runtimeClasspath
io.micronaut.test:micronaut-test-bom:4.3.0=runtimeClasspath
io.micronaut.testresources:micronaut-test-resources-bom:2.5.2=runtimeClasspath
io.micronaut.toml:micronaut-toml-bom:2.3.0=runtimeClasspath
io.micronaut.tracing:micronaut-tracing-bom:6.6.0=runtimeClasspath
io.micronaut.validation:micronaut-validation-bom:4.6.0=runtimeClasspath
io.micronaut.views:micronaut-views-bom:5.4.0=runtimeClasspath
io.micronaut.xml:micronaut-jackson-xml-bom:4.3.0=runtimeClasspath
io.micronaut:micronaut-aop:4.5.3=runtimeClasspath
io.micronaut:micronaut-context:4.5.3=runtimeClasspath
io.micronaut:micronaut-core-bom:4.5.3=runtimeClasspath
io.micronaut:micronaut-core:4.5.3=runtimeClasspath
io.micronaut:micronaut-inject:4.5.3=runtimeClasspath
io.netty:netty-bom:4.1.110.Final=runtimeClasspath
io.opentelemetry.instrumentation:opentelemetry-instrumentation-bom-alpha:1.33.3-alpha=runtimeClasspath
io.opentelemetry.instrumentation:opentelemetry-instrumentation-bom:1.33.3=runtimeClasspath
io.opentelemetry:opentelemetry-bom-alpha:1.38.0-alpha=runtimeClasspath
io.opentelemetry:opentelemetry-bom:1.32.0=runtimeClasspath
io.projectreactor:reactor-bom:2023.0.6=runtimeClasspath
io.rest-assured:rest-assured-bom:5.4.0=runtimeClasspath
io.zipkin.brave:brave-bom:6.0.3=runtimeClasspath
io.zipkin.reporter2:zipkin-reporter-bom:3.4.0=runtimeClasspath
jakarta.annotation:jakarta.annotation-api:2.1.1=runtimeClasspath
jakarta.inject:jakarta.inject-api:2.0.1=runtimeClasspath
org.apache.commons:commons-compress:1.26.2=runtimeClasspath
org.apache.commons:commons-lang3:3.14.0=runtimeClasspath
org.apache.groovy:groovy-bom:4.0.18=runtimeClasspath
org.apache.logging.log4j:log4j-bom:2.23.1=runtimeClasspath
org.checkerframework:checker-qual:3.42.0=runtimeClasspath
org.eclipse.jetty:jetty-bom:11.0.21=runtimeClasspath
org.graalvm.js:js-language:24.2.0-SNAPSHOT=runtimeClasspath
org.graalvm.polyglot:polyglot:24.2.0-SNAPSHOT=runtimeClasspath
org.graalvm.regex:regex:24.2.0-SNAPSHOT=runtimeClasspath
org.graalvm.sdk:collections:24.2.0-SNAPSHOT=runtimeClasspath
org.graalvm.sdk:nativeimage:24.2.0-SNAPSHOT=runtimeClasspath
org.graalvm.sdk:word:24.2.0-SNAPSHOT=runtimeClasspath
org.graalvm.shadowed:icu4j:24.2.0-SNAPSHOT=runtimeClasspath
org.graalvm.truffle:truffle-api:24.2.0-SNAPSHOT=runtimeClasspath
org.jdbi:jdbi3-bom:3.45.1=runtimeClasspath
org.jetbrains.kotlin:kotlin-bom:1.9.24=runtimeClasspath
org.jetbrains.kotlin:kotlin-stdlib-common:2.0.10-RC=runtimeClasspath
org.jetbrains.kotlin:kotlin-stdlib-jdk7:2.0.10-RC=runtimeClasspath
org.jetbrains.kotlin:kotlin-stdlib-jdk8:2.0.10-RC=runtimeClasspath
org.jetbrains.kotlin:kotlin-stdlib:2.0.10-RC=runtimeClasspath
org.jetbrains.kotlinx:atomicfu-jvm:0.24.0=runtimeClasspath
org.jetbrains.kotlinx:atomicfu:0.24.0=runtimeClasspath
org.jetbrains.kotlinx:kotlinx-collections-immutable-jvm:0.3.7=runtimeClasspath
org.jetbrains.kotlinx:kotlinx-collections-immutable:0.3.7=runtimeClasspath
org.jetbrains.kotlinx:kotlinx-coroutines-bom:1.9.0-RC=runtimeClasspath
org.jetbrains.kotlinx:kotlinx-coroutines-core-jvm:1.9.0-RC=runtimeClasspath
org.jetbrains.kotlinx:kotlinx-coroutines-core:1.9.0-RC=runtimeClasspath
org.jetbrains.kotlinx:kotlinx-coroutines-jdk9:1.9.0-RC=runtimeClasspath
org.jetbrains.kotlinx:kotlinx-coroutines-reactive:1.9.0-RC=runtimeClasspath
org.jetbrains.kotlinx:kotlinx-coroutines-slf4j:1.9.0-RC=runtimeClasspath
org.jetbrains.kotlinx:kotlinx-datetime-jvm:0.6.0=runtimeClasspath
org.jetbrains.kotlinx:kotlinx-datetime:0.6.0=runtimeClasspath
org.jetbrains.kotlinx:kotlinx-io-bytestring-jvm:0.5.0=runtimeClasspath
org.jetbrains.kotlinx:kotlinx-io-bytestring:0.5.0=runtimeClasspath
org.jetbrains.kotlinx:kotlinx-io-core-jvm:0.5.0=runtimeClasspath
org.jetbrains.kotlinx:kotlinx-io-core:0.5.0=runtimeClasspath
org.jetbrains.kotlinx:kotlinx-serialization-bom:1.7.1=runtimeClasspath
org.jetbrains.kotlinx:kotlinx-serialization-core-jvm:1.7.1=runtimeClasspath
org.jetbrains.kotlinx:kotlinx-serialization-core:1.7.1=runtimeClasspath
org.jetbrains.kotlinx:kotlinx-serialization-json-jvm:1.7.1=runtimeClasspath
org.jetbrains.kotlinx:kotlinx-serialization-json:1.7.1=runtimeClasspath
org.jetbrains:annotations:24.1.0=runtimeClasspath
org.junit:junit-bom:5.10.2=runtimeClasspath
org.reactivestreams:reactive-streams:1.0.4=runtimeClasspath
org.slf4j:slf4j-api:2.0.13=runtimeClasspath
org.spockframework:spock-bom:2.3-groovy-4.0=runtimeClasspath
org.springframework:spring-framework-bom:6.1.8=runtimeClasspath
org.testcontainers:testcontainers-bom:1.19.7=runtimeClasspath
software.amazon.awssdk:bom:2.25.64=runtimeClasspath
empty=
