# This is a Gradle generated file for dependency locking.
# Manual edits can break the build and are not advised.
# This file is expected to be part of source control.
ch.qos.logback:logback-classic:1.3.5=ktlint
ch.qos.logback:logback-classic:1.4.8=testCompileProtoPath,testRuntimeClasspath
ch.qos.logback:logback-core:1.3.5=ktlint
ch.qos.logback:logback-core:1.4.8=testCompileProtoPath,testRuntimeClasspath
com.aayushatharva.brotli4j:brotli4j:1.12.0=testCompileProtoPath,testRuntimeClasspath
com.aayushatharva.brotli4j:native-linux-x86_64:1.12.0=testCompileProtoPath,testRuntimeClasspath
com.aayushatharva.brotli4j:native-osx-x86_64:1.12.0=testCompileProtoPath,testRuntimeClasspath
com.aayushatharva.brotli4j:native-windows-x86_64:1.12.0=testCompileProtoPath,testRuntimeClasspath
com.aayushatharva.brotli4j:service:1.12.0=testCompileProtoPath,testRuntimeClasspath
com.amazonaws:aws-java-sdk-bom:1.12.320=testCompileClasspath
com.amazonaws:aws-java-sdk-bom:1.12.477=testCompileProtoPath,testRuntimeClasspath
com.azure:azure-sdk-bom:1.2.12=testCompileProtoPath,testRuntimeClasspath
com.azure:azure-sdk-bom:1.2.4=testCompileClasspath
com.beust:jcommander:1.82=detekt
com.fasterxml.jackson.core:jackson-annotations:2.14.2=testCompileClasspath,testCompileProtoPath,testRuntimeClasspath
com.fasterxml.jackson.core:jackson-core:2.14.2=testCompileClasspath,testCompileProtoPath,testRuntimeClasspath
com.fasterxml.jackson.core:jackson-databind:2.14.2=testCompileClasspath,testCompileProtoPath,testRuntimeClasspath
com.fasterxml.jackson.datatype:jackson-datatype-jdk8:2.14.2=testCompileClasspath,testCompileProtoPath,testRuntimeClasspath
com.fasterxml.jackson.datatype:jackson-datatype-jsr310:2.14.2=testCompileClasspath,testCompileProtoPath,testRuntimeClasspath
com.fasterxml.jackson:jackson-bom:2.14.2=testCompileClasspath,testCompileProtoPath,testRuntimeClasspath
com.google.android:annotations:4.1.1.4=testCompileProtoPath,testRuntimeClasspath
com.google.api:api-common:2.14.1=testCompileProtoPath,testRuntimeClasspath
com.google.auto.value:auto-value-annotations:1.10.1=testCompileClasspath,testImplementationDependenciesMetadata
com.google.auto.value:auto-value-annotations:1.10.2=testCompileProtoPath,testRuntimeClasspath
com.google.cloud:native-image-support:0.14.1=compileClasspath,compileOnlyDependenciesMetadata,compileProtoPath
com.google.code.findbugs:jsr305:3.0.2=apiDependenciesMetadata,compileClasspath,compileProtoPath,implementationDependenciesMetadata,runtimeClasspath,testCompileClasspath,testCompileProtoPath,testImplementationDependenciesMetadata,testRuntimeClasspath
com.google.code.gson:gson:2.10.1=testCompileProtoPath,testRuntimeClasspath
com.google.code.gson:gson:2.8.9=apiDependenciesMetadata,compileClasspath,compileProtoPath,implementationDependenciesMetadata,runtimeClasspath,testCompileClasspath,testImplementationDependenciesMetadata
com.google.common.html.types:proto:1.0.8=compileClasspath,compileProtoPath,implementationDependenciesMetadata,runtimeClasspath,testCompileClasspath,testCompileProtoPath,testImplementationDependenciesMetadata,testRuntimeClasspath
com.google.common.html.types:types:1.0.8=apiDependenciesMetadata,compileClasspath,compileProtoPath,implementationDependenciesMetadata,runtimeClasspath,testCompileClasspath,testCompileProtoPath,testImplementationDependenciesMetadata,testRuntimeClasspath
com.google.crypto.tink:tink:1.10.0=testCompileProtoPath,testRuntimeClasspath
com.google.errorprone:error_prone_annotations:2.11.0=apiDependenciesMetadata,compileClasspath,compileProtoPath,implementationDependenciesMetadata,runtimeClasspath
com.google.errorprone:error_prone_annotations:2.19.1=testCompileClasspath,testCompileProtoPath,testImplementationDependenciesMetadata,testRuntimeClasspath
com.google.flatbuffers:flatbuffers-java:22.12.06=testCompileProtoPath,testRuntimeClasspath
com.google.guava:failureaccess:1.0.1=apiDependenciesMetadata,compileClasspath,compileProtoPath,implementationDependenciesMetadata,runtimeClasspath,testCompileClasspath,testCompileProtoPath,testImplementationDependenciesMetadata,testRuntimeClasspath
com.google.guava:guava-parent:32.1.1-jre=testCompileProtoPath,testRuntimeClasspath
com.google.guava:guava:31.1-android=apiDependenciesMetadata,compileClasspath,compileProtoPath,implementationDependenciesMetadata,runtimeClasspath
com.google.guava:guava:32.0.1-android=testCompileClasspath,testImplementationDependenciesMetadata
com.google.guava:guava:32.1.1-jre=testCompileProtoPath,testRuntimeClasspath
com.google.guava:listenablefuture:9999.0-empty-to-avoid-conflict-with-guava=apiDependenciesMetadata,compileClasspath,compileProtoPath,implementationDependenciesMetadata,runtimeClasspath,testCompileClasspath,testImplementationDependenciesMetadata
com.google.j2objc:j2objc-annotations:1.3=apiDependenciesMetadata,compileClasspath,compileProtoPath,implementationDependenciesMetadata,runtimeClasspath
com.google.j2objc:j2objc-annotations:2.8=testCompileClasspath,testCompileProtoPath,testImplementationDependenciesMetadata,testRuntimeClasspath
com.google.jimfs:jimfs:1.3.0=testCompileProtoPath,testRuntimeClasspath
com.google.jsinterop:jsinterop-annotations:1.0.1=apiDependenciesMetadata,compileClasspath,compileProtoPath,implementationDependenciesMetadata,runtimeClasspath,testCompileClasspath,testCompileProtoPath,testImplementationDependenciesMetadata,testRuntimeClasspath
com.google.protobuf:protobuf-bom:3.21.12=testCompileProtoPath,testRuntimeClasspath
com.google.protobuf:protobuf-java-util:3.21.11=apiDependenciesMetadata,compileClasspath,compileProtoPath,implementationDependenciesMetadata,runtimeClasspath,testCompileClasspath,testImplementationDependenciesMetadata
com.google.protobuf:protobuf-java-util:3.21.12=testCompileProtoPath,testRuntimeClasspath
com.google.protobuf:protobuf-java:3.21.11=apiDependenciesMetadata,compileClasspath,compileProtoPath,implementationDependenciesMetadata,runtimeClasspath
com.google.protobuf:protobuf-java:3.23.2=testCompileClasspath,testCompileProtoPath,testImplementationDependenciesMetadata,testRuntimeClasspath
com.google.protobuf:protobuf-kotlin:3.21.11=apiDependenciesMetadata,compileClasspath,compileProtoPath,implementationDependenciesMetadata,runtimeClasspath,testCompileClasspath,testCompileProtoPath,testImplementationDependenciesMetadata,testRuntimeClasspath
com.google.protobuf:protoc:3.21.11=protobufToolsLocator_protoc
com.google.truth.extensions:truth-java8-extension:1.1.5=testCompileClasspath,testCompileProtoPath,testImplementationDependenciesMetadata,testRuntimeClasspath
com.google.truth.extensions:truth-liteproto-extension:1.1.5=testCompileClasspath,testCompileProtoPath,testImplementationDependenciesMetadata,testRuntimeClasspath
com.google.truth.extensions:truth-proto-extension:1.1.5=testCompileClasspath,testCompileProtoPath,testImplementationDependenciesMetadata,testRuntimeClasspath
com.google.truth:truth:1.1.5=testCompileClasspath,testCompileProtoPath,testImplementationDependenciesMetadata,testRuntimeClasspath
com.lmax:disruptor:3.4.4=testCompileProtoPath,testRuntimeClasspath
com.oracle.coherence.ce:coherence-bom:22.06.1=testCompileClasspath
com.oracle.coherence.ce:coherence-bom:22.06.2=testCompileProtoPath,testRuntimeClasspath
com.pinterest.ktlint:ktlint-cli-reporter:0.50.0=ktlint,ktlintBaselineReporter
com.pinterest.ktlint:ktlint-cli-ruleset-core:0.50.0=ktlint
com.pinterest.ktlint:ktlint-logger:0.50.0=ktlint,ktlintBaselineReporter
com.pinterest.ktlint:ktlint-reporter-baseline:0.50.0=ktlint,ktlintBaselineReporter
com.pinterest.ktlint:ktlint-reporter-checkstyle:0.50.0=ktlint
com.pinterest.ktlint:ktlint-reporter-format:0.50.0=ktlint
com.pinterest.ktlint:ktlint-reporter-html:0.50.0=ktlint
com.pinterest.ktlint:ktlint-reporter-json:0.50.0=ktlint
com.pinterest.ktlint:ktlint-reporter-plain-summary:0.50.0=ktlint
com.pinterest.ktlint:ktlint-reporter-plain:0.50.0=ktlint
com.pinterest.ktlint:ktlint-reporter-sarif:0.50.0=ktlint
com.pinterest.ktlint:ktlint-rule-engine-core:0.50.0=ktlint,ktlintBaselineReporter
com.pinterest.ktlint:ktlint-rule-engine:0.50.0=ktlint
com.pinterest.ktlint:ktlint-ruleset-standard:0.50.0=ktlint
com.pinterest:ktlint:0.50.0=ktlint
dev.elide:elide-uuid-jvm:0.8.22=compileProtoPath,runtimeClasspath,testCompileProtoPath,testRuntimeClasspath
dev.elide:elide-uuid:0.8.22=compileProtoPath,runtimeClasspath,testCompileProtoPath,testRuntimeClasspath
info.picocli:picocli:4.7.4=ktlint
io.github.davidburstrom.contester:contester-breakpoint:0.2.0=detekt
io.github.detekt.sarif4k:sarif4k-jvm:0.4.0=detekt,ktlint
io.github.detekt.sarif4k:sarif4k:0.4.0=detekt,ktlint
io.github.microutils:kotlin-logging-jvm:3.0.5=ktlint,ktlintBaselineReporter
io.gitlab.arturbosch.detekt:detekt-api:1.23.1=detekt
io.gitlab.arturbosch.detekt:detekt-cli:1.23.1=detekt
io.gitlab.arturbosch.detekt:detekt-core:1.23.1=detekt
io.gitlab.arturbosch.detekt:detekt-metrics:1.23.1=detekt
io.gitlab.arturbosch.detekt:detekt-parser:1.23.1=detekt
io.gitlab.arturbosch.detekt:detekt-psi-utils:1.23.1=detekt
io.gitlab.arturbosch.detekt:detekt-report-html:1.23.1=detekt
io.gitlab.arturbosch.detekt:detekt-report-md:1.23.1=detekt
io.gitlab.arturbosch.detekt:detekt-report-sarif:1.23.1=detekt
io.gitlab.arturbosch.detekt:detekt-report-txt:1.23.1=detekt
io.gitlab.arturbosch.detekt:detekt-report-xml:1.23.1=detekt
io.gitlab.arturbosch.detekt:detekt-rules-complexity:1.23.1=detekt
io.gitlab.arturbosch.detekt:detekt-rules-coroutines:1.23.1=detekt
io.gitlab.arturbosch.detekt:detekt-rules-documentation:1.23.1=detekt
io.gitlab.arturbosch.detekt:detekt-rules-empty:1.23.1=detekt
io.gitlab.arturbosch.detekt:detekt-rules-errorprone:1.23.1=detekt
io.gitlab.arturbosch.detekt:detekt-rules-exceptions:1.23.1=detekt
io.gitlab.arturbosch.detekt:detekt-rules-naming:1.23.1=detekt
io.gitlab.arturbosch.detekt:detekt-rules-performance:1.23.1=detekt
io.gitlab.arturbosch.detekt:detekt-rules-style:1.23.1=detekt
io.gitlab.arturbosch.detekt:detekt-rules:1.23.1=detekt
io.gitlab.arturbosch.detekt:detekt-tooling:1.23.1=detekt
io.gitlab.arturbosch.detekt:detekt-utils:1.23.1=detekt
io.grpc:grpc-api:1.57.0=testCompileProtoPath,testRuntimeClasspath
io.grpc:grpc-bom:1.54.0=testCompileProtoPath,testRuntimeClasspath
io.grpc:grpc-context:1.57.0=testCompileProtoPath,testRuntimeClasspath
io.grpc:grpc-core:1.57.0=testCompileProtoPath,testRuntimeClasspath
io.grpc:grpc-stub:1.57.0=testCompileProtoPath,testRuntimeClasspath
io.grpc:grpc-testing:1.57.0=testCompileProtoPath,testRuntimeClasspath
io.ktor:ktor-bom:1.6.8=testCompileClasspath,testCompileProtoPath,testRuntimeClasspath
io.micrometer:micrometer-bom:1.10.5=testCompileProtoPath,testRuntimeClasspath
io.micrometer:micrometer-bom:1.9.4=testCompileClasspath
io.micronaut.aws:micronaut-aws-bom:3.17.3=testCompileProtoPath,testRuntimeClasspath
io.micronaut.aws:micronaut-aws-bom:3.9.3=testCompileClasspath
io.micronaut.azure:micronaut-azure-bom:3.5.0=testCompileClasspath
io.micronaut.azure:micronaut-azure-bom:4.1.1=testCompileProtoPath,testRuntimeClasspath
io.micronaut.beanvalidation:micronaut-hibernate-validator-bom:3.3.0=testCompileProtoPath,testRuntimeClasspath
io.micronaut.cache:micronaut-cache-bom:3.5.0=testCompileClasspath,testCompileProtoPath,testRuntimeClasspath
io.micronaut.chatbots:micronaut-chatbots-bom:1.0.0-M1=testCompileProtoPath,testRuntimeClasspath
io.micronaut.coherence:micronaut-coherence-bom:3.5.1=testCompileClasspath
io.micronaut.coherence:micronaut-coherence-bom:3.7.2=testCompileProtoPath,testRuntimeClasspath
io.micronaut.crac:micronaut-crac-bom:1.0.1=testCompileClasspath
io.micronaut.crac:micronaut-crac-bom:1.2.3=testCompileProtoPath,testRuntimeClasspath
io.micronaut.data:micronaut-data-bom:3.10.0=testCompileProtoPath,testRuntimeClasspath
io.micronaut.data:micronaut-data-bom:3.8.1=testCompileClasspath
io.micronaut.discovery:micronaut-discovery-client-bom:3.3.1=testCompileProtoPath,testRuntimeClasspath
io.micronaut.email:micronaut-email-bom:1.3.2=testCompileClasspath
io.micronaut.email:micronaut-email-bom:1.5.0=testCompileProtoPath,testRuntimeClasspath
io.micronaut.flyway:micronaut-flyway-bom:5.4.1=testCompileClasspath
io.micronaut.flyway:micronaut-flyway-bom:5.5.0=testCompileProtoPath,testRuntimeClasspath
io.micronaut.gcp:micronaut-gcp-bom:4.10.2=testCompileProtoPath,testRuntimeClasspath
io.micronaut.gcp:micronaut-gcp-bom:4.6.0=testCompileClasspath
io.micronaut.groovy:micronaut-groovy-bom:3.3.1=testCompileClasspath
io.micronaut.groovy:micronaut-groovy-bom:3.4.0=testCompileProtoPath,testRuntimeClasspath
io.micronaut.grpc:micronaut-grpc-bom:3.3.1=testCompileClasspath
io.micronaut.grpc:micronaut-grpc-bom:3.6.0=testCompileProtoPath,testRuntimeClasspath
io.micronaut.grpc:micronaut-protobuff-support:3.6.0=testCompileProtoPath,testRuntimeClasspath
io.micronaut.jaxrs:micronaut-jaxrs-bom:3.4.0=testCompileClasspath,testCompileProtoPath,testRuntimeClasspath
io.micronaut.jmx:micronaut-jmx-bom:3.2.0=testCompileProtoPath,testRuntimeClasspath
io.micronaut.kafka:micronaut-kafka-bom:4.4.1=testCompileClasspath
io.micronaut.kafka:micronaut-kafka-bom:4.5.4=testCompileProtoPath,testRuntimeClasspath
io.micronaut.kotlin:micronaut-kotlin-bom:3.2.2=testCompileClasspath,testCompileProtoPath,testRuntimeClasspath
io.micronaut.kubernetes:micronaut-kubernetes-bom:3.4.0=testCompileClasspath
io.micronaut.kubernetes:micronaut-kubernetes-bom:4.0.1=testCompileProtoPath,testRuntimeClasspath
io.micronaut.liquibase:micronaut-liquibase-bom:5.4.1=testCompileClasspath
io.micronaut.liquibase:micronaut-liquibase-bom:5.7.2=testCompileProtoPath,testRuntimeClasspath
io.micronaut.micrometer:micronaut-micrometer-bom:4.6.1=testCompileClasspath
io.micronaut.micrometer:micronaut-micrometer-bom:4.8.3=testCompileProtoPath,testRuntimeClasspath
io.micronaut.microstream:micronaut-microstream-bom:1.2.0=testCompileClasspath
io.micronaut.microstream:micronaut-microstream-bom:1.3.0=testCompileProtoPath,testRuntimeClasspath
io.micronaut.mongodb:micronaut-mongo-bom:4.6.0=testCompileClasspath,testCompileProtoPath,testRuntimeClasspath
io.micronaut.mqtt:micronaut-mqtt-bom:2.3.0=testCompileClasspath,testCompileProtoPath,testRuntimeClasspath
io.micronaut.objectstorage:micronaut-object-storage-bom:1.0.0=testCompileClasspath
io.micronaut.objectstorage:micronaut-object-storage-bom:1.1.0=testCompileProtoPath,testRuntimeClasspath
io.micronaut.openapi:micronaut-openapi-bom:4.5.2=testCompileClasspath
io.micronaut.openapi:micronaut-openapi-bom:4.8.7=testCompileProtoPath,testRuntimeClasspath
io.micronaut.oraclecloud:micronaut-oraclecloud-bom:2.2.1=testCompileClasspath
io.micronaut.oraclecloud:micronaut-oraclecloud-bom:2.3.4=testCompileProtoPath,testRuntimeClasspath
io.micronaut.picocli:micronaut-picocli-bom:4.3.0=testCompileClasspath,testCompileProtoPath,testRuntimeClasspath
io.micronaut.problem:micronaut-problem-json-bom:2.5.1=testCompileClasspath
io.micronaut.problem:micronaut-problem-json-bom:2.6.0=testCompileProtoPath,testRuntimeClasspath
io.micronaut.r2dbc:micronaut-r2dbc-bom:4.0.0=testCompileClasspath,testCompileProtoPath,testRuntimeClasspath
io.micronaut.rabbitmq:micronaut-rabbitmq-bom:3.4.1=testCompileProtoPath,testRuntimeClasspath
io.micronaut.reactor:micronaut-reactor-bom:2.4.1=testCompileClasspath
io.micronaut.reactor:micronaut-reactor-bom:2.6.0=testCompileProtoPath,testRuntimeClasspath
io.micronaut.redis:micronaut-redis-bom:5.3.1=testCompileClasspath
io.micronaut.redis:micronaut-redis-bom:5.3.2=testCompileProtoPath,testRuntimeClasspath
io.micronaut.rxjava2:micronaut-rxjava2-bom:1.3.0=testCompileClasspath,testCompileProtoPath,testRuntimeClasspath
io.micronaut.rxjava3:micronaut-rxjava3-bom:2.3.0=testCompileClasspath
io.micronaut.rxjava3:micronaut-rxjava3-bom:2.4.1=testCompileProtoPath,testRuntimeClasspath
io.micronaut.security:micronaut-security-bom:3.11.1=testCompileProtoPath,testRuntimeClasspath
io.micronaut.security:micronaut-security-bom:3.8.3=testCompileClasspath
io.micronaut.serde:micronaut-serde-bom:1.3.3=testCompileClasspath
io.micronaut.serde:micronaut-serde-bom:1.5.3=testCompileProtoPath,testRuntimeClasspath
io.micronaut.servlet:micronaut-servlet-bom:3.3.2=testCompileClasspath
io.micronaut.servlet:micronaut-servlet-bom:3.3.8=testCompileProtoPath,testRuntimeClasspath
io.micronaut.spring:micronaut-spring-bom:4.3.1=testCompileClasspath
io.micronaut.spring:micronaut-spring-bom:4.5.1=testCompileProtoPath,testRuntimeClasspath
io.micronaut.sql:micronaut-sql-bom:4.7.2=testCompileClasspath
io.micronaut.sql:micronaut-sql-bom:4.8.1=testCompileProtoPath,testRuntimeClasspath
io.micronaut.test:micronaut-test-bom:3.6.2=testCompileClasspath
io.micronaut.test:micronaut-test-bom:3.9.2=testCompileProtoPath,testRuntimeClasspath
io.micronaut.test:micronaut-test-core:3.8.0=testCompileClasspath
io.micronaut.test:micronaut-test-core:3.9.2=testCompileProtoPath,testRuntimeClasspath
io.micronaut.test:micronaut-test-junit5:3.8.0=testCompileClasspath
io.micronaut.test:micronaut-test-junit5:3.9.2=testCompileProtoPath,testRuntimeClasspath
io.micronaut.testresources:micronaut-test-resources-bom:1.1.3=testCompileClasspath
io.micronaut.testresources:micronaut-test-resources-bom:1.2.5=testCompileProtoPath,testRuntimeClasspath
io.micronaut.tracing:micronaut-tracing-bom:4.4.0=testCompileClasspath
io.micronaut.tracing:micronaut-tracing-bom:4.5.0=testCompileProtoPath,testRuntimeClasspath
io.micronaut.views:micronaut-views-bom:3.6.0=testCompileClasspath
io.micronaut.views:micronaut-views-bom:3.8.2=testCompileProtoPath,testRuntimeClasspath
io.micronaut:micronaut-aop:3.9.4=compileProtoPath,runtimeClasspath,testCompileClasspath,testCompileProtoPath,testRuntimeClasspath
io.micronaut:micronaut-bom:3.7.4=testCompileClasspath
io.micronaut:micronaut-bom:3.9.4=testCompileProtoPath,testRuntimeClasspath
io.micronaut:micronaut-buffer-netty:3.9.4=testCompileProtoPath,testRuntimeClasspath
io.micronaut:micronaut-context:3.9.4=testCompileClasspath,testCompileProtoPath,testRuntimeClasspath
io.micronaut:micronaut-core-reactive:3.9.4=testCompileClasspath,testCompileProtoPath,testRuntimeClasspath
io.micronaut:micronaut-core:3.9.4=compileProtoPath,runtimeClasspath,testCompileClasspath,testCompileProtoPath,testRuntimeClasspath
io.micronaut:micronaut-graal:3.9.4=testCompileProtoPath,testRuntimeClasspath
io.micronaut:micronaut-http-client-core:3.9.4=testCompileProtoPath,testRuntimeClasspath
io.micronaut:micronaut-http-client:3.9.4=testCompileProtoPath,testRuntimeClasspath
io.micronaut:micronaut-http-netty:3.9.4=testCompileProtoPath,testRuntimeClasspath
io.micronaut:micronaut-http-server-netty:3.9.4=testCompileProtoPath,testRuntimeClasspath
io.micronaut:micronaut-http-server:3.9.4=testCompileProtoPath,testRuntimeClasspath
io.micronaut:micronaut-http:3.9.4=testCompileClasspath,testCompileProtoPath,testRuntimeClasspath
io.micronaut:micronaut-inject-java:3.9.4=compileProtoPath,runtimeClasspath,testCompileProtoPath,testRuntimeClasspath
io.micronaut:micronaut-inject:3.9.4=compileProtoPath,runtimeClasspath,testCompileClasspath,testCompileProtoPath,testRuntimeClasspath
io.micronaut:micronaut-jackson-core:3.9.4=testCompileClasspath,testCompileProtoPath,testRuntimeClasspath
io.micronaut:micronaut-jackson-databind:3.9.4=testCompileClasspath,testCompileProtoPath,testRuntimeClasspath
io.micronaut:micronaut-json-core:3.9.4=testCompileClasspath,testCompileProtoPath,testRuntimeClasspath
io.micronaut:micronaut-management:3.9.4=testCompileProtoPath,testRuntimeClasspath
io.micronaut:micronaut-router:3.9.4=testCompileProtoPath,testRuntimeClasspath
io.micronaut:micronaut-runtime:3.9.4=testCompileClasspath,testCompileProtoPath,testRuntimeClasspath
io.micronaut:micronaut-websocket:3.9.4=testCompileProtoPath,testRuntimeClasspath
io.netty.incubator:netty-incubator-codec-classes-quic:0.0.48.Final=testCompileProtoPath,testRuntimeClasspath
io.netty.incubator:netty-incubator-codec-native-quic:0.0.48.Final=testCompileProtoPath,testRuntimeClasspath
io.netty:netty-bom:4.1.84.Final=testCompileClasspath
io.netty:netty-bom:4.1.96.Final=testCompileProtoPath,testRuntimeClasspath
io.netty:netty-buffer:4.1.96.Final=testCompileProtoPath,testRuntimeClasspath
io.netty:netty-codec-dns:4.1.96.Final=testCompileProtoPath,testRuntimeClasspath
io.netty:netty-codec-http2:4.1.96.Final=testCompileProtoPath,testRuntimeClasspath
io.netty:netty-codec-http:4.1.96.Final=testCompileProtoPath,testRuntimeClasspath
io.netty:netty-codec-socks:4.1.96.Final=testCompileProtoPath,testRuntimeClasspath
io.netty:netty-codec:4.1.96.Final=testCompileProtoPath,testRuntimeClasspath
io.netty:netty-common:4.1.96.Final=testCompileProtoPath,testRuntimeClasspath
io.netty:netty-handler-proxy:4.1.96.Final=testCompileProtoPath,testRuntimeClasspath
io.netty:netty-handler:4.1.96.Final=testCompileProtoPath,testRuntimeClasspath
io.netty:netty-resolver-dns-classes-macos:4.1.96.Final=testCompileProtoPath,testRuntimeClasspath
io.netty:netty-resolver-dns-native-macos:4.1.96.Final=testCompileProtoPath,testRuntimeClasspath
io.netty:netty-resolver-dns:4.1.96.Final=testCompileProtoPath,testRuntimeClasspath
io.netty:netty-resolver:4.1.96.Final=testCompileProtoPath,testRuntimeClasspath
io.netty:netty-tcnative-classes:2.0.61.Final=testCompileProtoPath,testRuntimeClasspath
io.netty:netty-tcnative:2.0.61.Final=testCompileProtoPath,testRuntimeClasspath
io.netty:netty-transport-classes-epoll:4.1.96.Final=testCompileProtoPath,testRuntimeClasspath
io.netty:netty-transport-classes-kqueue:4.1.96.Final=testCompileProtoPath,testRuntimeClasspath
io.netty:netty-transport-native-epoll:4.1.96.Final=testCompileProtoPath,testRuntimeClasspath
io.netty:netty-transport-native-kqueue:4.1.96.Final=testCompileProtoPath,testRuntimeClasspath
io.netty:netty-transport-native-unix-common:4.1.96.Final=testCompileProtoPath,testRuntimeClasspath
io.netty:netty-transport:4.1.96.Final=testCompileProtoPath,testRuntimeClasspath
io.opentelemetry.instrumentation:opentelemetry-instrumentation-bom-alpha:1.15.0-alpha=testCompileClasspath
io.opentelemetry.instrumentation:opentelemetry-instrumentation-bom-alpha:1.19.2-alpha=testCompileProtoPath,testRuntimeClasspath
io.opentelemetry.instrumentation:opentelemetry-instrumentation-bom:1.19.2=testCompileProtoPath,testRuntimeClasspath
io.opentelemetry:opentelemetry-bom-alpha:1.15.0-alpha=testCompileClasspath
io.opentelemetry:opentelemetry-bom-alpha:1.19.0-alpha=testCompileProtoPath,testRuntimeClasspath
io.opentelemetry:opentelemetry-bom:1.18.0=testCompileClasspath
io.opentelemetry:opentelemetry-bom:1.19.0=testCompileProtoPath,testRuntimeClasspath
io.perfmark:perfmark-api:0.26.0=testCompileProtoPath,testRuntimeClasspath
io.projectreactor.netty.incubator:reactor-netty-incubator-quic:0.1.9=testCompileProtoPath,testRuntimeClasspath
io.projectreactor.netty:reactor-netty-core:1.1.9=testCompileProtoPath,testRuntimeClasspath
io.projectreactor.netty:reactor-netty-http:1.1.9=testCompileProtoPath,testRuntimeClasspath
io.projectreactor.netty:reactor-netty:1.1.9=testCompileProtoPath,testRuntimeClasspath
io.projectreactor:reactor-core:3.5.8=testCompileProtoPath,testRuntimeClasspath
io.rest-assured:rest-assured-bom:5.2.0=testCompileClasspath
io.rest-assured:rest-assured-bom:5.3.0=testCompileProtoPath,testRuntimeClasspath
io.zipkin.brave:brave-bom:5.14.1=testCompileProtoPath,testRuntimeClasspath
io.zipkin.reporter2:zipkin-reporter-bom:2.16.3=testCompileProtoPath,testRuntimeClasspath
jakarta.annotation:jakarta.annotation-api:2.1.1=compileProtoPath,runtimeClasspath,testCompileClasspath,testCompileProtoPath,testRuntimeClasspath
jakarta.inject:jakarta.inject-api:2.0.1=compileProtoPath,runtimeClasspath,testCompileClasspath,testCompileProtoPath,testRuntimeClasspath
javax.annotation:javax.annotation-api:1.3.2=compileProtoPath,runtimeClasspath,testCompileClasspath,testCompileProtoPath,testRuntimeClasspath
javax.annotation:jsr250-api:1.0=apiDependenciesMetadata,compileClasspath,compileProtoPath,implementationDependenciesMetadata,runtimeClasspath,testCompileClasspath,testCompileProtoPath,testImplementationDependenciesMetadata,testRuntimeClasspath
javax.validation:validation-api:2.0.1.Final=testCompileClasspath,testCompileProtoPath,testRuntimeClasspath
junit:junit:4.13.2=testCompileClasspath,testCompileProtoPath,testImplementationDependenciesMetadata,testRuntimeClasspath
net.java.dev.jna:jna:5.6.0=ktlint,ktlintBaselineReporter
org.apache.commons:commons-compress:1.23.0=testCompileProtoPath,testRuntimeClasspath
org.apache.logging.log4j:log4j-bom:2.19.0=testCompileProtoPath,testRuntimeClasspath
org.apiguardian:apiguardian-api:1.1.2=testCompileClasspath
org.bouncycastle:bcpkix-jdk15on:1.70=testCompileProtoPath,testRuntimeClasspath
org.bouncycastle:bcprov-jdk15on:1.70=testCompileProtoPath,testRuntimeClasspath
org.bouncycastle:bcutil-jdk15on:1.70=testCompileProtoPath,testRuntimeClasspath
org.checkerframework:checker-qual:3.12.0=apiDependenciesMetadata,compileClasspath,compileProtoPath,implementationDependenciesMetadata,runtimeClasspath
org.checkerframework:checker-qual:3.35.0=testCompileClasspath,testCompileProtoPath,testImplementationDependenciesMetadata,testRuntimeClasspath
org.codehaus.groovy:groovy-bom:3.0.13=testCompileClasspath,testCompileProtoPath,testRuntimeClasspath
org.codehaus.mojo:animal-sniffer-annotations:1.23=testCompileProtoPath,testRuntimeClasspath
org.conscrypt:conscrypt-openjdk-uber:2.5.2=testCompileProtoPath,testRuntimeClasspath
org.ec4j.core:ec4j-core:0.3.0=ktlint,ktlintBaselineReporter
org.freemarker:freemarker:2.3.30=KoverEngineConfig
org.freemarker:freemarker:2.3.32=koverJvmReporter
org.hamcrest:hamcrest-core:1.3=testCompileClasspath,testCompileProtoPath,testImplementationDependenciesMetadata,testRuntimeClasspath
org.jdbi:jdbi3-bom:3.30.0=testCompileClasspath,testCompileProtoPath,testRuntimeClasspath
org.jetbrains.intellij.deps:coverage-report:1.0.17=KoverEngineConfig
org.jetbrains.intellij.deps:coverage-report:1.0.21=koverJvmReporter
org.jetbrains.intellij.deps:intellij-coverage-agent:1.0.683=KoverEngineConfig
org.jetbrains.intellij.deps:intellij-coverage-agent:1.0.724=koverJvmAgent,koverJvmReporter
org.jetbrains.intellij.deps:intellij-coverage-reporter:1.0.683=KoverEngineConfig
org.jetbrains.intellij.deps:intellij-coverage-reporter:1.0.724=koverJvmReporter
org.jetbrains.intellij.deps:trove4j:1.0.20200330=detekt,kotlinCompilerClasspath,kotlinKlibCommonizerClasspath,ktlint,ktlintBaselineReporter
org.jetbrains.kotlin-wrappers:kotlin-css-jvm:1.0.0-pre.476=testCompileProtoPath,testRuntimeClasspath
org.jetbrains.kotlin-wrappers:kotlin-css:1.0.0-pre.476=testCompileProtoPath,testRuntimeClasspath
org.jetbrains.kotlin:kotlin-allopen-compiler-plugin-embeddable:1.9.0=kotlinCompilerPluginClasspathMain,kotlinCompilerPluginClasspathTest
org.jetbrains.kotlin:kotlin-bom:1.6.21=testCompileClasspath,testCompileProtoPath,testRuntimeClasspath
org.jetbrains.kotlin:kotlin-build-tools-api:1.9.0=kotlinBuildToolsApiClasspath
org.jetbrains.kotlin:kotlin-build-tools-impl:1.9.0=kotlinBuildToolsApiClasspath
org.jetbrains.kotlin:kotlin-compiler-embeddable:1.8.22=ktlint,ktlintBaselineReporter
org.jetbrains.kotlin:kotlin-compiler-embeddable:1.9.0=detekt,kotlinCompilerClasspath,kotlinKlibCommonizerClasspath
org.jetbrains.kotlin:kotlin-daemon-embeddable:1.8.22=ktlint,ktlintBaselineReporter
org.jetbrains.kotlin:kotlin-daemon-embeddable:1.9.0=detekt,kotlinCompilerClasspath,kotlinKlibCommonizerClasspath
org.jetbrains.kotlin:kotlin-klib-commonizer-embeddable:1.9.0=kotlinKlibCommonizerClasspath
org.jetbrains.kotlin:kotlin-noarg-compiler-plugin-embeddable:1.9.0=kotlinCompilerPluginClasspathMain,kotlinCompilerPluginClasspathTest
org.jetbrains.kotlin:kotlin-reflect:1.6.10=kotlinCompilerClasspath,kotlinKlibCommonizerClasspath,ktlint,ktlintBaselineReporter
org.jetbrains.kotlin:kotlin-reflect:1.9.0=compileClasspath,compileProtoPath,detekt,implementationDependenciesMetadata,runtimeClasspath,testCompileClasspath,testCompileProtoPath,testImplementationDependenciesMetadata,testRuntimeClasspath
org.jetbrains.kotlin:kotlin-script-runtime:1.8.22=ktlint,ktlintBaselineReporter
org.jetbrains.kotlin:kotlin-script-runtime:1.9.0=detekt,kotlinCompilerClasspath,kotlinCompilerPluginClasspathMain,kotlinCompilerPluginClasspathTest,kotlinKlibCommonizerClasspath
org.jetbrains.kotlin:kotlin-scripting-common:1.9.0=kotlinCompilerPluginClasspathMain,kotlinCompilerPluginClasspathTest
org.jetbrains.kotlin:kotlin-scripting-compiler-embeddable:1.9.0=kotlinCompilerPluginClasspathMain,kotlinCompilerPluginClasspathTest
org.jetbrains.kotlin:kotlin-scripting-compiler-impl-embeddable:1.9.0=kotlinCompilerPluginClasspathMain,kotlinCompilerPluginClasspathTest
org.jetbrains.kotlin:kotlin-scripting-jvm:1.9.0=kotlinCompilerPluginClasspathMain,kotlinCompilerPluginClasspathTest
org.jetbrains.kotlin:kotlin-stdlib-common:1.8.22=ktlint,ktlintBaselineReporter
org.jetbrains.kotlin:kotlin-stdlib-common:1.9.0=apiDependenciesMetadata,compileClasspath,compileProtoPath,detekt,implementationDependenciesMetadata,kotlinBuildToolsApiClasspath,kotlinCompilerClasspath,kotlinCompilerPluginClasspathMain,kotlinCompilerPluginClasspathTest,kotlinKlibCommonizerClasspath,runtimeClasspath,testCompileClasspath,testCompileProtoPath,testImplementationDependenciesMetadata,testRuntimeClasspath
org.jetbrains.kotlin:kotlin-stdlib-jdk7:1.8.22=ktlint,ktlintBaselineReporter
org.jetbrains.kotlin:kotlin-stdlib-jdk7:1.9.0=compileClasspath,compileProtoPath,detekt,implementationDependenciesMetadata,runtimeClasspath,testCompileClasspath,testCompileProtoPath,testImplementationDependenciesMetadata,testRuntimeClasspath
org.jetbrains.kotlin:kotlin-stdlib-jdk8:1.8.22=ktlint,ktlintBaselineReporter
org.jetbrains.kotlin:kotlin-stdlib-jdk8:1.9.0=compileClasspath,compileProtoPath,detekt,implementationDependenciesMetadata,runtimeClasspath,testCompileClasspath,testCompileProtoPath,testImplementationDependenciesMetadata,testRuntimeClasspath
org.jetbrains.kotlin:kotlin-stdlib:1.6.0=apiDependenciesMetadata
org.jetbrains.kotlin:kotlin-stdlib:1.8.22=ktlint,ktlintBaselineReporter
org.jetbrains.kotlin:kotlin-stdlib:1.9.0=compileClasspath,compileProtoPath,detekt,implementationDependenciesMetadata,kotlinBuildToolsApiClasspath,kotlinCompilerClasspath,kotlinCompilerPluginClasspathMain,kotlinCompilerPluginClasspathTest,kotlinKlibCommonizerClasspath,runtimeClasspath,testCompileClasspath,testCompileProtoPath,testImplementationDependenciesMetadata,testRuntimeClasspath
org.jetbrains.kotlin:kotlin-test-annotations-common:1.9.0=testCompileClasspath,testCompileProtoPath,testImplementationDependenciesMetadata,testRuntimeClasspath
org.jetbrains.kotlin:kotlin-test-common:1.9.0=testImplementationDependenciesMetadata
org.jetbrains.kotlin:kotlin-test-junit5:1.9.0=testCompileClasspath,testCompileProtoPath,testRuntimeClasspath
org.jetbrains.kotlin:kotlin-test:1.9.0=testCompileClasspath,testCompileProtoPath,testImplementationDependenciesMetadata,testRuntimeClasspath
org.jetbrains.kotlinx:kotlinx-collections-immutable-jvm:0.4-wasm0=compileProtoPath,runtimeClasspath,testCompileProtoPath,testRuntimeClasspath
org.jetbrains.kotlinx:kotlinx-collections-immutable:0.4-wasm0=compileProtoPath,runtimeClasspath,testCompileProtoPath,testRuntimeClasspath
org.jetbrains.kotlinx:kotlinx-coroutines-bom:1.7.2-wasm0=compileProtoPath,runtimeClasspath,testCompileClasspath,testCompileProtoPath,testRuntimeClasspath
org.jetbrains.kotlinx:kotlinx-coroutines-core-jvm:1.7.2-wasm0=compileProtoPath,runtimeClasspath,testCompileClasspath,testCompileProtoPath,testRuntimeClasspath
org.jetbrains.kotlinx:kotlinx-coroutines-core:1.7.2-wasm0=compileProtoPath,runtimeClasspath,testCompileClasspath,testCompileProtoPath,testRuntimeClasspath
org.jetbrains.kotlinx:kotlinx-coroutines-guava:1.7.2-wasm0=testCompileProtoPath,testRuntimeClasspath
org.jetbrains.kotlinx:kotlinx-coroutines-jdk9:1.7.2-wasm0=compileProtoPath,runtimeClasspath,testCompileClasspath,testCompileProtoPath,testRuntimeClasspath
org.jetbrains.kotlinx:kotlinx-coroutines-reactive:1.7.2-wasm0=compileProtoPath,runtimeClasspath,testCompileProtoPath,testRuntimeClasspath
org.jetbrains.kotlinx:kotlinx-coroutines-reactor:1.7.2-wasm0=testCompileProtoPath,testRuntimeClasspath
org.jetbrains.kotlinx:kotlinx-coroutines-slf4j:1.7.2-wasm0=compileProtoPath,runtimeClasspath,testCompileProtoPath,testRuntimeClasspath
org.jetbrains.kotlinx:kotlinx-coroutines-test-jvm:1.7.2-wasm0=testCompileClasspath,testCompileProtoPath,testRuntimeClasspath
org.jetbrains.kotlinx:kotlinx-coroutines-test:1.7.2-wasm0=testCompileClasspath,testCompileProtoPath,testRuntimeClasspath
org.jetbrains.kotlinx:kotlinx-datetime-jvm:0.4.0-wasm1=compileClasspath,compileProtoPath,runtimeClasspath,testCompileClasspath,testCompileProtoPath,testRuntimeClasspath
org.jetbrains.kotlinx:kotlinx-datetime:0.4.0-wasm1=apiDependenciesMetadata,compileClasspath,compileProtoPath,implementationDependenciesMetadata,runtimeClasspath,testCompileClasspath,testCompileProtoPath,testImplementationDependenciesMetadata,testRuntimeClasspath
org.jetbrains.kotlinx:kotlinx-html-jvm:0.8.0=testCompileProtoPath,testRuntimeClasspath
org.jetbrains.kotlinx:kotlinx-html-jvm:0.8.1=detekt
org.jetbrains:annotations:13.0=apiDependenciesMetadata,compileClasspath,detekt,implementationDependenciesMetadata,kotlinBuildToolsApiClasspath,kotlinCompilerClasspath,kotlinCompilerPluginClasspathMain,kotlinCompilerPluginClasspathTest,kotlinKlibCommonizerClasspath,ktlint,ktlintBaselineReporter,testImplementationDependenciesMetadata
org.jetbrains:annotations:16.0.2=KoverEngineConfig,koverJvmReporter
org.jetbrains:annotations:23.0.0=compileProtoPath,runtimeClasspath,testCompileClasspath,testCompileProtoPath,testRuntimeClasspath
org.json:json:20210307=KoverEngineConfig
org.jsoup:jsoup:1.16.1=testCompileProtoPath,testRuntimeClasspath
org.junit.jupiter:junit-jupiter-api:5.10.0=testCompileClasspath,testCompileProtoPath,testRuntimeClasspath
org.junit.jupiter:junit-jupiter-engine:5.10.0=testCompileProtoPath,testRuntimeClasspath
org.junit.jupiter:junit-jupiter-params:5.10.0=testCompileClasspath,testCompileProtoPath,testRuntimeClasspath
org.junit.platform:junit-platform-commons:1.10.0=testCompileClasspath,testCompileProtoPath,testRuntimeClasspath
org.junit.platform:junit-platform-engine:1.10.0=testCompileProtoPath,testRuntimeClasspath
org.junit:junit-bom:5.10.0=testCompileClasspath,testCompileProtoPath,testRuntimeClasspath
org.opentest4j:opentest4j:1.3.0=testCompileClasspath,testCompileProtoPath,testRuntimeClasspath
org.ow2.asm:asm:9.5=testCompileClasspath,testCompileProtoPath,testImplementationDependenciesMetadata,testRuntimeClasspath
org.reactivestreams:reactive-streams:1.0.3=compileProtoPath,runtimeClasspath
org.reactivestreams:reactive-streams:1.0.4=testCompileClasspath,testCompileProtoPath,testRuntimeClasspath
org.slf4j:slf4j-api:1.7.36=testCompileClasspath
org.slf4j:slf4j-api:2.0.4=ktlint,ktlintBaselineReporter
org.slf4j:slf4j-api:2.0.7=compileProtoPath,runtimeClasspath,testCompileProtoPath,testRuntimeClasspath
org.snakeyaml:snakeyaml-engine:2.6=detekt
org.spockframework:spock-bom:2.1-groovy-3.0=testCompileClasspath,testCompileProtoPath,testRuntimeClasspath
org.springframework:spring-framework-bom:5.3.23=testCompileClasspath
org.springframework:spring-framework-bom:5.3.25=testCompileProtoPath,testRuntimeClasspath
org.testcontainers:testcontainers-bom:1.17.5=testCompileClasspath
org.testcontainers:testcontainers-bom:1.17.6=testCompileProtoPath,testRuntimeClasspath
org.xerial:sqlite-jdbc:3.42.0.0=testCompileProtoPath,testRuntimeClasspath
org.yaml:snakeyaml:2.0=compileProtoPath,runtimeClasspath,testCompileClasspath,testCompileProtoPath,testRuntimeClasspath
software.amazon.awssdk:bom:2.17.290=testCompileClasspath
software.amazon.awssdk:bom:2.20.74=testCompileProtoPath,testRuntimeClasspath
empty=annotationProcessor,detektPlugins,intransitiveDependenciesMetadata,kotlinCompilerPluginClasspath,kotlinNativeCompilerPluginClasspath,kotlinScriptDef,kotlinScriptDefExtensions,koverExternalArtifacts,ktlintReporter,ktlintRuleset,protobuf,testAnnotationProcessor,testApiDependenciesMetadata,testCompileOnlyDependenciesMetadata,testIntransitiveDependenciesMetadata,testKotlinScriptDef,testKotlinScriptDefExtensions,testProtobuf
