# This is a Gradle generated file for dependency locking.
# Manual edits can break the build and are not advised.
# This file is expected to be part of source control.
com.amazonaws:aws-java-sdk-bom:1.12.223=annotationProcessor,apiDependenciesMetadata,compileClasspath,compileOnlyDependenciesMetadata,implementationDependenciesMetadata,kapt,kaptClasspath_kaptKotlin,kaptClasspath_kaptTestKotlin,kaptTest,nativeImageClasspath,nativeImageTestClasspath,runtimeClasspath,testAnnotationProcessor,testCompileClasspath,testImplementationDependenciesMetadata,testRuntimeClasspath
com.azure:azure-sdk-bom:1.1.1=annotationProcessor,apiDependenciesMetadata,compileClasspath,compileOnlyDependenciesMetadata,implementationDependenciesMetadata,kapt,kaptClasspath_kaptKotlin,kaptClasspath_kaptTestKotlin,kaptTest,nativeImageClasspath,nativeImageTestClasspath,runtimeClasspath,testAnnotationProcessor,testCompileClasspath,testImplementationDependenciesMetadata,testRuntimeClasspath
com.fasterxml.jackson.core:jackson-annotations:2.13.2=annotationProcessor,nativeImageClasspath,nativeImageTestClasspath,runtimeClasspath,testAnnotationProcessor,testRuntimeClasspath
com.fasterxml.jackson.core:jackson-core:2.13.2=annotationProcessor,nativeImageClasspath,nativeImageTestClasspath,runtimeClasspath,testAnnotationProcessor,testRuntimeClasspath
com.fasterxml.jackson.core:jackson-databind:2.13.2.2=annotationProcessor,nativeImageClasspath,nativeImageTestClasspath,runtimeClasspath,testAnnotationProcessor,testRuntimeClasspath
com.fasterxml.jackson.datatype:jackson-datatype-jdk8:2.13.2=nativeImageClasspath,nativeImageTestClasspath,runtimeClasspath,testRuntimeClasspath
com.fasterxml.jackson.datatype:jackson-datatype-jsr310:2.13.2=nativeImageClasspath,nativeImageTestClasspath,runtimeClasspath,testRuntimeClasspath
com.fasterxml.jackson:jackson-bom:2.13.2=annotationProcessor,apiDependenciesMetadata,compileClasspath,compileOnlyDependenciesMetadata,implementationDependenciesMetadata,kapt,kaptClasspath_kaptKotlin,kaptClasspath_kaptTestKotlin,kaptTest,nativeImageClasspath,nativeImageTestClasspath,runtimeClasspath,testAnnotationProcessor,testCompileClasspath,testImplementationDependenciesMetadata,testRuntimeClasspath
com.google.android:annotations:4.1.1.4=nativeImageClasspath,nativeImageTestClasspath,runtimeClasspath,testRuntimeClasspath
com.google.api.grpc:proto-google-common-protos:2.0.1=nativeImageClasspath,nativeImageTestClasspath,runtimeClasspath,testRuntimeClasspath
com.google.auth:google-auth-library-credentials:1.4.0=nativeImageClasspath,nativeImageTestClasspath,runtimeClasspath,testRuntimeClasspath
com.google.code.findbugs:jsr305:3.0.2=compileClasspath,implementationDependenciesMetadata,nativeImageClasspath,nativeImageTestClasspath,runtimeClasspath,testCompileClasspath,testImplementationDependenciesMetadata,testRuntimeClasspath
com.google.code.gson:gson:2.8.9=nativeImageClasspath,nativeImageTestClasspath,runtimeClasspath,testRuntimeClasspath
com.google.errorprone:error_prone_annotations:2.11.0=compileClasspath,implementationDependenciesMetadata,nativeImageClasspath,nativeImageTestClasspath,runtimeClasspath,testCompileClasspath,testImplementationDependenciesMetadata,testRuntimeClasspath
com.google.guava:failureaccess:1.0.1=compileClasspath,implementationDependenciesMetadata,nativeImageClasspath,nativeImageTestClasspath,runtimeClasspath,testCompileClasspath,testImplementationDependenciesMetadata,testRuntimeClasspath
com.google.guava:guava:31.1-jre=compileClasspath,implementationDependenciesMetadata,nativeImageClasspath,nativeImageTestClasspath,runtimeClasspath,testCompileClasspath,testImplementationDependenciesMetadata,testRuntimeClasspath
com.google.guava:listenablefuture:9999.0-empty-to-avoid-conflict-with-guava=compileClasspath,implementationDependenciesMetadata,nativeImageClasspath,nativeImageTestClasspath,runtimeClasspath,testCompileClasspath,testImplementationDependenciesMetadata,testRuntimeClasspath
com.google.j2objc:j2objc-annotations:1.3=compileClasspath,implementationDependenciesMetadata,nativeImageClasspath,nativeImageTestClasspath,runtimeClasspath,testCompileClasspath,testImplementationDependenciesMetadata,testRuntimeClasspath
com.google.protobuf:protobuf-java-util:3.20.1=nativeImageClasspath,nativeImageTestClasspath,runtimeClasspath,testRuntimeClasspath
com.google.protobuf:protobuf-java:3.20.1=nativeImageClasspath,nativeImageTestClasspath,runtimeClasspath,testRuntimeClasspath
com.google.protobuf:protobuf-kotlin:3.20.1=nativeImageClasspath,nativeImageTestClasspath,runtimeClasspath,testRuntimeClasspath
io.grpc:grpc-api:1.46.0=nativeImageClasspath,nativeImageTestClasspath,runtimeClasspath,testRuntimeClasspath
io.grpc:grpc-auth:1.46.0=nativeImageClasspath,nativeImageTestClasspath,runtimeClasspath,testRuntimeClasspath
io.grpc:grpc-bom:1.46.0=compileClasspath,implementationDependenciesMetadata,nativeImageClasspath,nativeImageTestClasspath,runtimeClasspath,testCompileClasspath,testImplementationDependenciesMetadata,testRuntimeClasspath
io.grpc:grpc-context:1.46.0=nativeImageClasspath,nativeImageTestClasspath,runtimeClasspath,testRuntimeClasspath
io.grpc:grpc-core:1.46.0=nativeImageClasspath,nativeImageTestClasspath,runtimeClasspath,testRuntimeClasspath
io.grpc:grpc-kotlin-stub:1.3.0=nativeImageClasspath,nativeImageTestClasspath,runtimeClasspath,testRuntimeClasspath
io.grpc:grpc-netty:1.46.0=nativeImageClasspath,nativeImageTestClasspath,runtimeClasspath,testRuntimeClasspath
io.grpc:grpc-protobuf-lite:1.46.0=nativeImageClasspath,nativeImageTestClasspath,runtimeClasspath,testRuntimeClasspath
io.grpc:grpc-protobuf:1.46.0=nativeImageClasspath,nativeImageTestClasspath,runtimeClasspath,testRuntimeClasspath
io.grpc:grpc-services:1.46.0=nativeImageClasspath,nativeImageTestClasspath,runtimeClasspath,testRuntimeClasspath
io.grpc:grpc-stub:1.46.0=nativeImageClasspath,nativeImageTestClasspath,runtimeClasspath,testRuntimeClasspath
io.ktor:ktor-bom:1.6.8=annotationProcessor,apiDependenciesMetadata,compileClasspath,compileOnlyDependenciesMetadata,implementationDependenciesMetadata,kapt,kaptClasspath_kaptKotlin,kaptClasspath_kaptTestKotlin,kaptTest,nativeImageClasspath,nativeImageTestClasspath,runtimeClasspath,testAnnotationProcessor,testCompileClasspath,testImplementationDependenciesMetadata,testRuntimeClasspath
io.micrometer:micrometer-bom:1.9.0=annotationProcessor,apiDependenciesMetadata,compileClasspath,compileOnlyDependenciesMetadata,implementationDependenciesMetadata,kapt,kaptClasspath_kaptKotlin,kaptClasspath_kaptTestKotlin,kaptTest,nativeImageClasspath,nativeImageTestClasspath,runtimeClasspath,testAnnotationProcessor,testCompileClasspath,testImplementationDependenciesMetadata,testRuntimeClasspath
io.micronaut.aws:micronaut-aws-bom:3.5.0=annotationProcessor,apiDependenciesMetadata,compileClasspath,compileOnlyDependenciesMetadata,implementationDependenciesMetadata,kapt,kaptClasspath_kaptKotlin,kaptClasspath_kaptTestKotlin,kaptTest,nativeImageClasspath,nativeImageTestClasspath,runtimeClasspath,testAnnotationProcessor,testCompileClasspath,testImplementationDependenciesMetadata,testRuntimeClasspath
io.micronaut.azure:micronaut-azure-bom:3.2.3=annotationProcessor,apiDependenciesMetadata,compileClasspath,compileOnlyDependenciesMetadata,implementationDependenciesMetadata,kapt,kaptClasspath_kaptKotlin,kaptClasspath_kaptTestKotlin,kaptTest,nativeImageClasspath,nativeImageTestClasspath,runtimeClasspath,testAnnotationProcessor,testCompileClasspath,testImplementationDependenciesMetadata,testRuntimeClasspath
io.micronaut.cache:micronaut-cache-bom:3.4.1=annotationProcessor,apiDependenciesMetadata,compileClasspath,compileOnlyDependenciesMetadata,implementationDependenciesMetadata,kapt,kaptClasspath_kaptKotlin,kaptClasspath_kaptTestKotlin,kaptTest,nativeImageClasspath,nativeImageTestClasspath,runtimeClasspath,testAnnotationProcessor,testCompileClasspath,testImplementationDependenciesMetadata,testRuntimeClasspath
io.micronaut.coherence:micronaut-coherence-bom:3.4.1=annotationProcessor,apiDependenciesMetadata,compileClasspath,compileOnlyDependenciesMetadata,implementationDependenciesMetadata,kapt,kaptClasspath_kaptKotlin,kaptClasspath_kaptTestKotlin,kaptTest,nativeImageClasspath,nativeImageTestClasspath,runtimeClasspath,testAnnotationProcessor,testCompileClasspath,testImplementationDependenciesMetadata,testRuntimeClasspath
io.micronaut.data:micronaut-data-bom:3.4.1=annotationProcessor,apiDependenciesMetadata,compileClasspath,compileOnlyDependenciesMetadata,implementationDependenciesMetadata,kapt,kaptClasspath_kaptKotlin,kaptClasspath_kaptTestKotlin,kaptTest,nativeImageClasspath,nativeImageTestClasspath,runtimeClasspath,testAnnotationProcessor,testCompileClasspath,testImplementationDependenciesMetadata,testRuntimeClasspath
io.micronaut.email:micronaut-email-bom:1.2.1=annotationProcessor,apiDependenciesMetadata,compileClasspath,compileOnlyDependenciesMetadata,implementationDependenciesMetadata,kapt,kaptClasspath_kaptKotlin,kaptClasspath_kaptTestKotlin,kaptTest,nativeImageClasspath,nativeImageTestClasspath,runtimeClasspath,testAnnotationProcessor,testCompileClasspath,testImplementationDependenciesMetadata,testRuntimeClasspath
io.micronaut.flyway:micronaut-flyway-bom:5.3.0=annotationProcessor,apiDependenciesMetadata,compileClasspath,compileOnlyDependenciesMetadata,implementationDependenciesMetadata,kapt,kaptClasspath_kaptKotlin,kaptClasspath_kaptTestKotlin,kaptTest,nativeImageClasspath,nativeImageTestClasspath,runtimeClasspath,testAnnotationProcessor,testCompileClasspath,testImplementationDependenciesMetadata,testRuntimeClasspath
io.micronaut.gcp:micronaut-gcp-bom:4.2.0=annotationProcessor,apiDependenciesMetadata,compileClasspath,compileOnlyDependenciesMetadata,implementationDependenciesMetadata,kapt,kaptClasspath_kaptKotlin,kaptClasspath_kaptTestKotlin,kaptTest,nativeImageClasspath,nativeImageTestClasspath,runtimeClasspath,testAnnotationProcessor,testCompileClasspath,testImplementationDependenciesMetadata,testRuntimeClasspath
io.micronaut.groovy:micronaut-groovy-bom:3.1.0=annotationProcessor,apiDependenciesMetadata,compileClasspath,compileOnlyDependenciesMetadata,implementationDependenciesMetadata,kapt,kaptClasspath_kaptKotlin,kaptClasspath_kaptTestKotlin,kaptTest,nativeImageClasspath,nativeImageTestClasspath,runtimeClasspath,testAnnotationProcessor,testCompileClasspath,testImplementationDependenciesMetadata,testRuntimeClasspath
io.micronaut.grpc:micronaut-grpc-annotation:3.3.1=nativeImageClasspath,nativeImageTestClasspath,runtimeClasspath,testRuntimeClasspath
io.micronaut.grpc:micronaut-grpc-bom:3.3.1=annotationProcessor,apiDependenciesMetadata,compileClasspath,compileOnlyDependenciesMetadata,implementationDependenciesMetadata,kapt,kaptClasspath_kaptKotlin,kaptClasspath_kaptTestKotlin,kaptTest,nativeImageClasspath,nativeImageTestClasspath,runtimeClasspath,testAnnotationProcessor,testCompileClasspath,testImplementationDependenciesMetadata,testRuntimeClasspath
io.micronaut.grpc:micronaut-grpc-client-runtime:3.3.1=nativeImageClasspath,nativeImageTestClasspath,runtimeClasspath,testRuntimeClasspath
io.micronaut.grpc:micronaut-grpc-runtime:3.3.1=nativeImageClasspath,nativeImageTestClasspath,runtimeClasspath,testRuntimeClasspath
io.micronaut.grpc:micronaut-grpc-server-runtime:3.3.1=nativeImageClasspath,nativeImageTestClasspath,runtimeClasspath,testRuntimeClasspath
io.micronaut.jaxrs:micronaut-jaxrs-bom:3.3.0=annotationProcessor,apiDependenciesMetadata,compileClasspath,compileOnlyDependenciesMetadata,implementationDependenciesMetadata,kapt,kaptClasspath_kaptKotlin,kaptClasspath_kaptTestKotlin,kaptTest,nativeImageClasspath,nativeImageTestClasspath,runtimeClasspath,testAnnotationProcessor,testCompileClasspath,testImplementationDependenciesMetadata,testRuntimeClasspath
io.micronaut.kafka:micronaut-kafka-bom:4.3.0=annotationProcessor,apiDependenciesMetadata,compileClasspath,compileOnlyDependenciesMetadata,implementationDependenciesMetadata,kapt,kaptClasspath_kaptKotlin,kaptClasspath_kaptTestKotlin,kaptTest,nativeImageClasspath,nativeImageTestClasspath,runtimeClasspath,testAnnotationProcessor,testCompileClasspath,testImplementationDependenciesMetadata,testRuntimeClasspath
io.micronaut.kotlin:micronaut-kotlin-bom:3.2.2=annotationProcessor,apiDependenciesMetadata,compileClasspath,compileOnlyDependenciesMetadata,implementationDependenciesMetadata,kapt,kaptClasspath_kaptKotlin,kaptClasspath_kaptTestKotlin,kaptTest,nativeImageClasspath,nativeImageTestClasspath,runtimeClasspath,testAnnotationProcessor,testCompileClasspath,testImplementationDependenciesMetadata,testRuntimeClasspath
io.micronaut.kubernetes:micronaut-kubernetes-bom:3.4.0=annotationProcessor,apiDependenciesMetadata,compileClasspath,compileOnlyDependenciesMetadata,implementationDependenciesMetadata,kapt,kaptClasspath_kaptKotlin,kaptClasspath_kaptTestKotlin,kaptTest,nativeImageClasspath,nativeImageTestClasspath,runtimeClasspath,testAnnotationProcessor,testCompileClasspath,testImplementationDependenciesMetadata,testRuntimeClasspath
io.micronaut.micrometer:micronaut-micrometer-bom:4.3.0=annotationProcessor,apiDependenciesMetadata,compileClasspath,compileOnlyDependenciesMetadata,implementationDependenciesMetadata,kapt,kaptClasspath_kaptKotlin,kaptClasspath_kaptTestKotlin,kaptTest,nativeImageClasspath,nativeImageTestClasspath,runtimeClasspath,testAnnotationProcessor,testCompileClasspath,testImplementationDependenciesMetadata,testRuntimeClasspath
io.micronaut.microstream:micronaut-microstream-bom:1.0.0-M1=annotationProcessor,apiDependenciesMetadata,compileClasspath,compileOnlyDependenciesMetadata,implementationDependenciesMetadata,kapt,kaptClasspath_kaptKotlin,kaptClasspath_kaptTestKotlin,kaptTest,nativeImageClasspath,nativeImageTestClasspath,runtimeClasspath,testAnnotationProcessor,testCompileClasspath,testImplementationDependenciesMetadata,testRuntimeClasspath
io.micronaut.mongodb:micronaut-mongo-bom:4.2.0=annotationProcessor,apiDependenciesMetadata,compileClasspath,compileOnlyDependenciesMetadata,implementationDependenciesMetadata,kapt,kaptClasspath_kaptKotlin,kaptClasspath_kaptTestKotlin,kaptTest,nativeImageClasspath,nativeImageTestClasspath,runtimeClasspath,testAnnotationProcessor,testCompileClasspath,testImplementationDependenciesMetadata,testRuntimeClasspath
io.micronaut.mqtt:micronaut-mqtt-bom:2.2.0=annotationProcessor,apiDependenciesMetadata,compileClasspath,compileOnlyDependenciesMetadata,implementationDependenciesMetadata,kapt,kaptClasspath_kaptKotlin,kaptClasspath_kaptTestKotlin,kaptTest,nativeImageClasspath,nativeImageTestClasspath,runtimeClasspath,testAnnotationProcessor,testCompileClasspath,testImplementationDependenciesMetadata,testRuntimeClasspath
io.micronaut.oraclecloud:micronaut-oraclecloud-bom:2.1.3=annotationProcessor,apiDependenciesMetadata,compileClasspath,compileOnlyDependenciesMetadata,implementationDependenciesMetadata,kapt,kaptClasspath_kaptKotlin,kaptClasspath_kaptTestKotlin,kaptTest,nativeImageClasspath,nativeImageTestClasspath,runtimeClasspath,testAnnotationProcessor,testCompileClasspath,testImplementationDependenciesMetadata,testRuntimeClasspath
io.micronaut.picocli:micronaut-picocli-bom:4.2.1=annotationProcessor,apiDependenciesMetadata,compileClasspath,compileOnlyDependenciesMetadata,implementationDependenciesMetadata,kapt,kaptClasspath_kaptKotlin,kaptClasspath_kaptTestKotlin,kaptTest,nativeImageClasspath,nativeImageTestClasspath,runtimeClasspath,testAnnotationProcessor,testCompileClasspath,testImplementationDependenciesMetadata,testRuntimeClasspath
io.micronaut.problem:micronaut-problem-json-bom:2.3.1=annotationProcessor,apiDependenciesMetadata,compileClasspath,compileOnlyDependenciesMetadata,implementationDependenciesMetadata,kapt,kaptClasspath_kaptKotlin,kaptClasspath_kaptTestKotlin,kaptTest,nativeImageClasspath,nativeImageTestClasspath,runtimeClasspath,testAnnotationProcessor,testCompileClasspath,testImplementationDependenciesMetadata,testRuntimeClasspath
io.micronaut.r2dbc:micronaut-r2dbc-bom:3.0.0=annotationProcessor,apiDependenciesMetadata,compileClasspath,compileOnlyDependenciesMetadata,implementationDependenciesMetadata,kapt,kaptClasspath_kaptKotlin,kaptClasspath_kaptTestKotlin,kaptTest,nativeImageClasspath,nativeImageTestClasspath,runtimeClasspath,testAnnotationProcessor,testCompileClasspath,testImplementationDependenciesMetadata,testRuntimeClasspath
io.micronaut.reactor:micronaut-reactor-bom:2.2.2=annotationProcessor,apiDependenciesMetadata,compileClasspath,compileOnlyDependenciesMetadata,implementationDependenciesMetadata,kapt,kaptClasspath_kaptKotlin,kaptClasspath_kaptTestKotlin,kaptTest,nativeImageClasspath,nativeImageTestClasspath,runtimeClasspath,testAnnotationProcessor,testCompileClasspath,testImplementationDependenciesMetadata,testRuntimeClasspath
io.micronaut.redis:micronaut-redis-bom:5.2.0=annotationProcessor,apiDependenciesMetadata,compileClasspath,compileOnlyDependenciesMetadata,implementationDependenciesMetadata,kapt,kaptClasspath_kaptKotlin,kaptClasspath_kaptTestKotlin,kaptTest,nativeImageClasspath,nativeImageTestClasspath,runtimeClasspath,testAnnotationProcessor,testCompileClasspath,testImplementationDependenciesMetadata,testRuntimeClasspath
io.micronaut.rxjava2:micronaut-rxjava2-bom:1.2.1=annotationProcessor,apiDependenciesMetadata,compileClasspath,compileOnlyDependenciesMetadata,implementationDependenciesMetadata,kapt,kaptClasspath_kaptKotlin,kaptClasspath_kaptTestKotlin,kaptTest,nativeImageClasspath,nativeImageTestClasspath,runtimeClasspath,testAnnotationProcessor,testCompileClasspath,testImplementationDependenciesMetadata,testRuntimeClasspath
io.micronaut.rxjava3:micronaut-rxjava3-bom:2.2.1=annotationProcessor,apiDependenciesMetadata,compileClasspath,compileOnlyDependenciesMetadata,implementationDependenciesMetadata,kapt,kaptClasspath_kaptKotlin,kaptClasspath_kaptTestKotlin,kaptTest,nativeImageClasspath,nativeImageTestClasspath,runtimeClasspath,testAnnotationProcessor,testCompileClasspath,testImplementationDependenciesMetadata,testRuntimeClasspath
io.micronaut.security:micronaut-security-bom:3.6.0=annotationProcessor,apiDependenciesMetadata,compileClasspath,compileOnlyDependenciesMetadata,implementationDependenciesMetadata,kapt,kaptClasspath_kaptKotlin,kaptClasspath_kaptTestKotlin,kaptTest,nativeImageClasspath,nativeImageTestClasspath,runtimeClasspath,testAnnotationProcessor,testCompileClasspath,testImplementationDependenciesMetadata,testRuntimeClasspath
io.micronaut.serde:micronaut-serde-bom:1.1.0=annotationProcessor,apiDependenciesMetadata,compileClasspath,compileOnlyDependenciesMetadata,implementationDependenciesMetadata,kapt,kaptClasspath_kaptKotlin,kaptClasspath_kaptTestKotlin,kaptTest,nativeImageClasspath,nativeImageTestClasspath,runtimeClasspath,testAnnotationProcessor,testCompileClasspath,testImplementationDependenciesMetadata,testRuntimeClasspath
io.micronaut.servlet:micronaut-servlet-bom:3.2.3=annotationProcessor,apiDependenciesMetadata,compileClasspath,compileOnlyDependenciesMetadata,implementationDependenciesMetadata,kapt,kaptClasspath_kaptKotlin,kaptClasspath_kaptTestKotlin,kaptTest,nativeImageClasspath,nativeImageTestClasspath,runtimeClasspath,testAnnotationProcessor,testCompileClasspath,testImplementationDependenciesMetadata,testRuntimeClasspath
io.micronaut.sql:micronaut-sql-bom:4.4.0=annotationProcessor,apiDependenciesMetadata,compileClasspath,compileOnlyDependenciesMetadata,implementationDependenciesMetadata,kapt,kaptClasspath_kaptKotlin,kaptClasspath_kaptTestKotlin,kaptTest,nativeImageClasspath,nativeImageTestClasspath,runtimeClasspath,testAnnotationProcessor,testCompileClasspath,testImplementationDependenciesMetadata,testRuntimeClasspath
io.micronaut.test:micronaut-test-bom:3.3.0=annotationProcessor,apiDependenciesMetadata,compileClasspath,compileOnlyDependenciesMetadata,implementationDependenciesMetadata,kapt,kaptClasspath_kaptKotlin,kaptClasspath_kaptTestKotlin,kaptTest,nativeImageClasspath,nativeImageTestClasspath,runtimeClasspath,testAnnotationProcessor,testCompileClasspath,testImplementationDependenciesMetadata,testRuntimeClasspath
io.micronaut.tracing:micronaut-tracing-bom:4.1.1=annotationProcessor,apiDependenciesMetadata,compileClasspath,compileOnlyDependenciesMetadata,implementationDependenciesMetadata,kapt,kaptClasspath_kaptKotlin,kaptClasspath_kaptTestKotlin,kaptTest,nativeImageClasspath,nativeImageTestClasspath,runtimeClasspath,testAnnotationProcessor,testCompileClasspath,testImplementationDependenciesMetadata,testRuntimeClasspath
io.micronaut.views:micronaut-views-bom:3.4.0=annotationProcessor,apiDependenciesMetadata,compileClasspath,compileOnlyDependenciesMetadata,implementationDependenciesMetadata,kapt,kaptClasspath_kaptKotlin,kaptClasspath_kaptTestKotlin,kaptTest,nativeImageClasspath,nativeImageTestClasspath,runtimeClasspath,testAnnotationProcessor,testCompileClasspath,testImplementationDependenciesMetadata,testRuntimeClasspath
io.micronaut:micronaut-aop:3.5.1=annotationProcessor,compileClasspath,implementationDependenciesMetadata,kapt,kaptClasspath_kaptKotlin,kaptClasspath_kaptTestKotlin,kaptTest,nativeImageClasspath,nativeImageTestClasspath,runtimeClasspath,testAnnotationProcessor,testCompileClasspath,testImplementationDependenciesMetadata,testRuntimeClasspath
io.micronaut:micronaut-bom:3.5.1=annotationProcessor,apiDependenciesMetadata,compileClasspath,compileOnlyDependenciesMetadata,implementationDependenciesMetadata,kapt,kaptClasspath_kaptKotlin,kaptClasspath_kaptTestKotlin,kaptTest,nativeImageClasspath,nativeImageTestClasspath,runtimeClasspath,testAnnotationProcessor,testCompileClasspath,testImplementationDependenciesMetadata,testRuntimeClasspath
io.micronaut:micronaut-buffer-netty:3.5.1=nativeImageClasspath,nativeImageTestClasspath,runtimeClasspath,testRuntimeClasspath
io.micronaut:micronaut-context:3.5.1=compileClasspath,implementationDependenciesMetadata,nativeImageClasspath,nativeImageTestClasspath,runtimeClasspath,testCompileClasspath,testImplementationDependenciesMetadata,testRuntimeClasspath
io.micronaut:micronaut-core-reactive:3.5.1=annotationProcessor,compileClasspath,implementationDependenciesMetadata,kapt,kaptClasspath_kaptKotlin,kaptClasspath_kaptTestKotlin,kaptTest,nativeImageClasspath,nativeImageTestClasspath,runtimeClasspath,testAnnotationProcessor,testCompileClasspath,testImplementationDependenciesMetadata,testRuntimeClasspath
io.micronaut:micronaut-core:3.5.1=annotationProcessor,apiDependenciesMetadata,compileClasspath,implementationDependenciesMetadata,kapt,kaptClasspath_kaptKotlin,kaptClasspath_kaptTestKotlin,kaptTest,nativeImageClasspath,nativeImageTestClasspath,runtimeClasspath,testAnnotationProcessor,testCompileClasspath,testImplementationDependenciesMetadata,testRuntimeClasspath
io.micronaut:micronaut-graal:3.5.1=annotationProcessor,testAnnotationProcessor
io.micronaut:micronaut-http:3.5.1=compileClasspath,implementationDependenciesMetadata,nativeImageClasspath,nativeImageTestClasspath,runtimeClasspath,testCompileClasspath,testImplementationDependenciesMetadata,testRuntimeClasspath
io.micronaut:micronaut-inject-java:3.5.1=annotationProcessor,compileClasspath,implementationDependenciesMetadata,kapt,kaptClasspath_kaptKotlin,kaptClasspath_kaptTestKotlin,kaptTest,nativeImageClasspath,nativeImageTestClasspath,runtimeClasspath,testAnnotationProcessor,testCompileClasspath,testImplementationDependenciesMetadata,testRuntimeClasspath
io.micronaut:micronaut-inject:3.5.1=annotationProcessor,apiDependenciesMetadata,compileClasspath,implementationDependenciesMetadata,kapt,kaptClasspath_kaptKotlin,kaptClasspath_kaptTestKotlin,kaptTest,nativeImageClasspath,nativeImageTestClasspath,runtimeClasspath,testAnnotationProcessor,testCompileClasspath,testImplementationDependenciesMetadata,testRuntimeClasspath
io.micronaut:micronaut-jackson-core:3.5.1=nativeImageClasspath,nativeImageTestClasspath,runtimeClasspath,testRuntimeClasspath
io.micronaut:micronaut-jackson-databind:3.5.1=nativeImageClasspath,nativeImageTestClasspath,runtimeClasspath,testRuntimeClasspath
io.micronaut:micronaut-json-core:3.5.1=nativeImageClasspath,nativeImageTestClasspath,runtimeClasspath,testRuntimeClasspath
io.micronaut:micronaut-runtime:3.5.1=nativeImageClasspath,nativeImageTestClasspath,runtimeClasspath,testRuntimeClasspath
io.micronaut:micronaut-validation:3.5.1=annotationProcessor,kapt,kaptClasspath_kaptKotlin,kaptClasspath_kaptTestKotlin,kaptTest,testAnnotationProcessor
io.netty:netty-bom:4.1.77.Final=annotationProcessor,apiDependenciesMetadata,compileClasspath,compileOnlyDependenciesMetadata,implementationDependenciesMetadata,kapt,kaptClasspath_kaptKotlin,kaptClasspath_kaptTestKotlin,kaptTest,nativeImageClasspath,nativeImageTestClasspath,runtimeClasspath,testAnnotationProcessor,testCompileClasspath,testImplementationDependenciesMetadata,testRuntimeClasspath
io.netty:netty-buffer:4.1.77.Final=nativeImageClasspath,nativeImageTestClasspath,runtimeClasspath,testRuntimeClasspath
io.netty:netty-codec-http2:4.1.77.Final=nativeImageClasspath,nativeImageTestClasspath,runtimeClasspath,testRuntimeClasspath
io.netty:netty-codec-http:4.1.77.Final=nativeImageClasspath,nativeImageTestClasspath,runtimeClasspath,testRuntimeClasspath
io.netty:netty-codec-socks:4.1.77.Final=nativeImageClasspath,nativeImageTestClasspath,runtimeClasspath,testRuntimeClasspath
io.netty:netty-codec:4.1.77.Final=nativeImageClasspath,nativeImageTestClasspath,runtimeClasspath,testRuntimeClasspath
io.netty:netty-common:4.1.77.Final=nativeImageClasspath,nativeImageTestClasspath,runtimeClasspath,testRuntimeClasspath
io.netty:netty-handler-proxy:4.1.77.Final=nativeImageClasspath,nativeImageTestClasspath,runtimeClasspath,testRuntimeClasspath
io.netty:netty-handler:4.1.77.Final=nativeImageClasspath,nativeImageTestClasspath,runtimeClasspath,testRuntimeClasspath
io.netty:netty-resolver:4.1.77.Final=nativeImageClasspath,nativeImageTestClasspath,runtimeClasspath,testRuntimeClasspath
io.netty:netty-transport:4.1.77.Final=nativeImageClasspath,nativeImageTestClasspath,runtimeClasspath,testRuntimeClasspath
io.perfmark:perfmark-api:0.25.0=nativeImageClasspath,nativeImageTestClasspath,runtimeClasspath,testRuntimeClasspath
io.projectreactor:reactor-core:3.4.18=annotationProcessor,kapt,kaptClasspath_kaptKotlin,kaptClasspath_kaptTestKotlin,kaptTest,nativeImageClasspath,nativeImageTestClasspath,runtimeClasspath,testAnnotationProcessor,testRuntimeClasspath
jakarta.annotation:jakarta.annotation-api:2.0.0=annotationProcessor,apiDependenciesMetadata,compileClasspath,implementationDependenciesMetadata,kapt,kaptClasspath_kaptKotlin,kaptClasspath_kaptTestKotlin,kaptTest,nativeImageClasspath,nativeImageTestClasspath,runtimeClasspath,testAnnotationProcessor,testCompileClasspath,testImplementationDependenciesMetadata,testRuntimeClasspath
jakarta.inject:jakarta.inject-api:2.0.1=annotationProcessor,apiDependenciesMetadata,compileClasspath,implementationDependenciesMetadata,kapt,kaptClasspath_kaptKotlin,kaptClasspath_kaptTestKotlin,kaptTest,nativeImageClasspath,nativeImageTestClasspath,runtimeClasspath,testAnnotationProcessor,testCompileClasspath,testImplementationDependenciesMetadata,testRuntimeClasspath
javax.annotation:javax.annotation-api:1.3.2=annotationProcessor,apiDependenciesMetadata,compileClasspath,implementationDependenciesMetadata,kapt,kaptClasspath_kaptKotlin,kaptClasspath_kaptTestKotlin,kaptTest,nativeImageClasspath,nativeImageTestClasspath,runtimeClasspath,testAnnotationProcessor,testCompileClasspath,testImplementationDependenciesMetadata,testRuntimeClasspath
javax.validation:validation-api:2.0.1.Final=annotationProcessor,compileClasspath,implementationDependenciesMetadata,kapt,kaptClasspath_kaptKotlin,kaptClasspath_kaptTestKotlin,kaptTest,nativeImageClasspath,nativeImageTestClasspath,runtimeClasspath,testAnnotationProcessor,testCompileClasspath,testImplementationDependenciesMetadata,testRuntimeClasspath
net.java.dev.jna:jna:5.6.0=kotlinCompilerClasspath,kotlinCompilerPluginClasspathMain,kotlinCompilerPluginClasspathTest,kotlinKaptWorkerDependencies,kotlinKlibCommonizerClasspath
org.apiguardian:apiguardian-api:1.1.2=testCompileClasspath,testImplementationDependenciesMetadata
org.checkerframework:checker-qual:3.12.0=compileClasspath,implementationDependenciesMetadata,nativeImageClasspath,nativeImageTestClasspath,runtimeClasspath,testCompileClasspath,testImplementationDependenciesMetadata,testRuntimeClasspath
org.codehaus.groovy:groovy-bom:3.0.10=annotationProcessor,apiDependenciesMetadata,compileClasspath,compileOnlyDependenciesMetadata,implementationDependenciesMetadata,kapt,kaptClasspath_kaptKotlin,kaptClasspath_kaptTestKotlin,kaptTest,nativeImageClasspath,nativeImageTestClasspath,runtimeClasspath,testAnnotationProcessor,testCompileClasspath,testImplementationDependenciesMetadata,testRuntimeClasspath
org.codehaus.mojo:animal-sniffer-annotations:1.19=nativeImageClasspath,nativeImageTestClasspath,runtimeClasspath,testRuntimeClasspath
org.graalvm.buildtools:junit-platform-native:0.9.11=nativeImageTestClasspath,testCompileClasspath,testImplementationDependenciesMetadata,testRuntimeClasspath
org.graalvm.sdk:graal-sdk:22.1.0.1=compileClasspath,implementationDependenciesMetadata,nativeImageClasspath,nativeImageTestClasspath,runtimeClasspath,testCompileClasspath,testImplementationDependenciesMetadata,testRuntimeClasspath
org.jacoco:org.jacoco.agent:0.8.7=jacocoAgent,jacocoAnt
org.jacoco:org.jacoco.ant:0.8.7=jacocoAnt
org.jacoco:org.jacoco.core:0.8.7=jacocoAnt
org.jacoco:org.jacoco.report:0.8.7=jacocoAnt
org.jdbi:jdbi3-bom:3.20.1=annotationProcessor,apiDependenciesMetadata,compileClasspath,compileOnlyDependenciesMetadata,implementationDependenciesMetadata,kapt,kaptClasspath_kaptKotlin,kaptClasspath_kaptTestKotlin,kaptTest,nativeImageClasspath,nativeImageTestClasspath,runtimeClasspath,testAnnotationProcessor,testCompileClasspath,testImplementationDependenciesMetadata,testRuntimeClasspath
org.jetbrains.intellij.deps:trove4j:1.0.20200330=kotlinCompilerClasspath,kotlinCompilerPluginClasspathMain,kotlinCompilerPluginClasspathTest,kotlinKaptWorkerDependencies,kotlinKlibCommonizerClasspath
org.jetbrains.kotlin-wrappers:kotlin-css-jvm:1.0.0-pre.345=nativeImageClasspath,nativeImageTestClasspath,runtimeClasspath,testRuntimeClasspath
org.jetbrains.kotlin-wrappers:kotlin-css:1.0.0-pre.345=nativeImageClasspath,nativeImageTestClasspath,runtimeClasspath,testRuntimeClasspath
org.jetbrains.kotlin:atomicfu:1.6.21=nativeImageClasspath,nativeImageTestClasspath,runtimeClasspath,testRuntimeClasspath
org.jetbrains.kotlin:atomicfu:1.7.0=kotlinCompilerPluginClasspathMain,kotlinCompilerPluginClasspathTest
org.jetbrains.kotlin:kotlin-annotation-processing-gradle:1.7.0=kotlinCompilerPluginClasspathMain,kotlinCompilerPluginClasspathTest,kotlinKaptWorkerDependencies
org.jetbrains.kotlin:kotlin-bom:1.6.21=annotationProcessor,apiDependenciesMetadata,compileClasspath,compileOnlyDependenciesMetadata,implementationDependenciesMetadata,kapt,kaptClasspath_kaptKotlin,kaptClasspath_kaptTestKotlin,kaptTest,nativeImageClasspath,nativeImageTestClasspath,runtimeClasspath,testAnnotationProcessor,testCompileClasspath,testImplementationDependenciesMetadata,testRuntimeClasspath
org.jetbrains.kotlin:kotlin-compiler-embeddable:1.7.0=kotlinCompilerClasspath,kotlinCompilerPluginClasspathMain,kotlinCompilerPluginClasspathTest,kotlinKaptWorkerDependencies,kotlinKlibCommonizerClasspath
org.jetbrains.kotlin:kotlin-daemon-embeddable:1.7.0=kotlinCompilerClasspath,kotlinCompilerPluginClasspathMain,kotlinCompilerPluginClasspathTest,kotlinKaptWorkerDependencies,kotlinKlibCommonizerClasspath
org.jetbrains.kotlin:kotlin-gradle-plugin-api:1.7.0=kotlinCompilerPluginClasspathMain,kotlinCompilerPluginClasspathTest
org.jetbrains.kotlin:kotlin-klib-commonizer-embeddable:1.7.0=kotlinKlibCommonizerClasspath
org.jetbrains.kotlin:kotlin-native-utils:1.7.0=kotlinCompilerPluginClasspathMain,kotlinCompilerPluginClasspathTest
org.jetbrains.kotlin:kotlin-project-model:1.7.0=kotlinCompilerPluginClasspathMain,kotlinCompilerPluginClasspathTest
org.jetbrains.kotlin:kotlin-reflect:1.7.0=kotlinCompilerClasspath,kotlinCompilerPluginClasspathMain,kotlinCompilerPluginClasspathTest,kotlinKaptWorkerDependencies,kotlinKlibCommonizerClasspath
org.jetbrains.kotlin:kotlin-script-runtime:1.7.0=kotlinCompilerClasspath,kotlinCompilerPluginClasspathMain,kotlinCompilerPluginClasspathTest,kotlinKaptWorkerDependencies,kotlinKlibCommonizerClasspath
org.jetbrains.kotlin:kotlin-scripting-common:1.7.0=kotlinCompilerPluginClasspathMain,kotlinCompilerPluginClasspathTest
org.jetbrains.kotlin:kotlin-scripting-compiler-embeddable:1.7.0=kotlinCompilerPluginClasspathMain,kotlinCompilerPluginClasspathTest
org.jetbrains.kotlin:kotlin-scripting-compiler-impl-embeddable:1.7.0=kotlinCompilerPluginClasspathMain,kotlinCompilerPluginClasspathTest
org.jetbrains.kotlin:kotlin-scripting-jvm:1.7.0=kotlinCompilerPluginClasspathMain,kotlinCompilerPluginClasspathTest
org.jetbrains.kotlin:kotlin-serialization:1.7.0=kotlinCompilerPluginClasspathMain,kotlinCompilerPluginClasspathTest
org.jetbrains.kotlin:kotlin-stdlib-common:1.7.0=apiDependenciesMetadata,compileClasspath,implementationDependenciesMetadata,kotlinCompilerClasspath,kotlinCompilerPluginClasspathMain,kotlinCompilerPluginClasspathTest,kotlinKaptWorkerDependencies,kotlinKlibCommonizerClasspath,nativeImageClasspath,nativeImageTestClasspath,runtimeClasspath,testCompileClasspath,testImplementationDependenciesMetadata,testRuntimeClasspath
org.jetbrains.kotlin:kotlin-stdlib-jdk7:1.7.0=apiDependenciesMetadata,compileClasspath,implementationDependenciesMetadata,nativeImageClasspath,nativeImageTestClasspath,runtimeClasspath,testCompileClasspath,testImplementationDependenciesMetadata,testRuntimeClasspath
org.jetbrains.kotlin:kotlin-stdlib-jdk8:1.7.0=apiDependenciesMetadata,compileClasspath,implementationDependenciesMetadata,nativeImageClasspath,nativeImageTestClasspath,runtimeClasspath,testCompileClasspath,testImplementationDependenciesMetadata,testRuntimeClasspath
org.jetbrains.kotlin:kotlin-stdlib:1.7.0=apiDependenciesMetadata,compileClasspath,implementationDependenciesMetadata,kotlinCompilerClasspath,kotlinCompilerPluginClasspathMain,kotlinCompilerPluginClasspathTest,kotlinKaptWorkerDependencies,kotlinKlibCommonizerClasspath,nativeImageClasspath,nativeImageTestClasspath,runtimeClasspath,testCompileClasspath,testImplementationDependenciesMetadata,testRuntimeClasspath
org.jetbrains.kotlin:kotlin-tooling-core:1.7.0=kotlinCompilerPluginClasspathMain,kotlinCompilerPluginClasspathTest
org.jetbrains.kotlin:kotlin-util-io:1.7.0=kotlinCompilerPluginClasspathMain,kotlinCompilerPluginClasspathTest
org.jetbrains.kotlinx:atomicfu:0.17.2=implementationDependenciesMetadata,testImplementationDependenciesMetadata
org.jetbrains.kotlinx:kotlinx-collections-immutable-jvm:0.3.5=nativeImageClasspath,nativeImageTestClasspath,runtimeClasspath,testRuntimeClasspath
org.jetbrains.kotlinx:kotlinx-collections-immutable:0.3.5=nativeImageClasspath,nativeImageTestClasspath,runtimeClasspath,testRuntimeClasspath
org.jetbrains.kotlinx:kotlinx-coroutines-bom:1.5.1=annotationProcessor,apiDependenciesMetadata,compileOnlyDependenciesMetadata,kapt,kaptClasspath_kaptKotlin,kaptClasspath_kaptTestKotlin,kaptTest,testAnnotationProcessor
org.jetbrains.kotlinx:kotlinx-coroutines-bom:1.6.2=compileClasspath,implementationDependenciesMetadata,nativeImageClasspath,nativeImageTestClasspath,runtimeClasspath,testCompileClasspath,testImplementationDependenciesMetadata,testRuntimeClasspath
org.jetbrains.kotlinx:kotlinx-coroutines-core-jvm:1.6.2=compileClasspath,implementationDependenciesMetadata,nativeImageClasspath,nativeImageTestClasspath,runtimeClasspath,testCompileClasspath,testImplementationDependenciesMetadata,testRuntimeClasspath
org.jetbrains.kotlinx:kotlinx-coroutines-core:1.6.2=compileClasspath,implementationDependenciesMetadata,nativeImageClasspath,nativeImageTestClasspath,runtimeClasspath,testCompileClasspath,testImplementationDependenciesMetadata,testRuntimeClasspath
org.jetbrains.kotlinx:kotlinx-coroutines-guava:1.6.2=compileClasspath,implementationDependenciesMetadata,nativeImageClasspath,nativeImageTestClasspath,runtimeClasspath,testCompileClasspath,testImplementationDependenciesMetadata,testRuntimeClasspath
org.jetbrains.kotlinx:kotlinx-coroutines-jdk8:1.6.2=nativeImageClasspath,nativeImageTestClasspath,runtimeClasspath,testRuntimeClasspath
org.jetbrains.kotlinx:kotlinx-coroutines-jdk9:1.6.2=nativeImageClasspath,nativeImageTestClasspath,runtimeClasspath,testRuntimeClasspath
org.jetbrains.kotlinx:kotlinx-coroutines-reactive:1.6.2=nativeImageClasspath,nativeImageTestClasspath,runtimeClasspath,testRuntimeClasspath
org.jetbrains.kotlinx:kotlinx-coroutines-slf4j:1.6.2=nativeImageClasspath,nativeImageTestClasspath,runtimeClasspath,testRuntimeClasspath
org.jetbrains.kotlinx:kotlinx-datetime-jvm:0.3.2=nativeImageClasspath,nativeImageTestClasspath,runtimeClasspath,testRuntimeClasspath
org.jetbrains.kotlinx:kotlinx-datetime:0.3.2=nativeImageClasspath,nativeImageTestClasspath,runtimeClasspath,testRuntimeClasspath
org.jetbrains.kotlinx:kotlinx-html-jvm:0.7.5=compileClasspath,implementationDependenciesMetadata,nativeImageClasspath,nativeImageTestClasspath,runtimeClasspath,testCompileClasspath,testImplementationDependenciesMetadata,testRuntimeClasspath
org.jetbrains.kotlinx:kotlinx-serialization-core-jvm:1.3.1=compileClasspath,implementationDependenciesMetadata,testCompileClasspath,testImplementationDependenciesMetadata
org.jetbrains.kotlinx:kotlinx-serialization-core-jvm:1.3.3=nativeImageClasspath,nativeImageTestClasspath,runtimeClasspath,testRuntimeClasspath
org.jetbrains.kotlinx:kotlinx-serialization-core:1.3.1=compileClasspath,implementationDependenciesMetadata,testCompileClasspath,testImplementationDependenciesMetadata
org.jetbrains.kotlinx:kotlinx-serialization-core:1.3.3=nativeImageClasspath,nativeImageTestClasspath,runtimeClasspath,testRuntimeClasspath
org.jetbrains.kotlinx:kotlinx-serialization-json-jvm:1.3.1=compileClasspath,implementationDependenciesMetadata,testCompileClasspath,testImplementationDependenciesMetadata
org.jetbrains.kotlinx:kotlinx-serialization-json-jvm:1.3.3=nativeImageClasspath,nativeImageTestClasspath,runtimeClasspath,testRuntimeClasspath
org.jetbrains.kotlinx:kotlinx-serialization-json:1.3.3=nativeImageClasspath,nativeImageTestClasspath,runtimeClasspath,testRuntimeClasspath
org.jetbrains.kotlinx:kotlinx-serialization-protobuf-jvm:1.3.1=compileClasspath,implementationDependenciesMetadata,testCompileClasspath,testImplementationDependenciesMetadata
org.jetbrains.kotlinx:kotlinx-serialization-protobuf-jvm:1.3.3=nativeImageClasspath,nativeImageTestClasspath,runtimeClasspath,testRuntimeClasspath
org.jetbrains.kotlinx:kotlinx-serialization-protobuf:1.3.3=nativeImageClasspath,nativeImageTestClasspath,runtimeClasspath,testRuntimeClasspath
org.jetbrains:annotations:13.0=apiDependenciesMetadata,compileClasspath,implementationDependenciesMetadata,kotlinCompilerClasspath,kotlinCompilerPluginClasspathMain,kotlinCompilerPluginClasspathTest,kotlinKaptWorkerDependencies,kotlinKlibCommonizerClasspath,nativeImageClasspath,nativeImageTestClasspath,runtimeClasspath,testCompileClasspath,testImplementationDependenciesMetadata,testRuntimeClasspath
org.junit.jupiter:junit-jupiter-api:5.8.2=nativeImageTestClasspath,testCompileClasspath,testImplementationDependenciesMetadata,testRuntimeClasspath
org.junit.jupiter:junit-jupiter-engine:5.8.2=nativeImageTestClasspath,testRuntimeClasspath
org.junit.jupiter:junit-jupiter-params:5.8.2=nativeImageTestClasspath,testCompileClasspath,testImplementationDependenciesMetadata,testRuntimeClasspath
org.junit.jupiter:junit-jupiter:5.8.2=nativeImageTestClasspath,testCompileClasspath,testImplementationDependenciesMetadata,testRuntimeClasspath
org.junit.platform:junit-platform-commons:1.8.2=nativeImageTestClasspath,testCompileClasspath,testImplementationDependenciesMetadata,testRuntimeClasspath
org.junit.platform:junit-platform-console:1.8.2=nativeImageTestClasspath,testRuntimeClasspath
org.junit.platform:junit-platform-engine:1.8.2=nativeImageTestClasspath,testRuntimeClasspath
org.junit.platform:junit-platform-launcher:1.8.2=nativeImageTestClasspath,testRuntimeClasspath
org.junit.platform:junit-platform-reporting:1.8.2=nativeImageTestClasspath,testRuntimeClasspath
org.junit:junit-bom:5.8.2=annotationProcessor,apiDependenciesMetadata,compileClasspath,compileOnlyDependenciesMetadata,implementationDependenciesMetadata,kapt,kaptClasspath_kaptKotlin,kaptClasspath_kaptTestKotlin,kaptTest,nativeImageClasspath,nativeImageTestClasspath,runtimeClasspath,testAnnotationProcessor,testCompileClasspath,testImplementationDependenciesMetadata,testRuntimeClasspath
org.opentest4j:opentest4j:1.2.0=nativeImageTestClasspath,testCompileClasspath,testImplementationDependenciesMetadata,testRuntimeClasspath
org.ow2.asm:asm-analysis:9.1=jacocoAnt
org.ow2.asm:asm-commons:9.1=jacocoAnt
org.ow2.asm:asm-tree:9.1=jacocoAnt
org.ow2.asm:asm:9.1=jacocoAnt
org.reactivestreams:reactive-streams:1.0.4=annotationProcessor,compileClasspath,implementationDependenciesMetadata,kapt,kaptClasspath_kaptKotlin,kaptClasspath_kaptTestKotlin,kaptTest,nativeImageClasspath,nativeImageTestClasspath,runtimeClasspath,testAnnotationProcessor,testCompileClasspath,testImplementationDependenciesMetadata,testRuntimeClasspath
org.slf4j:slf4j-api:1.7.36=annotationProcessor,apiDependenciesMetadata,compileClasspath,implementationDependenciesMetadata,kapt,kaptClasspath_kaptKotlin,kaptClasspath_kaptTestKotlin,kaptTest,nativeImageClasspath,nativeImageTestClasspath,runtimeClasspath,testAnnotationProcessor,testCompileClasspath,testImplementationDependenciesMetadata,testRuntimeClasspath
org.spockframework:spock-bom:2.1-groovy-3.0=annotationProcessor,apiDependenciesMetadata,compileClasspath,compileOnlyDependenciesMetadata,implementationDependenciesMetadata,kapt,kaptClasspath_kaptKotlin,kaptClasspath_kaptTestKotlin,kaptTest,nativeImageClasspath,nativeImageTestClasspath,runtimeClasspath,testAnnotationProcessor,testCompileClasspath,testImplementationDependenciesMetadata,testRuntimeClasspath
org.testcontainers:testcontainers-bom:1.17.2=annotationProcessor,apiDependenciesMetadata,compileClasspath,compileOnlyDependenciesMetadata,implementationDependenciesMetadata,kapt,kaptClasspath_kaptKotlin,kaptClasspath_kaptTestKotlin,kaptTest,nativeImageClasspath,nativeImageTestClasspath,runtimeClasspath,testAnnotationProcessor,testCompileClasspath,testImplementationDependenciesMetadata,testRuntimeClasspath
org.yaml:snakeyaml:1.30=annotationProcessor,apiDependenciesMetadata,compileClasspath,implementationDependenciesMetadata,kapt,kaptClasspath_kaptKotlin,kaptClasspath_kaptTestKotlin,kaptTest,nativeImageClasspath,nativeImageTestClasspath,runtimeClasspath,testAnnotationProcessor,testCompileClasspath,testImplementationDependenciesMetadata,testRuntimeClasspath
software.amazon.awssdk:bom:2.17.194=annotationProcessor,apiDependenciesMetadata,compileClasspath,compileOnlyDependenciesMetadata,implementationDependenciesMetadata,kapt,kaptClasspath_kaptKotlin,kaptClasspath_kaptTestKotlin,kaptTest,nativeImageClasspath,nativeImageTestClasspath,runtimeClasspath,testAnnotationProcessor,testCompileClasspath,testImplementationDependenciesMetadata,testRuntimeClasspath
empty=intransitiveDependenciesMetadata,kotlinCompilerPluginClasspath,kotlinNativeCompilerPluginClasspath,kotlinScriptDef,kotlinScriptDefExtensions,runtimeOnlyDependenciesMetadata,testCompileOnlyDependenciesMetadata,testIntransitiveDependenciesMetadata,testKotlinScriptDef,testKotlinScriptDefExtensions,testRuntimeOnlyDependenciesMetadata
