# This is a Gradle generated file for dependency locking.
# Manual edits can break the build and are not advised.
# This file is expected to be part of source control.
ch.qos.logback:logback-classic:1.4.14=jvmTestRuntimeClasspath
ch.qos.logback:logback-core:1.4.14=jvmTestRuntimeClasspath
com.aayushatharva.brotli4j:brotli4j:1.16.0=jvmTestRuntimeClasspath
com.aayushatharva.brotli4j:native-linux-x86_64:1.16.0=jvmTestRuntimeClasspath
com.aayushatharva.brotli4j:native-osx-x86_64:1.16.0=jvmTestRuntimeClasspath
com.aayushatharva.brotli4j:native-windows-x86_64:1.16.0=jvmTestRuntimeClasspath
com.aayushatharva.brotli4j:service:1.16.0=jvmTestRuntimeClasspath
com.amazonaws:aws-java-sdk-bom:1.12.580=jvmTestRuntimeClasspath
com.azure:azure-sdk-bom:1.2.18=jvmTestRuntimeClasspath
com.fasterxml.jackson.core:jackson-annotations:2.16.1=jvmTestRuntimeClasspath
com.fasterxml.jackson.core:jackson-core:2.16.1=jvmTestRuntimeClasspath
com.fasterxml.jackson.core:jackson-databind:2.16.1=jvmTestRuntimeClasspath
com.fasterxml.jackson.datatype:jackson-datatype-jdk8:2.16.1=jvmTestRuntimeClasspath
com.fasterxml.jackson.datatype:jackson-datatype-jsr310:2.16.1=jvmTestRuntimeClasspath
com.fasterxml.jackson.module:jackson-module-kotlin:2.16.1=jvmTestRuntimeClasspath
com.fasterxml.jackson:jackson-bom:2.16.1=jvmTestRuntimeClasspath
com.github.javaparser:javaparser-core:3.25.8=jvmTestRuntimeClasspath
com.github.javaparser:javaparser-symbol-solver-core:3.25.8=jvmTestRuntimeClasspath
com.github.luben:zstd-jni:1.5.5-11=jvmTestRuntimeClasspath
com.google.android:annotations:4.1.1.4=jvmTestRuntimeClasspath
com.google.api:api-common:2.16.0=jvmTestRuntimeClasspath
com.google.auto.value:auto-value-annotations:1.10.4=jvmTestRuntimeClasspath
com.google.code.findbugs:jsr305:3.0.2=jvmTestRuntimeClasspath
com.google.code.gson:gson:2.10.1=jvmTestRuntimeClasspath
com.google.common.html.types:proto:1.0.8=jvmTestRuntimeClasspath
com.google.common.html.types:types:1.0.8=jvmTestRuntimeClasspath
com.google.crypto.tink:tink:1.12.0=jvmTestRuntimeClasspath
com.google.errorprone:error_prone_annotations:2.24.1=jvmTestRuntimeClasspath
com.google.flatbuffers:flatbuffers-java:22.12.06=jvmTestRuntimeClasspath
com.google.guava:failureaccess:1.0.2=jvmTestRuntimeClasspath
com.google.guava:guava:33.0.0-android=jvmTestRuntimeClasspath
com.google.guava:listenablefuture:9999.0-empty-to-avoid-conflict-with-guava=jvmTestRuntimeClasspath
com.google.j2objc:j2objc-annotations:2.8=jvmTestRuntimeClasspath
com.google.jimfs:jimfs:1.3.0=jvmTestRuntimeClasspath
com.google.jsinterop:jsinterop-annotations:1.0.1=jvmTestRuntimeClasspath
com.google.protobuf:protobuf-bom:3.25.1=jvmTestRuntimeClasspath
com.google.protobuf:protobuf-java-util:3.25.1=jvmTestRuntimeClasspath
com.google.protobuf:protobuf-java:3.25.2=jvmTestRuntimeClasspath
com.google.protobuf:protobuf-kotlin:3.25.1=jvmTestRuntimeClasspath
com.google.truth.extensions:truth-java8-extension:1.3.0=jvmTestRuntimeClasspath
com.google.truth.extensions:truth-liteproto-extension:1.3.0=jvmTestRuntimeClasspath
com.google.truth.extensions:truth-proto-extension:1.3.0=jvmTestRuntimeClasspath
com.google.truth:truth:1.3.0=jvmTestRuntimeClasspath
com.lmax:disruptor:3.4.4=jvmTestRuntimeClasspath
com.oracle.coherence.ce:coherence-bom:23.03=jvmTestRuntimeClasspath
io.grpc:grpc-api:1.61.0=jvmTestRuntimeClasspath
io.grpc:grpc-bom:1.59.1=jvmTestRuntimeClasspath
io.grpc:grpc-context:1.61.0=jvmTestRuntimeClasspath
io.grpc:grpc-core:1.61.0=jvmTestRuntimeClasspath
io.grpc:grpc-inprocess:1.61.0=jvmTestRuntimeClasspath
io.grpc:grpc-stub:1.61.0=jvmTestRuntimeClasspath
io.grpc:grpc-testing:1.61.0=jvmTestRuntimeClasspath
io.grpc:grpc-util:1.61.0=jvmTestRuntimeClasspath
io.kotest:kotest-bom:5.7.2=jvmTestRuntimeClasspath
io.ktor:ktor-bom:2.3.5=jvmTestRuntimeClasspath
io.micrometer:micrometer-bom:1.11.5=jvmTestRuntimeClasspath
io.micrometer:micrometer-commons:1.11.5=jvmTestRuntimeClasspath
io.micrometer:micrometer-core:1.11.5=jvmTestRuntimeClasspath
io.micrometer:micrometer-observation:1.11.5=jvmTestRuntimeClasspath
io.micronaut.acme:micronaut-acme-bom:4.1.0=jvmTestRuntimeClasspath
io.micronaut.aot:micronaut-aot-bom:2.1.1=jvmTestRuntimeClasspath
io.micronaut.aws:micronaut-aws-bom:4.1.6=jvmTestRuntimeClasspath
io.micronaut.azure:micronaut-azure-bom:5.1.0=jvmTestRuntimeClasspath
io.micronaut.beanvalidation:micronaut-hibernate-validator-bom:4.1.0=jvmTestRuntimeClasspath
io.micronaut.cache:micronaut-cache-bom:4.1.2=jvmTestRuntimeClasspath
io.micronaut.cassandra:micronaut-cassandra-bom:6.1.1=jvmTestRuntimeClasspath
io.micronaut.coherence:micronaut-coherence-bom:4.0.0=jvmTestRuntimeClasspath
io.micronaut.controlpanel:micronaut-control-panel-bom:1.1.0=jvmTestRuntimeClasspath
io.micronaut.crac:micronaut-crac-bom:2.1.0=jvmTestRuntimeClasspath
io.micronaut.data:micronaut-data-bom:4.3.1=jvmTestRuntimeClasspath
io.micronaut.discovery:micronaut-discovery-client-bom:4.1.0=jvmTestRuntimeClasspath
io.micronaut.elasticsearch:micronaut-elasticsearch-bom:5.1.0=jvmTestRuntimeClasspath
io.micronaut.email:micronaut-email-bom:2.3.0=jvmTestRuntimeClasspath
io.micronaut.flyway:micronaut-flyway-bom:6.2.2=jvmTestRuntimeClasspath
io.micronaut.gcp:micronaut-gcp-bom:5.3.0=jvmTestRuntimeClasspath
io.micronaut.graphql:micronaut-graphql-bom:4.1.0=jvmTestRuntimeClasspath
io.micronaut.groovy:micronaut-groovy-bom:4.1.0=jvmTestRuntimeClasspath
io.micronaut.grpc:micronaut-grpc-bom:4.2.0=jvmTestRuntimeClasspath
io.micronaut.jaxrs:micronaut-jaxrs-bom:4.2.1=jvmTestRuntimeClasspath
io.micronaut.jms:micronaut-jms-bom:3.1.1=jvmTestRuntimeClasspath
io.micronaut.jmx:micronaut-jmx-bom:4.1.0=jvmTestRuntimeClasspath
io.micronaut.kafka:micronaut-kafka-bom:5.2.0=jvmTestRuntimeClasspath
io.micronaut.kotlin:micronaut-kotlin-bom:4.1.0=jvmTestRuntimeClasspath
io.micronaut.kubernetes:micronaut-kubernetes-bom:5.1.0=jvmTestRuntimeClasspath
io.micronaut.liquibase:micronaut-liquibase-bom:6.1.0=jvmTestRuntimeClasspath
io.micronaut.logging:micronaut-logging-bom:1.1.3=jvmTestRuntimeClasspath
io.micronaut.micrometer:micronaut-micrometer-bom:5.2.0=jvmTestRuntimeClasspath
io.micronaut.microstream:micronaut-microstream-bom:2.2.1=jvmTestRuntimeClasspath
io.micronaut.mongodb:micronaut-mongo-bom:5.1.0=jvmTestRuntimeClasspath
io.micronaut.mqtt:micronaut-mqtt-bom:3.1.1=jvmTestRuntimeClasspath
io.micronaut.multitenancy:micronaut-multitenancy-bom:5.1.0=jvmTestRuntimeClasspath
io.micronaut.nats:micronaut-nats-bom:4.1.0=jvmTestRuntimeClasspath
io.micronaut.neo4j:micronaut-neo4j-bom:6.2.0=jvmTestRuntimeClasspath
io.micronaut.objectstorage:micronaut-object-storage-bom:2.2.0=jvmTestRuntimeClasspath
io.micronaut.openapi:micronaut-openapi-bom:6.1.0=jvmTestRuntimeClasspath
io.micronaut.oraclecloud:micronaut-oraclecloud-bom:3.1.0=jvmTestRuntimeClasspath
io.micronaut.picocli:micronaut-picocli-bom:5.1.0=jvmTestRuntimeClasspath
io.micronaut.platform:micronaut-platform:4.2.4=jvmTestRuntimeClasspath
io.micronaut.problem:micronaut-problem-json-bom:3.1.0=jvmTestRuntimeClasspath
io.micronaut.pulsar:micronaut-pulsar-bom:2.1.0=jvmTestRuntimeClasspath
io.micronaut.r2dbc:micronaut-r2dbc-bom:5.2.0=jvmTestRuntimeClasspath
io.micronaut.rabbitmq:micronaut-rabbitmq-bom:4.2.0=jvmTestRuntimeClasspath
io.micronaut.reactor:micronaut-reactor-bom:3.1.0=jvmTestRuntimeClasspath
io.micronaut.redis:micronaut-redis-bom:6.1.0=jvmTestRuntimeClasspath
io.micronaut.rss:micronaut-rss-bom:4.1.0=jvmTestRuntimeClasspath
io.micronaut.rxjava2:micronaut-rxjava2-bom:2.1.0=jvmTestRuntimeClasspath
io.micronaut.rxjava3:micronaut-rxjava3-bom:3.1.0=jvmTestRuntimeClasspath
io.micronaut.security:micronaut-security-bom:4.4.0=jvmTestRuntimeClasspath
io.micronaut.serde:micronaut-serde-bom:2.4.0=jvmTestRuntimeClasspath
io.micronaut.servlet:micronaut-servlet-bom:4.2.2=jvmTestRuntimeClasspath
io.micronaut.session:micronaut-session-bom:4.1.0=jvmTestRuntimeClasspath
io.micronaut.spring:micronaut-spring-bom:5.2.0=jvmTestRuntimeClasspath
io.micronaut.sql:micronaut-sql-bom:5.2.0=jvmTestRuntimeClasspath
io.micronaut.test:micronaut-test-bom:4.1.1=jvmTestRuntimeClasspath
io.micronaut.test:micronaut-test-core:4.1.1=jvmTestCompileClasspath,jvmTestRuntimeClasspath,testCompileClasspath
io.micronaut.test:micronaut-test-junit5:4.1.1=jvmTestCompileClasspath,jvmTestRuntimeClasspath,testCompileClasspath
io.micronaut.testresources:micronaut-test-resources-bom:2.2.0=jvmTestRuntimeClasspath
io.micronaut.toml:micronaut-toml-bom:2.1.0=jvmTestRuntimeClasspath
io.micronaut.tracing:micronaut-tracing-bom:6.2.0=jvmTestRuntimeClasspath
io.micronaut.validation:micronaut-validation-bom:4.2.0=jvmTestRuntimeClasspath
io.micronaut.views:micronaut-views-bom:5.0.1=jvmTestRuntimeClasspath
io.micronaut.xml:micronaut-jackson-xml-bom:4.1.0=jvmTestRuntimeClasspath
io.micronaut:micronaut-aop:4.3.1=compileClasspath,jvmCompileClasspath,jvmTestCompileClasspath,jvmTestRuntimeClasspath,testCompileClasspath
io.micronaut:micronaut-buffer-netty:4.3.1=jvmTestRuntimeClasspath
io.micronaut:micronaut-context-propagation:4.3.1=jvmTestCompileClasspath,jvmTestRuntimeClasspath,testCompileClasspath
io.micronaut:micronaut-context:4.3.1=compileClasspath,jvmCompileClasspath,jvmTestCompileClasspath,jvmTestRuntimeClasspath,testCompileClasspath
io.micronaut:micronaut-core-bom:4.2.4=jvmTestRuntimeClasspath
io.micronaut:micronaut-core-processor:4.3.1=jvmTestRuntimeClasspath
io.micronaut:micronaut-core-reactive:4.3.1=compileClasspath,jvmCompileClasspath,jvmTestCompileClasspath,jvmTestRuntimeClasspath,testCompileClasspath
io.micronaut:micronaut-core:4.3.1=compileClasspath,jvmCompileClasspath,jvmTestCompileClasspath,jvmTestRuntimeClasspath,testCompileClasspath
io.micronaut:micronaut-discovery-core:4.3.1=jvmTestCompileClasspath,jvmTestRuntimeClasspath,testCompileClasspath
io.micronaut:micronaut-graal:4.3.1=jvmTestRuntimeClasspath
io.micronaut:micronaut-http-client-core:4.3.1=jvmTestRuntimeClasspath
io.micronaut:micronaut-http-client:4.3.1=jvmTestRuntimeClasspath
io.micronaut:micronaut-http-netty:4.3.1=jvmTestRuntimeClasspath
io.micronaut:micronaut-http-server-netty:4.3.1=jvmTestRuntimeClasspath
io.micronaut:micronaut-http-server:4.3.1=jvmTestRuntimeClasspath
io.micronaut:micronaut-http:4.3.1=compileClasspath,jvmCompileClasspath,jvmTestCompileClasspath,jvmTestRuntimeClasspath,testCompileClasspath
io.micronaut:micronaut-inject-java:4.3.1=jvmTestRuntimeClasspath
io.micronaut:micronaut-inject:4.3.1=compileClasspath,jvmCompileClasspath,jvmTestCompileClasspath,jvmTestRuntimeClasspath,testCompileClasspath
io.micronaut:micronaut-jackson-core:4.3.1=jvmTestRuntimeClasspath
io.micronaut:micronaut-jackson-databind:4.3.1=jvmTestRuntimeClasspath
io.micronaut:micronaut-json-core:4.3.1=jvmTestRuntimeClasspath
io.micronaut:micronaut-management:4.3.1=jvmTestRuntimeClasspath
io.micronaut:micronaut-retry:4.3.1=jvmTestCompileClasspath,jvmTestRuntimeClasspath,testCompileClasspath
io.micronaut:micronaut-router:4.3.1=jvmTestRuntimeClasspath
io.micronaut:micronaut-runtime:4.3.1=jvmTestCompileClasspath,jvmTestRuntimeClasspath,testCompileClasspath
io.micronaut:micronaut-websocket:4.3.1=jvmTestRuntimeClasspath
io.netty.incubator:netty-incubator-transport-classes-io_uring:0.0.24.Final=jvmTestRuntimeClasspath
io.netty.incubator:netty-incubator-transport-native-io_uring:0.0.24.Final=jvmTestRuntimeClasspath
io.netty:netty-bom:4.1.106.Final=jvmTestRuntimeClasspath
io.netty:netty-buffer:4.1.106.Final=jvmTestRuntimeClasspath
io.netty:netty-codec-dns:4.1.106.Final=jvmTestRuntimeClasspath
io.netty:netty-codec-http2:4.1.106.Final=jvmTestRuntimeClasspath
io.netty:netty-codec-http:4.1.106.Final=jvmTestRuntimeClasspath
io.netty:netty-codec-socks:4.1.106.Final=jvmTestRuntimeClasspath
io.netty:netty-codec:4.1.106.Final=jvmTestRuntimeClasspath
io.netty:netty-common:4.1.106.Final=jvmTestRuntimeClasspath
io.netty:netty-handler-proxy:4.1.106.Final=jvmTestRuntimeClasspath
io.netty:netty-handler:4.1.106.Final=jvmTestRuntimeClasspath
io.netty:netty-resolver-dns-classes-macos:4.1.106.Final=jvmTestRuntimeClasspath
io.netty:netty-resolver-dns-native-macos:4.1.106.Final=jvmTestRuntimeClasspath
io.netty:netty-resolver-dns:4.1.106.Final=jvmTestRuntimeClasspath
io.netty:netty-resolver:4.1.106.Final=jvmTestRuntimeClasspath
io.netty:netty-tcnative-boringssl-static:2.0.62.Final=jvmTestRuntimeClasspath
io.netty:netty-tcnative-classes:2.0.62.Final=jvmTestRuntimeClasspath
io.netty:netty-tcnative:2.0.62.Final=jvmTestRuntimeClasspath
io.netty:netty-transport-classes-epoll:4.1.106.Final=jvmTestRuntimeClasspath
io.netty:netty-transport-classes-kqueue:4.1.106.Final=jvmTestRuntimeClasspath
io.netty:netty-transport-native-epoll:4.1.106.Final=jvmTestRuntimeClasspath
io.netty:netty-transport-native-kqueue:4.1.106.Final=jvmTestRuntimeClasspath
io.netty:netty-transport-native-unix-common:4.1.106.Final=jvmTestRuntimeClasspath
io.netty:netty-transport:4.1.106.Final=jvmTestRuntimeClasspath
io.opentelemetry.instrumentation:opentelemetry-instrumentation-bom-alpha:1.31.0-alpha=jvmTestRuntimeClasspath
io.opentelemetry.instrumentation:opentelemetry-instrumentation-bom:1.31.0=jvmTestRuntimeClasspath
io.opentelemetry:opentelemetry-bom-alpha:1.31.0-alpha=jvmTestRuntimeClasspath
io.opentelemetry:opentelemetry-bom:1.31.0=jvmTestRuntimeClasspath
io.perfmark:perfmark-api:0.26.0=jvmTestRuntimeClasspath
io.projectreactor:reactor-bom:2022.0.12=jvmTestRuntimeClasspath
io.projectreactor:reactor-core:3.5.11=jvmTestRuntimeClasspath
io.rest-assured:rest-assured-bom:5.3.2=jvmTestRuntimeClasspath
io.zipkin.brave:brave-bom:5.16.0=jvmTestRuntimeClasspath
io.zipkin.reporter2:zipkin-reporter-bom:2.16.4=jvmTestRuntimeClasspath
jakarta.annotation:jakarta.annotation-api:2.1.1=compileClasspath,jvmCompileClasspath,jvmTestCompileClasspath,jvmTestRuntimeClasspath,testCompileClasspath
jakarta.inject:jakarta.inject-api:2.0.1=compileClasspath,jvmCompileClasspath,jvmTestCompileClasspath,jvmTestRuntimeClasspath,testCompileClasspath
javax.annotation:javax.annotation-api:1.3.2=jvmTestRuntimeClasspath
javax.annotation:jsr250-api:1.0=jvmTestRuntimeClasspath
junit:junit:4.13.2=jvmTestRuntimeClasspath
org.apache.commons:commons-compress:1.24.0=jvmTestRuntimeClasspath
org.apache.groovy:groovy-bom:4.0.16=jvmTestRuntimeClasspath
org.apache.logging.log4j:log4j-bom:2.20.0=jvmTestRuntimeClasspath
org.apiguardian:apiguardian-api:1.1.2=jvmTestCompileClasspath,testCompileClasspath
org.bouncycastle:bcpkix-jdk18on:1.77=jvmTestRuntimeClasspath
org.bouncycastle:bcprov-jdk18on:1.77=jvmTestRuntimeClasspath
org.bouncycastle:bcutil-jdk18on:1.77=jvmTestRuntimeClasspath
org.capnproto:compiler:0.1.18-elide=jvmTestRuntimeClasspath
org.capnproto:runtime-rpc:0.1.18-elide=jvmTestRuntimeClasspath
org.capnproto:runtime:0.1.18-elide=jvmTestRuntimeClasspath
org.checkerframework:checker-qual:3.42.0=jvmTestRuntimeClasspath
org.codehaus.mojo:animal-sniffer-annotations:1.23=jvmTestRuntimeClasspath
org.conscrypt:conscrypt-openjdk-uber:2.5.2=jvmTestRuntimeClasspath
org.fusesource.jansi:jansi:2.4.1=jvmTestRuntimeClasspath
org.graalvm.js:js-language:23.1.2=jvmTestRuntimeClasspath
org.graalvm.polyglot:coverage-community:23.1.2=jvmTestRuntimeClasspath
org.graalvm.polyglot:coverage:23.1.2=jvmTestRuntimeClasspath
org.graalvm.polyglot:dap-community:23.1.2=jvmTestRuntimeClasspath
org.graalvm.polyglot:dap:23.1.2=jvmTestRuntimeClasspath
org.graalvm.polyglot:heap-community:23.1.2=jvmTestRuntimeClasspath
org.graalvm.polyglot:heap:23.1.2=jvmTestRuntimeClasspath
org.graalvm.polyglot:insight-community:23.1.2=jvmTestRuntimeClasspath
org.graalvm.polyglot:insight:23.1.2=jvmTestRuntimeClasspath
org.graalvm.polyglot:inspect-community:23.1.2=jvmTestRuntimeClasspath
org.graalvm.polyglot:inspect:23.1.2=jvmTestRuntimeClasspath
org.graalvm.polyglot:js-community:23.1.2=jvmTestRuntimeClasspath
org.graalvm.polyglot:js:23.1.2=jvmTestRuntimeClasspath
org.graalvm.polyglot:polyglot:23.1.2=compileClasspath,jvmCompileClasspath,jvmTestCompileClasspath,jvmTestRuntimeClasspath,testCompileClasspath
org.graalvm.polyglot:profiler-community:23.1.2=jvmTestRuntimeClasspath
org.graalvm.polyglot:profiler:23.1.2=jvmTestRuntimeClasspath
org.graalvm.regex:regex:23.1.2=jvmTestRuntimeClasspath
org.graalvm.sdk:collections:23.1.2=compileClasspath,jvmCompileClasspath,jvmTestCompileClasspath,jvmTestRuntimeClasspath,testCompileClasspath
org.graalvm.sdk:jniutils:23.1.2=jvmTestRuntimeClasspath
org.graalvm.sdk:nativebridge:23.1.2=jvmTestRuntimeClasspath
org.graalvm.sdk:nativeimage:23.1.2=compileClasspath,jvmCompileClasspath,jvmTestCompileClasspath,jvmTestRuntimeClasspath,testCompileClasspath
org.graalvm.sdk:word:23.1.2=compileClasspath,jvmCompileClasspath,jvmTestCompileClasspath,jvmTestRuntimeClasspath,testCompileClasspath
org.graalvm.shadowed:icu4j:23.1.2=jvmTestRuntimeClasspath
org.graalvm.shadowed:json:23.1.2=jvmTestRuntimeClasspath
org.graalvm.tools:chromeinspector-tool:23.1.2=jvmTestRuntimeClasspath
org.graalvm.tools:coverage-tool:23.1.2=jvmTestRuntimeClasspath
org.graalvm.tools:dap-tool:23.1.2=jvmTestRuntimeClasspath
org.graalvm.tools:insight-heap-tool:23.1.2=jvmTestRuntimeClasspath
org.graalvm.tools:insight-tool:23.1.2=jvmTestRuntimeClasspath
org.graalvm.tools:profiler-tool:23.1.2=jvmTestRuntimeClasspath
org.graalvm.truffle:truffle-api:23.1.2=jvmTestRuntimeClasspath
org.graalvm.truffle:truffle-compiler:23.1.2=jvmTestRuntimeClasspath
org.graalvm.truffle:truffle-enterprise:23.1.2=jvmTestRuntimeClasspath
org.graalvm.truffle:truffle-runtime:23.1.2=jvmTestRuntimeClasspath
org.hamcrest:hamcrest-core:1.3=jvmTestRuntimeClasspath
org.hdrhistogram:HdrHistogram:2.1.12=jvmTestRuntimeClasspath
org.jdbi:jdbi3-bom:3.41.3=jvmTestRuntimeClasspath
org.jetbrains.intellij.deps:intellij-coverage-agent:1.0.741=koverJvmAgent
org.jetbrains.intellij.deps:trove4j:1.0.20200330=kotlinBuildToolsApiClasspath,kotlinCompilerClasspath
org.jetbrains.kotlin-wrappers:kotlin-css-jvm:1.0.0-pre.625=jvmTestRuntimeClasspath
org.jetbrains.kotlin-wrappers:kotlin-css:1.0.0-pre.625=jvmTestRuntimeClasspath
org.jetbrains.kotlin:atomicfu:2.0.0-Beta3=linuxX64CompileKlibraries,linuxX64TestCompileKlibraries,macosArm64CompileKlibraries,macosArm64TestCompileKlibraries,macosX64CompileKlibraries,macosX64TestCompileKlibraries,mingwX64CompileKlibraries,mingwX64TestCompileKlibraries
org.jetbrains.kotlin:kotlin-bom:1.9.21=jvmTestRuntimeClasspath
org.jetbrains.kotlin:kotlin-build-common:2.0.0-Beta3=kotlinBuildToolsApiClasspath
org.jetbrains.kotlin:kotlin-build-tools-api:2.0.0-Beta3=kotlinBuildToolsApiClasspath
org.jetbrains.kotlin:kotlin-build-tools-impl:2.0.0-Beta3=kotlinBuildToolsApiClasspath
org.jetbrains.kotlin:kotlin-compiler-embeddable:2.0.0-Beta3=kotlinBuildToolsApiClasspath,kotlinCompilerClasspath
org.jetbrains.kotlin:kotlin-compiler-runner:2.0.0-Beta3=kotlinBuildToolsApiClasspath
org.jetbrains.kotlin:kotlin-daemon-client:2.0.0-Beta3=kotlinBuildToolsApiClasspath
org.jetbrains.kotlin:kotlin-daemon-embeddable:2.0.0-Beta3=kotlinBuildToolsApiClasspath,kotlinCompilerClasspath
org.jetbrains.kotlin:kotlin-dom-api-compat:2.0.0-Beta3=jsCompileClasspath,jsNpmAggregated,jsTestCompileClasspath,jsTestNpmAggregated,jsTestRuntimeClasspath
org.jetbrains.kotlin:kotlin-gradle-plugin-annotations:2.0.0-Beta3=linuxX64CompileKlibraries,linuxX64TestCompileKlibraries,macosArm64CompileKlibraries,macosArm64TestCompileKlibraries,macosX64CompileKlibraries,macosX64TestCompileKlibraries,mingwX64CompileKlibraries,mingwX64TestCompileKlibraries
org.jetbrains.kotlin:kotlin-gradle-plugin-api:2.0.0-Beta3=linuxX64CompileKlibraries,linuxX64TestCompileKlibraries,macosArm64CompileKlibraries,macosArm64TestCompileKlibraries,macosX64CompileKlibraries,macosX64TestCompileKlibraries,mingwX64CompileKlibraries,mingwX64TestCompileKlibraries
org.jetbrains.kotlin:kotlin-gradle-plugins-bom:2.0.0-Beta3=linuxX64CompileKlibraries,linuxX64TestCompileKlibraries,macosArm64CompileKlibraries,macosArm64TestCompileKlibraries,macosX64CompileKlibraries,macosX64TestCompileKlibraries,mingwX64CompileKlibraries,mingwX64TestCompileKlibraries
org.jetbrains.kotlin:kotlin-native-utils:2.0.0-Beta3=linuxX64CompileKlibraries,linuxX64TestCompileKlibraries,macosArm64CompileKlibraries,macosArm64TestCompileKlibraries,macosX64CompileKlibraries,macosX64TestCompileKlibraries,mingwX64CompileKlibraries,mingwX64TestCompileKlibraries
org.jetbrains.kotlin:kotlin-reflect:1.6.10=kotlinBuildToolsApiClasspath,kotlinCompilerClasspath
org.jetbrains.kotlin:kotlin-reflect:2.0.0-Beta3=jvmTestRuntimeClasspath
org.jetbrains.kotlin:kotlin-script-runtime:2.0.0-Beta3=kotlinBuildToolsApiClasspath,kotlinCompilerClasspath,kotlinCompilerPluginClasspathJsMain,kotlinCompilerPluginClasspathJsTest,kotlinCompilerPluginClasspathJvmMain,kotlinCompilerPluginClasspathJvmTest,kotlinCompilerPluginClasspathWasmJsMain,kotlinCompilerPluginClasspathWasmJsTest,kotlinCompilerPluginClasspathWasmWasiMain,kotlinCompilerPluginClasspathWasmWasiTest
org.jetbrains.kotlin:kotlin-scripting-common:2.0.0-Beta3=kotlinBuildToolsApiClasspath,kotlinCompilerPluginClasspathJsMain,kotlinCompilerPluginClasspathJsTest,kotlinCompilerPluginClasspathJvmMain,kotlinCompilerPluginClasspathJvmTest,kotlinCompilerPluginClasspathWasmJsMain,kotlinCompilerPluginClasspathWasmJsTest,kotlinCompilerPluginClasspathWasmWasiMain,kotlinCompilerPluginClasspathWasmWasiTest
org.jetbrains.kotlin:kotlin-scripting-compiler-embeddable:2.0.0-Beta3=kotlinBuildToolsApiClasspath,kotlinCompilerPluginClasspathJsMain,kotlinCompilerPluginClasspathJsTest,kotlinCompilerPluginClasspathJvmMain,kotlinCompilerPluginClasspathJvmTest,kotlinCompilerPluginClasspathWasmJsMain,kotlinCompilerPluginClasspathWasmJsTest,kotlinCompilerPluginClasspathWasmWasiMain,kotlinCompilerPluginClasspathWasmWasiTest
org.jetbrains.kotlin:kotlin-scripting-compiler-impl-embeddable:2.0.0-Beta3=kotlinBuildToolsApiClasspath,kotlinCompilerPluginClasspathJsMain,kotlinCompilerPluginClasspathJsTest,kotlinCompilerPluginClasspathJvmMain,kotlinCompilerPluginClasspathJvmTest,kotlinCompilerPluginClasspathWasmJsMain,kotlinCompilerPluginClasspathWasmJsTest,kotlinCompilerPluginClasspathWasmWasiMain,kotlinCompilerPluginClasspathWasmWasiTest
org.jetbrains.kotlin:kotlin-scripting-jvm:2.0.0-Beta3=kotlinBuildToolsApiClasspath,kotlinCompilerPluginClasspathJsMain,kotlinCompilerPluginClasspathJsTest,kotlinCompilerPluginClasspathJvmMain,kotlinCompilerPluginClasspathJvmTest,kotlinCompilerPluginClasspathWasmJsMain,kotlinCompilerPluginClasspathWasmJsTest,kotlinCompilerPluginClasspathWasmWasiMain,kotlinCompilerPluginClasspathWasmWasiTest
org.jetbrains.kotlin:kotlin-serialization-compiler-plugin-embeddable:2.0.0-Beta3=kotlinCompilerPluginClasspathJsMain,kotlinCompilerPluginClasspathJsTest,kotlinCompilerPluginClasspathJvmMain,kotlinCompilerPluginClasspathJvmTest,kotlinCompilerPluginClasspathLinuxX64Main,kotlinCompilerPluginClasspathLinuxX64Test,kotlinCompilerPluginClasspathMacosArm64Main,kotlinCompilerPluginClasspathMacosArm64Test,kotlinCompilerPluginClasspathMacosX64Main,kotlinCompilerPluginClasspathMacosX64Test,kotlinCompilerPluginClasspathMingwX64Main,kotlinCompilerPluginClasspathMingwX64Test,kotlinCompilerPluginClasspathWasmJsMain,kotlinCompilerPluginClasspathWasmJsTest,kotlinCompilerPluginClasspathWasmWasiMain,kotlinCompilerPluginClasspathWasmWasiTest
org.jetbrains.kotlin:kotlin-stdlib-common:2.0.0-Beta3=compileClasspath,jsNpmAggregated,jsTestNpmAggregated,testCompileClasspath,wasmJsNpmAggregated,wasmJsTestNpmAggregated,wasmWasiNpmAggregated,wasmWasiTestNpmAggregated
org.jetbrains.kotlin:kotlin-stdlib-jdk7:2.0.0-Beta3=compileClasspath,jvmCompileClasspath,jvmTestCompileClasspath,jvmTestRuntimeClasspath,testCompileClasspath
org.jetbrains.kotlin:kotlin-stdlib-jdk8:2.0.0-Beta3=compileClasspath,jvmCompileClasspath,jvmTestCompileClasspath,jvmTestRuntimeClasspath,testCompileClasspath
org.jetbrains.kotlin:kotlin-stdlib-js:2.0.0-Beta3=jsCompileClasspath,jsNpmAggregated,jsTestCompileClasspath,jsTestNpmAggregated,jsTestRuntimeClasspath
org.jetbrains.kotlin:kotlin-stdlib-wasm-js:2.0.0-Beta3=wasmJsCompileClasspath,wasmJsNpmAggregated,wasmJsTestCompileClasspath,wasmJsTestNpmAggregated,wasmJsTestRuntimeClasspath
org.jetbrains.kotlin:kotlin-stdlib-wasm-wasi:2.0.0-Beta3=wasmWasiCompileClasspath,wasmWasiNpmAggregated,wasmWasiTestCompileClasspath,wasmWasiTestNpmAggregated,wasmWasiTestRuntimeClasspath
org.jetbrains.kotlin:kotlin-stdlib:2.0.0-Beta3=compileClasspath,jsCompileClasspath,jsNpmAggregated,jsTestCompileClasspath,jsTestNpmAggregated,jsTestRuntimeClasspath,jvmCompileClasspath,jvmTestCompileClasspath,jvmTestRuntimeClasspath,kotlinBuildToolsApiClasspath,kotlinCompilerClasspath,kotlinCompilerPluginClasspathJsMain,kotlinCompilerPluginClasspathJsTest,kotlinCompilerPluginClasspathJvmMain,kotlinCompilerPluginClasspathJvmTest,kotlinCompilerPluginClasspathWasmJsMain,kotlinCompilerPluginClasspathWasmJsTest,kotlinCompilerPluginClasspathWasmWasiMain,kotlinCompilerPluginClasspathWasmWasiTest,linuxX64CompileKlibraries,linuxX64TestCompileKlibraries,macosArm64CompileKlibraries,macosArm64TestCompileKlibraries,macosX64CompileKlibraries,macosX64TestCompileKlibraries,mingwX64CompileKlibraries,mingwX64TestCompileKlibraries,testCompileClasspath,wasmJsCompileClasspath,wasmJsNpmAggregated,wasmJsTestCompileClasspath,wasmJsTestNpmAggregated,wasmJsTestRuntimeClasspath,wasmWasiCompileClasspath,wasmWasiNpmAggregated,wasmWasiTestCompileClasspath,wasmWasiTestNpmAggregated,wasmWasiTestRuntimeClasspath
org.jetbrains.kotlin:kotlin-test-js-runner:2.0.0-Beta3=jsNpmAggregated,jsTestNpmAggregated,wasmJsNpmAggregated,wasmJsTestNpmAggregated,wasmWasiNpmAggregated,wasmWasiTestNpmAggregated
org.jetbrains.kotlin:kotlin-test-js:2.0.0-Beta3=jsTestCompileClasspath,jsTestNpmAggregated,jsTestRuntimeClasspath
org.jetbrains.kotlin:kotlin-test-junit5:2.0.0-Beta3=jvmTestCompileClasspath,jvmTestRuntimeClasspath,testCompileClasspath
org.jetbrains.kotlin:kotlin-test-wasm-js:2.0.0-Beta3=wasmJsTestCompileClasspath,wasmJsTestNpmAggregated,wasmJsTestRuntimeClasspath
org.jetbrains.kotlin:kotlin-test-wasm-wasi:2.0.0-Beta3=wasmWasiTestCompileClasspath,wasmWasiTestNpmAggregated,wasmWasiTestRuntimeClasspath
org.jetbrains.kotlin:kotlin-test:2.0.0-Beta3=jsTestCompileClasspath,jsTestNpmAggregated,jsTestRuntimeClasspath,jvmTestCompileClasspath,jvmTestRuntimeClasspath,linuxX64TestCompileKlibraries,macosArm64TestCompileKlibraries,macosX64TestCompileKlibraries,mingwX64TestCompileKlibraries,testCompileClasspath,wasmJsTestCompileClasspath,wasmJsTestNpmAggregated,wasmJsTestRuntimeClasspath,wasmWasiTestCompileClasspath,wasmWasiTestNpmAggregated,wasmWasiTestRuntimeClasspath
org.jetbrains.kotlin:kotlin-tooling-core:2.0.0-Beta3=linuxX64CompileKlibraries,linuxX64TestCompileKlibraries,macosArm64CompileKlibraries,macosArm64TestCompileKlibraries,macosX64CompileKlibraries,macosX64TestCompileKlibraries,mingwX64CompileKlibraries,mingwX64TestCompileKlibraries
org.jetbrains.kotlin:kotlin-util-io:2.0.0-Beta3=linuxX64CompileKlibraries,linuxX64TestCompileKlibraries,macosArm64CompileKlibraries,macosArm64TestCompileKlibraries,macosX64CompileKlibraries,macosX64TestCompileKlibraries,mingwX64CompileKlibraries,mingwX64TestCompileKlibraries
org.jetbrains.kotlin:kotlin-util-klib:2.0.0-Beta3=linuxX64CompileKlibraries,linuxX64TestCompileKlibraries,macosArm64CompileKlibraries,macosArm64TestCompileKlibraries,macosX64CompileKlibraries,macosX64TestCompileKlibraries,mingwX64CompileKlibraries,mingwX64TestCompileKlibraries
org.jetbrains.kotlin:kotlinx-atomicfu-runtime:1.8.20-RC=jsCompileClasspath,jsNpmAggregated,jsTestCompileClasspath,jsTestNpmAggregated
org.jetbrains.kotlin:kotlinx-atomicfu-runtime:1.9.21=jsTestRuntimeClasspath
org.jetbrains.kotlinx:kotlinx-collections-immutable-js:0.4-wasm1=jsCompileClasspath,jsNpmAggregated,jsTestCompileClasspath,jsTestNpmAggregated,jsTestRuntimeClasspath
org.jetbrains.kotlinx:kotlinx-collections-immutable-jvm:0.4-wasm1=compileClasspath,jvmCompileClasspath,jvmTestCompileClasspath,jvmTestRuntimeClasspath,testCompileClasspath
org.jetbrains.kotlinx:kotlinx-collections-immutable-linuxx64:0.4-wasm1=linuxX64CompileKlibraries,linuxX64TestCompileKlibraries
org.jetbrains.kotlinx:kotlinx-collections-immutable-macosarm64:0.4-wasm1=macosArm64CompileKlibraries,macosArm64TestCompileKlibraries
org.jetbrains.kotlinx:kotlinx-collections-immutable-macosx64:0.4-wasm1=macosX64CompileKlibraries,macosX64TestCompileKlibraries
org.jetbrains.kotlinx:kotlinx-collections-immutable-mingwx64:0.4-wasm1=mingwX64CompileKlibraries,mingwX64TestCompileKlibraries
org.jetbrains.kotlinx:kotlinx-collections-immutable-wasm-js:0.4-wasm1=wasmJsCompileClasspath,wasmJsNpmAggregated,wasmJsTestCompileClasspath,wasmJsTestNpmAggregated,wasmJsTestRuntimeClasspath
org.jetbrains.kotlinx:kotlinx-collections-immutable-wasm-wasi:0.4-wasm1=wasmWasiCompileClasspath,wasmWasiNpmAggregated,wasmWasiTestCompileClasspath,wasmWasiTestNpmAggregated,wasmWasiTestRuntimeClasspath
org.jetbrains.kotlinx:kotlinx-collections-immutable:0.4-wasm1=compileClasspath,jsCompileClasspath,jsNpmAggregated,jsTestCompileClasspath,jsTestNpmAggregated,jsTestRuntimeClasspath,jvmCompileClasspath,jvmTestCompileClasspath,jvmTestRuntimeClasspath,linuxX64CompileKlibraries,linuxX64TestCompileKlibraries,macosArm64CompileKlibraries,macosArm64TestCompileKlibraries,macosX64CompileKlibraries,macosX64TestCompileKlibraries,mingwX64CompileKlibraries,mingwX64TestCompileKlibraries,testCompileClasspath,wasmJsCompileClasspath,wasmJsNpmAggregated,wasmJsTestCompileClasspath,wasmJsTestNpmAggregated,wasmJsTestRuntimeClasspath,wasmWasiCompileClasspath,wasmWasiNpmAggregated,wasmWasiTestCompileClasspath,wasmWasiTestNpmAggregated,wasmWasiTestRuntimeClasspath
org.jetbrains.kotlinx:kotlinx-coroutines-bom:1.8.0-RC2-wasm0=jvmTestCompileClasspath,jvmTestRuntimeClasspath,testCompileClasspath
org.jetbrains.kotlinx:kotlinx-coroutines-core-js:1.8.0-RC2-wasm0=jsTestCompileClasspath,jsTestRuntimeClasspath
org.jetbrains.kotlinx:kotlinx-coroutines-core-jvm:1.5.0=kotlinBuildToolsApiClasspath
org.jetbrains.kotlinx:kotlinx-coroutines-core-jvm:1.8.0-RC2-wasm0=jvmTestCompileClasspath,jvmTestRuntimeClasspath,testCompileClasspath
org.jetbrains.kotlinx:kotlinx-coroutines-core-linuxx64:1.8.0-RC2-wasm0=linuxX64CompileKlibraries,linuxX64TestCompileKlibraries
org.jetbrains.kotlinx:kotlinx-coroutines-core-macosarm64:1.8.0-RC2-wasm0=macosArm64CompileKlibraries,macosArm64TestCompileKlibraries
org.jetbrains.kotlinx:kotlinx-coroutines-core-macosx64:1.8.0-RC2-wasm0=macosX64CompileKlibraries,macosX64TestCompileKlibraries
org.jetbrains.kotlinx:kotlinx-coroutines-core-mingwx64:1.8.0-RC2-wasm0=mingwX64CompileKlibraries,mingwX64TestCompileKlibraries
org.jetbrains.kotlinx:kotlinx-coroutines-core-wasm-js:1.8.0-RC2-wasm0=wasmJsTestRuntimeClasspath
org.jetbrains.kotlinx:kotlinx-coroutines-core-wasm-wasi:1.8.0-RC2-wasm0=wasmWasiTestRuntimeClasspath
org.jetbrains.kotlinx:kotlinx-coroutines-core:1.8.0-RC2-wasm0=jsTestCompileClasspath,jsTestRuntimeClasspath,jvmTestCompileClasspath,jvmTestRuntimeClasspath,linuxX64CompileKlibraries,linuxX64TestCompileKlibraries,macosArm64CompileKlibraries,macosArm64TestCompileKlibraries,macosX64CompileKlibraries,macosX64TestCompileKlibraries,mingwX64CompileKlibraries,mingwX64TestCompileKlibraries,testCompileClasspath,wasmJsTestRuntimeClasspath,wasmWasiTestRuntimeClasspath
org.jetbrains.kotlinx:kotlinx-coroutines-guava:1.8.0-RC2-wasm0=jvmTestRuntimeClasspath
org.jetbrains.kotlinx:kotlinx-coroutines-jdk9:1.8.0-RC2-wasm0=jvmTestCompileClasspath,jvmTestRuntimeClasspath,testCompileClasspath
org.jetbrains.kotlinx:kotlinx-coroutines-reactive:1.8.0-RC2-wasm0=jvmTestRuntimeClasspath
org.jetbrains.kotlinx:kotlinx-coroutines-reactor:1.8.0-RC2-wasm0=jvmTestRuntimeClasspath
org.jetbrains.kotlinx:kotlinx-coroutines-slf4j:1.8.0-RC2-wasm0=jvmTestRuntimeClasspath
org.jetbrains.kotlinx:kotlinx-coroutines-test-js:1.8.0-RC2-wasm0=jsTestCompileClasspath,jsTestRuntimeClasspath
org.jetbrains.kotlinx:kotlinx-coroutines-test-jvm:1.8.0-RC2-wasm0=jvmTestCompileClasspath,jvmTestRuntimeClasspath,testCompileClasspath
org.jetbrains.kotlinx:kotlinx-coroutines-test:1.8.0-RC2-wasm0=jsTestCompileClasspath,jsTestRuntimeClasspath,jvmTestCompileClasspath,jvmTestRuntimeClasspath,testCompileClasspath
org.jetbrains.kotlinx:kotlinx-datetime-js:0.5.0-wasm0=jsCompileClasspath,jsNpmAggregated,jsTestCompileClasspath,jsTestNpmAggregated,jsTestRuntimeClasspath
org.jetbrains.kotlinx:kotlinx-datetime-jvm:0.5.0-wasm0=compileClasspath,jvmCompileClasspath,jvmTestCompileClasspath,jvmTestRuntimeClasspath,testCompileClasspath
org.jetbrains.kotlinx:kotlinx-datetime-linuxx64:0.5.0-wasm0=linuxX64CompileKlibraries,linuxX64TestCompileKlibraries
org.jetbrains.kotlinx:kotlinx-datetime-macosarm64:0.5.0-wasm0=macosArm64CompileKlibraries,macosArm64TestCompileKlibraries
org.jetbrains.kotlinx:kotlinx-datetime-macosx64:0.5.0-wasm0=macosX64CompileKlibraries,macosX64TestCompileKlibraries
org.jetbrains.kotlinx:kotlinx-datetime-mingwx64:0.5.0-wasm0=mingwX64CompileKlibraries,mingwX64TestCompileKlibraries
org.jetbrains.kotlinx:kotlinx-datetime-wasm-js:0.5.0-wasm0=wasmJsCompileClasspath,wasmJsNpmAggregated,wasmJsTestCompileClasspath,wasmJsTestNpmAggregated,wasmJsTestRuntimeClasspath
org.jetbrains.kotlinx:kotlinx-datetime-wasm-wasi:0.5.0-wasm0=wasmWasiCompileClasspath,wasmWasiNpmAggregated,wasmWasiTestCompileClasspath,wasmWasiTestNpmAggregated,wasmWasiTestRuntimeClasspath
org.jetbrains.kotlinx:kotlinx-datetime:0.5.0-wasm0=compileClasspath,jsCompileClasspath,jsNpmAggregated,jsTestCompileClasspath,jsTestNpmAggregated,jsTestRuntimeClasspath,jvmCompileClasspath,jvmTestCompileClasspath,jvmTestRuntimeClasspath,linuxX64CompileKlibraries,linuxX64TestCompileKlibraries,macosArm64CompileKlibraries,macosArm64TestCompileKlibraries,macosX64CompileKlibraries,macosX64TestCompileKlibraries,mingwX64CompileKlibraries,mingwX64TestCompileKlibraries,testCompileClasspath,wasmJsCompileClasspath,wasmJsNpmAggregated,wasmJsTestCompileClasspath,wasmJsTestNpmAggregated,wasmJsTestRuntimeClasspath,wasmWasiCompileClasspath,wasmWasiNpmAggregated,wasmWasiTestCompileClasspath,wasmWasiTestNpmAggregated,wasmWasiTestRuntimeClasspath
org.jetbrains.kotlinx:kotlinx-html-jvm:0.9.1=jvmTestRuntimeClasspath
org.jetbrains:annotations:13.0=kotlinBuildToolsApiClasspath,kotlinCompilerClasspath,kotlinCompilerPluginClasspathJsMain,kotlinCompilerPluginClasspathJsTest,kotlinCompilerPluginClasspathJvmMain,kotlinCompilerPluginClasspathJvmTest,kotlinCompilerPluginClasspathWasmJsMain,kotlinCompilerPluginClasspathWasmJsTest,kotlinCompilerPluginClasspathWasmWasiMain,kotlinCompilerPluginClasspathWasmWasiTest
org.jetbrains:annotations:24.1.0=compileClasspath,jvmCompileClasspath,jvmTestCompileClasspath,jvmTestRuntimeClasspath,testCompileClasspath
org.jsoup:jsoup:1.17.2=jvmTestRuntimeClasspath
org.junit.jupiter:junit-jupiter-api:5.10.1=jvmTestCompileClasspath,jvmTestRuntimeClasspath,testCompileClasspath
org.junit.jupiter:junit-jupiter-engine:5.10.1=jvmTestRuntimeClasspath
org.junit.jupiter:junit-jupiter-params:5.10.1=jvmTestCompileClasspath,jvmTestRuntimeClasspath,testCompileClasspath
org.junit.platform:junit-platform-commons:1.10.1=jvmTestCompileClasspath,jvmTestRuntimeClasspath,testCompileClasspath
org.junit.platform:junit-platform-engine:1.10.1=jvmTestRuntimeClasspath
org.junit:junit-bom:5.10.1=jvmTestCompileClasspath,jvmTestRuntimeClasspath,testCompileClasspath
org.latencyutils:LatencyUtils:2.0.3=jvmTestRuntimeClasspath
org.opentest4j:opentest4j:1.3.0=jvmTestCompileClasspath,jvmTestRuntimeClasspath,testCompileClasspath
org.ow2.asm:asm-commons:9.6=jvmTestRuntimeClasspath
org.ow2.asm:asm-tree:9.6=jvmTestRuntimeClasspath
org.ow2.asm:asm:9.6=jvmTestRuntimeClasspath
org.reactivestreams:reactive-streams:1.0.4=compileClasspath,jvmCompileClasspath,jvmTestCompileClasspath,jvmTestRuntimeClasspath,testCompileClasspath
org.slf4j:slf4j-api:2.0.11=compileClasspath,jvmCompileClasspath,jvmTestCompileClasspath,jvmTestRuntimeClasspath,testCompileClasspath
org.spockframework:spock-bom:2.3-groovy-4.0=jvmTestRuntimeClasspath
org.springframework:spring-framework-bom:6.0.13=jvmTestRuntimeClasspath
org.testcontainers:testcontainers-bom:1.18.3=jvmTestRuntimeClasspath
org.tukaani:xz:1.9=jvmTestRuntimeClasspath
org.xerial:sqlite-jdbc:3.45.0.0=jvmTestRuntimeClasspath
org.yaml:snakeyaml:2.0=jvmTestRuntimeClasspath
software.amazon.awssdk:bom:2.20.162=jvmTestRuntimeClasspath
empty=annotationProcessor,kotlinScriptDefExtensions,testAnnotationProcessor,testKotlinScriptDefExtensions
