# This is a Gradle generated file for dependency locking.
# Manual edits can break the build and are not advised.
# This file is expected to be part of source control.
ch.qos.logback:logback-classic:1.5.3=runtimeClasspath
ch.qos.logback:logback-core:1.5.3=runtimeClasspath
commons-codec:commons-codec:1.17.0=compileClasspath,runtimeClasspath
commons-io:commons-io:2.16.1=compileClasspath,runtimeClasspath
dev.elide:elide-uuid-core-jvm:2.0.0-Beta3-0.20.0-rc1=compileClasspath,runtimeClasspath
dev.elide:elide-uuid-core:2.0.0-Beta3-0.20.0-rc1=compileClasspath,runtimeClasspath
io.micronaut:micronaut-aop:4.5.0=compileClasspath,runtimeClasspath
io.micronaut:micronaut-context:4.5.0=compileClasspath,runtimeClasspath
io.micronaut:micronaut-core:4.5.0=compileClasspath,runtimeClasspath
io.micronaut:micronaut-inject:4.5.0=compileClasspath,runtimeClasspath
jakarta.annotation:jakarta.annotation-api:2.1.1=compileClasspath,runtimeClasspath
jakarta.inject:jakarta.inject-api:2.0.1=compileClasspath,runtimeClasspath
org.apache.commons:commons-compress:1.26.2=compileClasspath,runtimeClasspath
org.apache.commons:commons-lang3:3.14.0=compileClasspath,runtimeClasspath
org.bouncycastle:bcpkix-jdk18on:1.76=runtimeClasspath
org.bouncycastle:bcprov-jdk18on:1.78.1=runtimeClasspath
org.bouncycastle:bcutil-jdk18on:1.76=runtimeClasspath
org.graalvm.compiler:compiler:24.1.0-SNAPSHOT=compileClasspath
org.graalvm.js:js-language:24.1.0-SNAPSHOT=compileClasspath,runtimeClasspath
org.graalvm.llvm:llvm-api:24.0.1=runtimeClasspath
org.graalvm.nativeimage:native-image-base:24.1.0-SNAPSHOT=compileClasspath
org.graalvm.nativeimage:objectfile:24.1.0-SNAPSHOT=compileClasspath
org.graalvm.nativeimage:pointsto:24.1.0-SNAPSHOT=compileClasspath
org.graalvm.nativeimage:svm:24.1.0-SNAPSHOT=compileClasspath
org.graalvm.polyglot:js-community:24.0.1=runtimeClasspath
org.graalvm.polyglot:js:24.0.1=compileClasspath,runtimeClasspath
org.graalvm.polyglot:polyglot:24.1.0-SNAPSHOT=compileClasspath,runtimeClasspath
org.graalvm.polyglot:python-community:24.0.1=runtimeClasspath
org.graalvm.polyglot:python:24.0.1=compileClasspath,runtimeClasspath
org.graalvm.polyglot:wasm-community:24.0.1=runtimeClasspath
org.graalvm.polyglot:wasm:24.0.1=compileClasspath,runtimeClasspath
org.graalvm.python:python-language:24.0.1=runtimeClasspath
org.graalvm.python:python-resources:24.0.1=runtimeClasspath
org.graalvm.regex:regex:24.1.0-SNAPSHOT=compileClasspath,runtimeClasspath
org.graalvm.sdk:collections:24.1.0-SNAPSHOT=compileClasspath,runtimeClasspath
org.graalvm.sdk:jniutils:24.0.1=runtimeClasspath
org.graalvm.sdk:nativeimage:24.1.0-SNAPSHOT=compileClasspath,runtimeClasspath
org.graalvm.sdk:word:24.1.0-SNAPSHOT=compileClasspath,runtimeClasspath
org.graalvm.shadowed:icu4j:24.1.0-SNAPSHOT=compileClasspath,runtimeClasspath
org.graalvm.shadowed:json:24.0.1=runtimeClasspath
org.graalvm.shadowed:xz:24.0.1=runtimeClasspath
org.graalvm.tools:profiler-tool:24.0.1=runtimeClasspath
org.graalvm.truffle:truffle-api:24.1.0-SNAPSHOT=compileClasspath,runtimeClasspath
org.graalvm.truffle:truffle-compiler:24.0.1=runtimeClasspath
org.graalvm.truffle:truffle-compiler:24.1.0-SNAPSHOT=compileClasspath
org.graalvm.truffle:truffle-nfi-libffi:24.0.1=runtimeClasspath
org.graalvm.truffle:truffle-nfi:24.0.1=runtimeClasspath
org.graalvm.truffle:truffle-runtime:24.0.1=runtimeClasspath
org.graalvm.wasm:wasm-language:24.1.0-SNAPSHOT=compileClasspath,runtimeClasspath
org.jetbrains.kotlin:kotlin-stdlib-common:2.0.0=compileClasspath,runtimeClasspath
org.jetbrains.kotlin:kotlin-stdlib-jdk7:2.0.0=compileClasspath,runtimeClasspath
org.jetbrains.kotlin:kotlin-stdlib-jdk8:2.0.0=compileClasspath,runtimeClasspath
org.jetbrains.kotlin:kotlin-stdlib:2.0.0=compileClasspath,runtimeClasspath
org.jetbrains.kotlinx:atomicfu-jvm:0.24.0=compileClasspath,runtimeClasspath
org.jetbrains.kotlinx:atomicfu:0.24.0=compileClasspath,runtimeClasspath
org.jetbrains.kotlinx:kotlinx-collections-immutable-jvm:0.4-wasm1=compileClasspath,runtimeClasspath
org.jetbrains.kotlinx:kotlinx-collections-immutable:0.4-wasm1=compileClasspath,runtimeClasspath
org.jetbrains.kotlinx:kotlinx-coroutines-bom:1.9.0-RC=compileClasspath,runtimeClasspath
org.jetbrains.kotlinx:kotlinx-coroutines-core-jvm:1.9.0-RC=compileClasspath,runtimeClasspath
org.jetbrains.kotlinx:kotlinx-coroutines-core:1.9.0-RC=compileClasspath,runtimeClasspath
org.jetbrains.kotlinx:kotlinx-coroutines-jdk9:1.9.0-RC=runtimeClasspath
org.jetbrains.kotlinx:kotlinx-coroutines-reactive:1.9.0-RC=runtimeClasspath
org.jetbrains.kotlinx:kotlinx-coroutines-slf4j:1.9.0-RC=runtimeClasspath
org.jetbrains.kotlinx:kotlinx-datetime-jvm:0.6.0=compileClasspath,runtimeClasspath
org.jetbrains.kotlinx:kotlinx-datetime:0.6.0=compileClasspath,runtimeClasspath
org.jetbrains.kotlinx:kotlinx-io-bytestring-jvm:0.3.5=compileClasspath,runtimeClasspath
org.jetbrains.kotlinx:kotlinx-io-bytestring:0.3.5=compileClasspath,runtimeClasspath
org.jetbrains.kotlinx:kotlinx-io-core-jvm:0.3.5=compileClasspath,runtimeClasspath
org.jetbrains.kotlinx:kotlinx-io-core:0.3.5=compileClasspath,runtimeClasspath
org.jetbrains.kotlinx:kotlinx-serialization-bom:1.7.0-RC=compileClasspath,runtimeClasspath
org.jetbrains.kotlinx:kotlinx-serialization-core-jvm:1.7.0-RC=compileClasspath,runtimeClasspath
org.jetbrains.kotlinx:kotlinx-serialization-core:1.7.0-RC=compileClasspath,runtimeClasspath
org.jetbrains.kotlinx:kotlinx-serialization-json-jvm:1.7.0-RC=compileClasspath,runtimeClasspath
org.jetbrains.kotlinx:kotlinx-serialization-json:1.7.0-RC=compileClasspath,runtimeClasspath
org.jetbrains:annotations:24.1.0=compileClasspath,runtimeClasspath
org.reactivestreams:reactive-streams:1.0.3=runtimeClasspath
org.slf4j:slf4j-api:2.0.13=compileClasspath,runtimeClasspath
empty=
