# This is a Gradle generated file for dependency locking.
# Manual edits can break the build and are not advised.
# This file is expected to be part of source control.
org.freemarker:freemarker:2.3.32=koverJvmReporter
org.jetbrains.intellij.deps:coverage-report:1.0.22=koverJvmReporter
org.jetbrains.intellij.deps:intellij-coverage-agent:1.0.741=koverJvmAgent,koverJvmReporter
org.jetbrains.intellij.deps:intellij-coverage-reporter:1.0.741=koverJvmReporter
org.jetbrains.intellij.deps:trove4j:1.0.20200330=kotlinBuildToolsApiClasspath,kotlinCompilerClasspath,kotlinKlibCommonizerClasspath
org.jetbrains.kotlin-wrappers:kotlin-browser-js:1.0.0-pre.625=jsCompileClasspath,jsNpmAggregated,jsRuntimeClasspath,jsTestCompileClasspath,jsTestNpmAggregated,jsTestRuntimeClasspath
org.jetbrains.kotlin-wrappers:kotlin-browser:1.0.0-pre.625=allSourceSetsCompileDependenciesMetadata,jsCompileClasspath,jsMainApiDependenciesMetadata,jsMainCompileOnlyDependenciesMetadata,jsMainImplementationDependenciesMetadata,jsMainResolvableDependenciesMetadata,jsNpmAggregated,jsRuntimeClasspath,jsTestApiDependenciesMetadata,jsTestCompileClasspath,jsTestCompileOnlyDependenciesMetadata,jsTestImplementationDependenciesMetadata,jsTestNpmAggregated,jsTestResolvableDependenciesMetadata,jsTestRuntimeClasspath
org.jetbrains.kotlin-wrappers:kotlin-css-js:1.0.0-pre.625=jsCompileClasspath,jsNpmAggregated,jsRuntimeClasspath,jsTestCompileClasspath,jsTestNpmAggregated,jsTestRuntimeClasspath
org.jetbrains.kotlin-wrappers:kotlin-css:1.0.0-pre.625=allSourceSetsCompileDependenciesMetadata,jsCompileClasspath,jsMainApiDependenciesMetadata,jsMainCompileOnlyDependenciesMetadata,jsMainImplementationDependenciesMetadata,jsMainResolvableDependenciesMetadata,jsNpmAggregated,jsRuntimeClasspath,jsTestApiDependenciesMetadata,jsTestCompileClasspath,jsTestCompileOnlyDependenciesMetadata,jsTestImplementationDependenciesMetadata,jsTestNpmAggregated,jsTestResolvableDependenciesMetadata,jsTestRuntimeClasspath
org.jetbrains.kotlin-wrappers:kotlin-cssom-core-js:0.0.1-pre.625=jsCompileClasspath,jsNpmAggregated,jsRuntimeClasspath,jsTestCompileClasspath,jsTestNpmAggregated,jsTestRuntimeClasspath
org.jetbrains.kotlin-wrappers:kotlin-cssom-core:0.0.1-pre.625=jsCompileClasspath,jsNpmAggregated,jsRuntimeClasspath,jsTestCompileClasspath,jsTestNpmAggregated,jsTestRuntimeClasspath
org.jetbrains.kotlin-wrappers:kotlin-csstype-js:3.1.2-pre.625=jsCompileClasspath,jsNpmAggregated,jsRuntimeClasspath,jsTestCompileClasspath,jsTestNpmAggregated,jsTestRuntimeClasspath
org.jetbrains.kotlin-wrappers:kotlin-csstype:3.1.2-pre.625=jsCompileClasspath,jsNpmAggregated,jsRuntimeClasspath,jsTestCompileClasspath,jsTestNpmAggregated,jsTestRuntimeClasspath
org.jetbrains.kotlin-wrappers:kotlin-emotion-js:11.11.1-pre.625=jsCompileClasspath,jsNpmAggregated,jsRuntimeClasspath,jsTestCompileClasspath,jsTestNpmAggregated,jsTestRuntimeClasspath
org.jetbrains.kotlin-wrappers:kotlin-emotion:11.11.1-pre.625=allSourceSetsCompileDependenciesMetadata,jsCompileClasspath,jsMainApiDependenciesMetadata,jsMainCompileOnlyDependenciesMetadata,jsMainImplementationDependenciesMetadata,jsMainResolvableDependenciesMetadata,jsNpmAggregated,jsRuntimeClasspath,jsTestApiDependenciesMetadata,jsTestCompileClasspath,jsTestCompileOnlyDependenciesMetadata,jsTestImplementationDependenciesMetadata,jsTestNpmAggregated,jsTestResolvableDependenciesMetadata,jsTestRuntimeClasspath
org.jetbrains.kotlin-wrappers:kotlin-history-js:5.3.0-pre.506=jsCompileClasspath,jsNpmAggregated,jsRuntimeClasspath,jsTestCompileClasspath,jsTestNpmAggregated,jsTestRuntimeClasspath
org.jetbrains.kotlin-wrappers:kotlin-history:5.3.0-pre.506=allSourceSetsCompileDependenciesMetadata,jsCompileClasspath,jsMainApiDependenciesMetadata,jsMainCompileOnlyDependenciesMetadata,jsMainImplementationDependenciesMetadata,jsMainResolvableDependenciesMetadata,jsNpmAggregated,jsRuntimeClasspath,jsTestApiDependenciesMetadata,jsTestCompileClasspath,jsTestCompileOnlyDependenciesMetadata,jsTestImplementationDependenciesMetadata,jsTestNpmAggregated,jsTestResolvableDependenciesMetadata,jsTestRuntimeClasspath
org.jetbrains.kotlin-wrappers:kotlin-js-js:1.0.0-pre.625=jsCompileClasspath,jsNpmAggregated,jsRuntimeClasspath,jsTestCompileClasspath,jsTestNpmAggregated,jsTestRuntimeClasspath
org.jetbrains.kotlin-wrappers:kotlin-js:1.0.0-pre.625=jsCompileClasspath,jsNpmAggregated,jsRuntimeClasspath,jsTestCompileClasspath,jsTestNpmAggregated,jsTestRuntimeClasspath
org.jetbrains.kotlin-wrappers:kotlin-mui-js:5.14.7-pre.625=jsCompileClasspath,jsNpmAggregated,jsRuntimeClasspath,jsTestCompileClasspath,jsTestNpmAggregated,jsTestRuntimeClasspath
org.jetbrains.kotlin-wrappers:kotlin-mui:5.14.7-pre.625=allSourceSetsCompileDependenciesMetadata,jsCompileClasspath,jsMainApiDependenciesMetadata,jsMainCompileOnlyDependenciesMetadata,jsMainImplementationDependenciesMetadata,jsMainResolvableDependenciesMetadata,jsNpmAggregated,jsRuntimeClasspath,jsTestApiDependenciesMetadata,jsTestCompileClasspath,jsTestCompileOnlyDependenciesMetadata,jsTestImplementationDependenciesMetadata,jsTestNpmAggregated,jsTestResolvableDependenciesMetadata,jsTestRuntimeClasspath
org.jetbrains.kotlin-wrappers:kotlin-node-js:18.16.12-pre.625=jsCompileClasspath,jsNpmAggregated,jsRuntimeClasspath,jsTestCompileClasspath,jsTestNpmAggregated,jsTestRuntimeClasspath
org.jetbrains.kotlin-wrappers:kotlin-node:18.16.12-pre.625=allSourceSetsCompileDependenciesMetadata,jsCompileClasspath,jsMainApiDependenciesMetadata,jsMainCompileOnlyDependenciesMetadata,jsMainImplementationDependenciesMetadata,jsMainResolvableDependenciesMetadata,jsNpmAggregated,jsRuntimeClasspath,jsTestApiDependenciesMetadata,jsTestCompileClasspath,jsTestCompileOnlyDependenciesMetadata,jsTestImplementationDependenciesMetadata,jsTestNpmAggregated,jsTestResolvableDependenciesMetadata,jsTestRuntimeClasspath
org.jetbrains.kotlin-wrappers:kotlin-popper-js:2.11.8-pre.625=jsCompileClasspath,jsNpmAggregated,jsRuntimeClasspath,jsTestCompileClasspath,jsTestNpmAggregated,jsTestRuntimeClasspath
org.jetbrains.kotlin-wrappers:kotlin-popper:2.11.8-pre.625=jsCompileClasspath,jsNpmAggregated,jsRuntimeClasspath,jsTestCompileClasspath,jsTestNpmAggregated,jsTestRuntimeClasspath
org.jetbrains.kotlin-wrappers:kotlin-react-core-js:18.2.0-pre.625=jsCompileClasspath,jsNpmAggregated,jsRuntimeClasspath,jsTestCompileClasspath,jsTestNpmAggregated,jsTestRuntimeClasspath
org.jetbrains.kotlin-wrappers:kotlin-react-core:18.2.0-pre.625=jsCompileClasspath,jsNpmAggregated,jsRuntimeClasspath,jsTestCompileClasspath,jsTestNpmAggregated,jsTestRuntimeClasspath
org.jetbrains.kotlin-wrappers:kotlin-react-dom-js:18.2.0-pre.625=jsCompileClasspath,jsNpmAggregated,jsRuntimeClasspath,jsTestCompileClasspath,jsTestNpmAggregated,jsTestRuntimeClasspath
org.jetbrains.kotlin-wrappers:kotlin-react-dom:18.2.0-pre.625=allSourceSetsCompileDependenciesMetadata,jsCompileClasspath,jsMainApiDependenciesMetadata,jsMainCompileOnlyDependenciesMetadata,jsMainImplementationDependenciesMetadata,jsMainResolvableDependenciesMetadata,jsNpmAggregated,jsRuntimeClasspath,jsTestApiDependenciesMetadata,jsTestCompileClasspath,jsTestCompileOnlyDependenciesMetadata,jsTestImplementationDependenciesMetadata,jsTestNpmAggregated,jsTestResolvableDependenciesMetadata,jsTestRuntimeClasspath
org.jetbrains.kotlin-wrappers:kotlin-react-js:18.2.0-pre.625=jsCompileClasspath,jsNpmAggregated,jsRuntimeClasspath,jsTestCompileClasspath,jsTestNpmAggregated,jsTestRuntimeClasspath
org.jetbrains.kotlin-wrappers:kotlin-react-router-dom-js:6.16.0-pre.625=jsCompileClasspath,jsNpmAggregated,jsRuntimeClasspath,jsTestCompileClasspath,jsTestNpmAggregated,jsTestRuntimeClasspath
org.jetbrains.kotlin-wrappers:kotlin-react-router-dom:6.16.0-pre.625=allSourceSetsCompileDependenciesMetadata,jsCompileClasspath,jsMainApiDependenciesMetadata,jsMainCompileOnlyDependenciesMetadata,jsMainImplementationDependenciesMetadata,jsMainResolvableDependenciesMetadata,jsNpmAggregated,jsRuntimeClasspath,jsTestApiDependenciesMetadata,jsTestCompileClasspath,jsTestCompileOnlyDependenciesMetadata,jsTestImplementationDependenciesMetadata,jsTestNpmAggregated,jsTestResolvableDependenciesMetadata,jsTestRuntimeClasspath
org.jetbrains.kotlin-wrappers:kotlin-react-router-js:6.16.0-pre.625=jsCompileClasspath,jsNpmAggregated,jsRuntimeClasspath,jsTestCompileClasspath,jsTestNpmAggregated,jsTestRuntimeClasspath
org.jetbrains.kotlin-wrappers:kotlin-react-router:6.16.0-pre.625=jsCompileClasspath,jsNpmAggregated,jsRuntimeClasspath,jsTestCompileClasspath,jsTestNpmAggregated,jsTestRuntimeClasspath
org.jetbrains.kotlin-wrappers:kotlin-react:18.2.0-pre.625=allSourceSetsCompileDependenciesMetadata,jsCompileClasspath,jsMainApiDependenciesMetadata,jsMainCompileOnlyDependenciesMetadata,jsMainImplementationDependenciesMetadata,jsMainResolvableDependenciesMetadata,jsNpmAggregated,jsRuntimeClasspath,jsTestApiDependenciesMetadata,jsTestCompileClasspath,jsTestCompileOnlyDependenciesMetadata,jsTestImplementationDependenciesMetadata,jsTestNpmAggregated,jsTestResolvableDependenciesMetadata,jsTestRuntimeClasspath
org.jetbrains.kotlin-wrappers:kotlin-remix-run-router-js:1.9.0-pre.625=jsCompileClasspath,jsNpmAggregated,jsRuntimeClasspath,jsTestCompileClasspath,jsTestNpmAggregated,jsTestRuntimeClasspath
org.jetbrains.kotlin-wrappers:kotlin-remix-run-router:1.9.0-pre.625=allSourceSetsCompileDependenciesMetadata,jsCompileClasspath,jsMainApiDependenciesMetadata,jsMainCompileOnlyDependenciesMetadata,jsMainImplementationDependenciesMetadata,jsMainResolvableDependenciesMetadata,jsNpmAggregated,jsRuntimeClasspath,jsTestApiDependenciesMetadata,jsTestCompileClasspath,jsTestCompileOnlyDependenciesMetadata,jsTestImplementationDependenciesMetadata,jsTestNpmAggregated,jsTestResolvableDependenciesMetadata,jsTestRuntimeClasspath
org.jetbrains.kotlin-wrappers:kotlin-typescript-js:4.9.5-pre.625=jsCompileClasspath,jsNpmAggregated,jsRuntimeClasspath,jsTestCompileClasspath,jsTestNpmAggregated,jsTestRuntimeClasspath
org.jetbrains.kotlin-wrappers:kotlin-typescript:4.9.5-pre.625=allSourceSetsCompileDependenciesMetadata,jsCompileClasspath,jsMainApiDependenciesMetadata,jsMainCompileOnlyDependenciesMetadata,jsMainImplementationDependenciesMetadata,jsMainResolvableDependenciesMetadata,jsNpmAggregated,jsRuntimeClasspath,jsTestApiDependenciesMetadata,jsTestCompileClasspath,jsTestCompileOnlyDependenciesMetadata,jsTestImplementationDependenciesMetadata,jsTestNpmAggregated,jsTestResolvableDependenciesMetadata,jsTestRuntimeClasspath
org.jetbrains.kotlin-wrappers:kotlin-web-js:1.0.0-pre.625=jsCompileClasspath,jsNpmAggregated,jsRuntimeClasspath,jsTestCompileClasspath,jsTestNpmAggregated,jsTestRuntimeClasspath
org.jetbrains.kotlin-wrappers:kotlin-web:1.0.0-pre.625=jsCompileClasspath,jsNpmAggregated,jsRuntimeClasspath,jsTestCompileClasspath,jsTestNpmAggregated,jsTestRuntimeClasspath
org.jetbrains.kotlin:kotlin-build-common:2.0.0-Beta3=kotlinBuildToolsApiClasspath
org.jetbrains.kotlin:kotlin-build-tools-api:2.0.0-Beta3=kotlinBuildToolsApiClasspath
org.jetbrains.kotlin:kotlin-build-tools-impl:2.0.0-Beta3=kotlinBuildToolsApiClasspath
org.jetbrains.kotlin:kotlin-compiler-embeddable:2.0.0-Beta3=kotlinBuildToolsApiClasspath,kotlinCompilerClasspath,kotlinKlibCommonizerClasspath
org.jetbrains.kotlin:kotlin-compiler-runner:2.0.0-Beta3=kotlinBuildToolsApiClasspath
org.jetbrains.kotlin:kotlin-daemon-client:2.0.0-Beta3=kotlinBuildToolsApiClasspath
org.jetbrains.kotlin:kotlin-daemon-embeddable:2.0.0-Beta3=kotlinBuildToolsApiClasspath,kotlinCompilerClasspath,kotlinKlibCommonizerClasspath
org.jetbrains.kotlin:kotlin-dom-api-compat:2.0.0-Beta3=allSourceSetsCompileDependenciesMetadata,jsCompileClasspath,jsMainApiDependenciesMetadata,jsMainCompileOnlyDependenciesMetadata,jsMainImplementationDependenciesMetadata,jsMainResolvableDependenciesMetadata,jsNpmAggregated,jsRuntimeClasspath,jsTestApiDependenciesMetadata,jsTestCompileClasspath,jsTestCompileOnlyDependenciesMetadata,jsTestImplementationDependenciesMetadata,jsTestNpmAggregated,jsTestResolvableDependenciesMetadata,jsTestRuntimeClasspath
org.jetbrains.kotlin:kotlin-klib-commonizer-embeddable:2.0.0-Beta3=kotlinKlibCommonizerClasspath
org.jetbrains.kotlin:kotlin-reflect:1.6.10=kotlinBuildToolsApiClasspath,kotlinCompilerClasspath,kotlinKlibCommonizerClasspath
org.jetbrains.kotlin:kotlin-script-runtime:2.0.0-Beta3=kotlinBuildToolsApiClasspath,kotlinCompilerClasspath,kotlinCompilerPluginClasspathJsMain,kotlinCompilerPluginClasspathJsTest,kotlinCompilerPluginClasspathMetadataCommonMain,kotlinCompilerPluginClasspathMetadataMain,kotlinCompilerPluginClasspathWasmJsMain,kotlinCompilerPluginClasspathWasmJsTest,kotlinCompilerPluginClasspathWasmWasiMain,kotlinCompilerPluginClasspathWasmWasiTest,kotlinKlibCommonizerClasspath
org.jetbrains.kotlin:kotlin-scripting-common:2.0.0-Beta3=kotlinBuildToolsApiClasspath,kotlinCompilerPluginClasspathJsMain,kotlinCompilerPluginClasspathJsTest,kotlinCompilerPluginClasspathMetadataCommonMain,kotlinCompilerPluginClasspathMetadataMain,kotlinCompilerPluginClasspathWasmJsMain,kotlinCompilerPluginClasspathWasmJsTest,kotlinCompilerPluginClasspathWasmWasiMain,kotlinCompilerPluginClasspathWasmWasiTest
org.jetbrains.kotlin:kotlin-scripting-compiler-embeddable:2.0.0-Beta3=kotlinBuildToolsApiClasspath,kotlinCompilerPluginClasspathJsMain,kotlinCompilerPluginClasspathJsTest,kotlinCompilerPluginClasspathMetadataCommonMain,kotlinCompilerPluginClasspathMetadataMain,kotlinCompilerPluginClasspathWasmJsMain,kotlinCompilerPluginClasspathWasmJsTest,kotlinCompilerPluginClasspathWasmWasiMain,kotlinCompilerPluginClasspathWasmWasiTest
org.jetbrains.kotlin:kotlin-scripting-compiler-impl-embeddable:2.0.0-Beta3=kotlinBuildToolsApiClasspath,kotlinCompilerPluginClasspathJsMain,kotlinCompilerPluginClasspathJsTest,kotlinCompilerPluginClasspathMetadataCommonMain,kotlinCompilerPluginClasspathMetadataMain,kotlinCompilerPluginClasspathWasmJsMain,kotlinCompilerPluginClasspathWasmJsTest,kotlinCompilerPluginClasspathWasmWasiMain,kotlinCompilerPluginClasspathWasmWasiTest
org.jetbrains.kotlin:kotlin-scripting-jvm:2.0.0-Beta3=kotlinBuildToolsApiClasspath,kotlinCompilerPluginClasspathJsMain,kotlinCompilerPluginClasspathJsTest,kotlinCompilerPluginClasspathMetadataCommonMain,kotlinCompilerPluginClasspathMetadataMain,kotlinCompilerPluginClasspathWasmJsMain,kotlinCompilerPluginClasspathWasmJsTest,kotlinCompilerPluginClasspathWasmWasiMain,kotlinCompilerPluginClasspathWasmWasiTest
org.jetbrains.kotlin:kotlin-stdlib-common:2.0.0-Beta3=allSourceSetsCompileDependenciesMetadata,jsMainResolvableDependenciesMetadata,jsNpmAggregated,jsTestNpmAggregated,jsTestResolvableDependenciesMetadata
org.jetbrains.kotlin:kotlin-stdlib-js:2.0.0-Beta3=allSourceSetsCompileDependenciesMetadata,jsCompileClasspath,jsMainApiDependenciesMetadata,jsMainCompileOnlyDependenciesMetadata,jsMainImplementationDependenciesMetadata,jsMainResolvableDependenciesMetadata,jsNpmAggregated,jsRuntimeClasspath,jsTestApiDependenciesMetadata,jsTestCompileClasspath,jsTestCompileOnlyDependenciesMetadata,jsTestImplementationDependenciesMetadata,jsTestNpmAggregated,jsTestResolvableDependenciesMetadata,jsTestRuntimeClasspath
org.jetbrains.kotlin:kotlin-stdlib:2.0.0-Beta3=allSourceSetsCompileDependenciesMetadata,jsCompileClasspath,jsMainApiDependenciesMetadata,jsMainCompileOnlyDependenciesMetadata,jsMainImplementationDependenciesMetadata,jsMainResolvableDependenciesMetadata,jsNpmAggregated,jsRuntimeClasspath,jsTestApiDependenciesMetadata,jsTestCompileClasspath,jsTestCompileOnlyDependenciesMetadata,jsTestImplementationDependenciesMetadata,jsTestNpmAggregated,jsTestResolvableDependenciesMetadata,jsTestRuntimeClasspath,kotlinBuildToolsApiClasspath,kotlinCompilerClasspath,kotlinCompilerPluginClasspathJsMain,kotlinCompilerPluginClasspathJsTest,kotlinCompilerPluginClasspathMetadataCommonMain,kotlinCompilerPluginClasspathMetadataMain,kotlinCompilerPluginClasspathWasmJsMain,kotlinCompilerPluginClasspathWasmJsTest,kotlinCompilerPluginClasspathWasmWasiMain,kotlinCompilerPluginClasspathWasmWasiTest,kotlinKlibCommonizerClasspath
org.jetbrains.kotlin:kotlin-test-js-runner:2.0.0-Beta3=jsNpmAggregated,jsTestNpmAggregated,wasmJsNpmAggregated,wasmJsTestNpmAggregated,wasmWasiNpmAggregated,wasmWasiTestNpmAggregated
org.jetbrains.kotlin:kotlin-test-js:2.0.0-Beta3=jsTestCompileClasspath,jsTestRuntimeClasspath
org.jetbrains.kotlin:kotlin-test:2.0.0-Beta3=jsTestCompileClasspath,jsTestRuntimeClasspath
org.jetbrains.kotlin:kotlinx-atomicfu-runtime:1.8.20-RC=jsCompileClasspath,jsTestCompileClasspath
org.jetbrains.kotlin:kotlinx-atomicfu-runtime:1.9.21=jsNpmAggregated,jsRuntimeClasspath,jsTestNpmAggregated,jsTestRuntimeClasspath
org.jetbrains.kotlinx:kotlinx-collections-immutable-js:0.4-wasm1=jsCompileClasspath,jsRuntimeClasspath,jsTestCompileClasspath,jsTestRuntimeClasspath
org.jetbrains.kotlinx:kotlinx-collections-immutable:0.4-wasm1=jsCompileClasspath,jsRuntimeClasspath,jsTestCompileClasspath,jsTestRuntimeClasspath
org.jetbrains.kotlinx:kotlinx-coroutines-core-js:1.8.0-RC2-wasm0=allSourceSetsCompileDependenciesMetadata,jsCompileClasspath,jsMainApiDependenciesMetadata,jsMainCompileOnlyDependenciesMetadata,jsMainImplementationDependenciesMetadata,jsMainResolvableDependenciesMetadata,jsNpmAggregated,jsRuntimeClasspath,jsTestApiDependenciesMetadata,jsTestCompileClasspath,jsTestCompileOnlyDependenciesMetadata,jsTestImplementationDependenciesMetadata,jsTestNpmAggregated,jsTestResolvableDependenciesMetadata,jsTestRuntimeClasspath
org.jetbrains.kotlinx:kotlinx-coroutines-core-jvm:1.5.0=kotlinBuildToolsApiClasspath
org.jetbrains.kotlinx:kotlinx-coroutines-core:1.7.3=jsNpmAggregated,jsTestNpmAggregated
org.jetbrains.kotlinx:kotlinx-coroutines-core:1.8.0-RC2-wasm0=jsRuntimeClasspath,jsTestCompileClasspath,jsTestRuntimeClasspath
org.jetbrains.kotlinx:kotlinx-coroutines-test-js:1.8.0-RC2-wasm0=jsTestCompileClasspath,jsTestRuntimeClasspath
org.jetbrains.kotlinx:kotlinx-coroutines-test:1.8.0-RC2-wasm0=jsTestCompileClasspath,jsTestRuntimeClasspath
org.jetbrains.kotlinx:kotlinx-datetime-js:0.5.0-wasm0=jsCompileClasspath,jsRuntimeClasspath,jsTestCompileClasspath,jsTestRuntimeClasspath
org.jetbrains.kotlinx:kotlinx-datetime:0.5.0-wasm0=jsCompileClasspath,jsRuntimeClasspath,jsTestCompileClasspath,jsTestRuntimeClasspath
org.jetbrains:annotations:13.0=kotlinBuildToolsApiClasspath,kotlinCompilerClasspath,kotlinCompilerPluginClasspathJsMain,kotlinCompilerPluginClasspathJsTest,kotlinCompilerPluginClasspathMetadataCommonMain,kotlinCompilerPluginClasspathMetadataMain,kotlinCompilerPluginClasspathWasmJsMain,kotlinCompilerPluginClasspathWasmJsTest,kotlinCompilerPluginClasspathWasmWasiMain,kotlinCompilerPluginClasspathWasmWasiTest,kotlinKlibCommonizerClasspath
org.jetbrains:annotations:16.0.2=koverJvmReporter
empty=commonMainApiDependenciesMetadata,commonMainCompileOnlyDependenciesMetadata,commonMainDependencySources,commonMainImplementationDependenciesMetadata,commonMainIntransitiveDependenciesMetadata,commonMainResolvableDependenciesMetadata,commonTestApiDependenciesMetadata,commonTestCompileOnlyDependenciesMetadata,commonTestDependencySources,commonTestImplementationDependenciesMetadata,commonTestIntransitiveDependenciesMetadata,commonTestResolvableDependenciesMetadata,detektPlugins,jsMainIntransitiveDependenciesMetadata,jsTestIntransitiveDependenciesMetadata,kotlinCompilerPluginClasspath,kotlinNativeCompilerPluginClasspath,koverExternalArtifacts,metadataCommonMainCompileClasspath,metadataCompileClasspath,wasmJsCompileClasspath,wasmJsMainApiDependenciesMetadata,wasmJsMainCompileOnlyDependenciesMetadata,wasmJsMainDependencySources,wasmJsMainImplementationDependenciesMetadata,wasmJsMainIntransitiveDependenciesMetadata,wasmJsMainResolvableDependenciesMetadata,wasmJsRuntimeClasspath,wasmJsTestApiDependenciesMetadata,wasmJsTestCompileClasspath,wasmJsTestCompileOnlyDependenciesMetadata,wasmJsTestDependencySources,wasmJsTestImplementationDependenciesMetadata,wasmJsTestIntransitiveDependenciesMetadata,wasmJsTestResolvableDependenciesMetadata,wasmJsTestRuntimeClasspath,wasmMainApiDependenciesMetadata,wasmMainCompileOnlyDependenciesMetadata,wasmMainDependencySources,wasmMainImplementationDependenciesMetadata,wasmMainIntransitiveDependenciesMetadata,wasmMainResolvableDependenciesMetadata,wasmTestApiDependenciesMetadata,wasmTestCompileOnlyDependenciesMetadata,wasmTestDependencySources,wasmTestImplementationDependenciesMetadata,wasmTestIntransitiveDependenciesMetadata,wasmTestResolvableDependenciesMetadata,wasmWasiCompileClasspath,wasmWasiMainApiDependenciesMetadata,wasmWasiMainCompileOnlyDependenciesMetadata,wasmWasiMainDependencySources,wasmWasiMainImplementationDependenciesMetadata,wasmWasiMainIntransitiveDependenciesMetadata,wasmWasiMainResolvableDependenciesMetadata,wasmWasiRuntimeClasspath,wasmWasiTestApiDependenciesMetadata,wasmWasiTestCompileClasspath,wasmWasiTestCompileOnlyDependenciesMetadata,wasmWasiTestDependencySources,wasmWasiTestImplementationDependenciesMetadata,wasmWasiTestIntransitiveDependenciesMetadata,wasmWasiTestResolvableDependenciesMetadata,wasmWasiTestRuntimeClasspath
