# This is a Gradle generated file for dependency locking.
# Manual edits can break the build and are not advised.
# This file is expected to be part of source control.
empty=benchmarksAnnotationProcessor,benchmarksApiDependenciesMetadata,benchmarksCompileOnlyDependenciesMetadata,benchmarksIntransitiveDependenciesMetadata,benchmarksKotlinScriptDef,benchmarksKotlinScriptDefExtensions,detektPlugins,intransitiveDependenciesMetadata,jmhAnnotationProcessor,jmhApiDependenciesMetadata,jmhIntransitiveDependenciesMetadata,jmhKotlinScriptDef,jmhKotlinScriptDefExtensions,kotlinCompilerPluginClasspath,kotlinNativeCompilerPluginClasspath,kotlinProcessors,kotlinScriptDef,kotlinScriptDefExtensions,signatures,testBase,testIntransitiveDependenciesMetadata,testKotlinScriptDef,testKotlinScriptDefExtensions
