# This is a Gradle generated file for dependency locking.
# Manual edits can break the build and are not advised.
# This file is expected to be part of source control.
empty=annotationProcessor,commonMainIntransitiveDependenciesMetadata,commonTestIntransitiveDependenciesMetadata,compileProtoPath,detektPlugins,jsMainIntransitiveDependenciesMetadata,jsTestIntransitiveDependenciesMetadata,jvmMainIntransitiveDependenciesMetadata,jvmTestIntransitiveDependenciesMetadata,kotlinCompilerPluginClasspath,kotlinNativeCompilerPluginClasspath,kotlinScriptDef,kotlinScriptDefExtensions,linuxX64MainIntransitiveDependenciesMetadata,linuxX64TestCompilationApi,linuxX64TestIntransitiveDependenciesMetadata,macosArm64MainIntransitiveDependenciesMetadata,macosArm64TestCompilationApi,macosArm64TestIntransitiveDependenciesMetadata,macosX64MainIntransitiveDependenciesMetadata,macosX64TestCompilationApi,macosX64TestIntransitiveDependenciesMetadata,mingwX64MainIntransitiveDependenciesMetadata,mingwX64TestCompilationApi,mingwX64TestIntransitiveDependenciesMetadata,nativeMainIntransitiveDependenciesMetadata,nativeTestIntransitiveDependenciesMetadata,protobuf,signatures,testAnnotationProcessor,testKotlinScriptDef,testKotlinScriptDefExtensions,testProtobuf
